cd tests && go test -run TestRunHAUpgrade -count=1 -v -timeout 300m
=== RUN   TestRunHAUpgrade
=== PAUSE TestRunHAUpgrade
=== CONT  TestRunHAUpgrade
2024/01/22 11:30:51 Region au-syd VPC count: 1
2024/01/22 11:30:51 --- new best region is au-syd
2024/01/22 11:30:53 Region ca-tor VPC count: 1
2024/01/22 11:30:55 Region br-sao VPC count: 1
2024/01/22 11:30:57 Region eu-de VPC count: 1
2024/01/22 11:30:58 Region eu-es VPC count: 0
2024/01/22 11:30:58 --- new best region is eu-es
2024/01/22 11:30:58 Best region was found!: eu-es
TestRunHAUpgrade 2024-01-22T11:30:58Z tests.go:405: PR Branch: renovate/terraform-module
TestRunHAUpgrade 2024-01-22T11:30:58Z tests.go:437: Temporarily disabling UseTerraformWorkspace in Upgrade Test as temporary directories are used instead of workspaces
TestRunHAUpgrade 2024-01-22T11:30:58Z tests.go:458: TEMP PR DIR CREATED:  /var/folders/ns/_tz6rxjj1ln5chxndw3b0j8c0000gn/T/terraform-pr-cts-vpn-ha-upg-ucxuif1106717319
TestRunHAUpgrade 2024-01-22T11:30:58Z tests.go:470: TEMP UPGRADE BASE DIR CREATED:  /var/folders/ns/_tz6rxjj1ln5chxndw3b0j8c0000gn/T/terraform-base-cts-vpn-ha-upg-ucxuif1928304032
TestRunHAUpgrade 2024-01-22T11:30:59Z tests.go:488: Copied current code to PR branch dir: /var/folders/ns/_tz6rxjj1ln5chxndw3b0j8c0000gn/T/terraform-pr-cts-vpn-ha-upg-ucxuif1106717319
TestRunHAUpgrade 2024-01-22T11:31:00Z tests.go:509: Base Repo: https://github.com/terraform-ibm-modules/terraform-ibm-client-to-site-vpn.git
TestRunHAUpgrade 2024-01-22T11:31:00Z tests.go:510: Base Branch: main
TestRunHAUpgrade 2024-01-22T11:31:01Z tests.go:569: Cloned base repo and branch with authentication
TestRunHAUpgrade 2024-01-22T11:31:01Z tests.go:576: Init / Apply on Base repo: https://github.com/terraform-ibm-modules/terraform-ibm-client-to-site-vpn.git
TestRunHAUpgrade 2024-01-22T11:31:01Z tests.go:577: Init / Apply on Base branch: main
TestRunHAUpgrade 2024-01-22T11:31:01Z tests.go:578: Init / Apply on Base branch dir: /var/folders/ns/_tz6rxjj1ln5chxndw3b0j8c0000gn/T/terraform-base-cts-vpn-ha-upg-ucxuif1928304032/examples/ha-complete
TestRunHAUpgrade 2024-01-22T11:31:01Z retry.go:91: terraform [init -upgrade=true]
TestRunHAUpgrade 2024-01-22T11:31:01Z logger.go:66: Running command terraform with args [init -upgrade=true]
TestRunHAUpgrade 2024-01-22T11:31:01Z logger.go:66: 
TestRunHAUpgrade 2024-01-22T11:31:01Z logger.go:66: [0m[1mInitializing the backend...[0m
TestRunHAUpgrade 2024-01-22T11:31:01Z logger.go:66: [0m[1mUpgrading modules...[0m
TestRunHAUpgrade 2024-01-22T11:31:01Z logger.go:66: Downloading registry.terraform.io/terraform-ibm-modules/landing-zone-vpc/ibm 7.13.2 for basic_vpc...
TestRunHAUpgrade 2024-01-22T11:31:04Z logger.go:66: - basic_vpc in .terraform/modules/basic_vpc
TestRunHAUpgrade 2024-01-22T11:31:04Z logger.go:66: - basic_vpc.dynamic_values in .terraform/modules/basic_vpc/dynamic_values
TestRunHAUpgrade 2024-01-22T11:31:04Z logger.go:66: - basic_vpc.dynamic_values.address_prefixes in .terraform/modules/basic_vpc/dynamic_values/config_modules/list_to_map
TestRunHAUpgrade 2024-01-22T11:31:04Z logger.go:66: - basic_vpc.dynamic_values.prefix_map in .terraform/modules/basic_vpc/dynamic_values/config_modules/list_to_map
TestRunHAUpgrade 2024-01-22T11:31:04Z logger.go:66: - basic_vpc.dynamic_values.routes in .terraform/modules/basic_vpc/dynamic_values/config_modules/list_to_map
TestRunHAUpgrade 2024-01-22T11:31:04Z logger.go:66: - basic_vpc.unit_tests in .terraform/modules/basic_vpc/dynamic_values
TestRunHAUpgrade 2024-01-22T11:31:04Z logger.go:66: - basic_vpc.unit_tests.address_prefixes in .terraform/modules/basic_vpc/dynamic_values/config_modules/list_to_map
TestRunHAUpgrade 2024-01-22T11:31:04Z logger.go:66: - basic_vpc.unit_tests.prefix_map in .terraform/modules/basic_vpc/dynamic_values/config_modules/list_to_map
TestRunHAUpgrade 2024-01-22T11:31:04Z logger.go:66: - basic_vpc.unit_tests.routes in .terraform/modules/basic_vpc/dynamic_values/config_modules/list_to_map
TestRunHAUpgrade 2024-01-22T11:31:05Z logger.go:66: Downloading registry.terraform.io/terraform-ibm-modules/secrets-manager-private-cert-engine/ibm 1.2.0 for private_secret_engine...
TestRunHAUpgrade 2024-01-22T11:31:07Z logger.go:66: - private_secret_engine in .terraform/modules/private_secret_engine
TestRunHAUpgrade 2024-01-22T11:31:07Z logger.go:66: Downloading registry.terraform.io/terraform-ibm-modules/resource-group/ibm 1.1.4 for resource_group...
TestRunHAUpgrade 2024-01-22T11:31:10Z logger.go:66: - resource_group in .terraform/modules/resource_group
TestRunHAUpgrade 2024-01-22T11:31:10Z logger.go:66: Downloading registry.terraform.io/terraform-ibm-modules/secrets-manager-secret-group/ibm 1.1.3 for secrets_manager_group...
TestRunHAUpgrade 2024-01-22T11:31:12Z logger.go:66: - secrets_manager_group in .terraform/modules/secrets_manager_group
TestRunHAUpgrade 2024-01-22T11:31:12Z logger.go:66: Downloading registry.terraform.io/terraform-ibm-modules/secrets-manager-private-cert/ibm 1.1.1 for secrets_manager_private_certificate...
TestRunHAUpgrade 2024-01-22T11:31:15Z logger.go:66: - secrets_manager_private_certificate in .terraform/modules/secrets_manager_private_certificate
TestRunHAUpgrade 2024-01-22T11:31:15Z logger.go:66: - vpn in ../..
TestRunHAUpgrade 2024-01-22T11:31:15Z logger.go:66: 
TestRunHAUpgrade 2024-01-22T11:31:15Z logger.go:66: [0m[1mInitializing provider plugins...[0m
TestRunHAUpgrade 2024-01-22T11:31:15Z logger.go:66: - Finding ibm-cloud/ibm versions matching ">= 1.49.0, >= 1.51.0, >= 1.57.0, >= 1.59.0, < 2.0.0"...
TestRunHAUpgrade 2024-01-22T11:31:15Z logger.go:66: - Finding hashicorp/time versions matching ">= 0.9.1"...
TestRunHAUpgrade 2024-01-22T11:31:16Z logger.go:66: - Installing ibm-cloud/ibm v1.61.0...
TestRunHAUpgrade 2024-01-22T11:31:30Z logger.go:66: - Installed ibm-cloud/ibm v1.61.0 (self-signed, key ID [0m[1mAAD3B791C49CC253[0m[0m)
TestRunHAUpgrade 2024-01-22T11:31:30Z logger.go:66: - Installing hashicorp/time v0.10.0...
TestRunHAUpgrade 2024-01-22T11:31:33Z logger.go:66: - Installed hashicorp/time v0.10.0 (signed by HashiCorp)
TestRunHAUpgrade 2024-01-22T11:31:33Z logger.go:66: 
TestRunHAUpgrade 2024-01-22T11:31:33Z logger.go:66: Partner and community providers are signed by their developers.
TestRunHAUpgrade 2024-01-22T11:31:33Z logger.go:66: If you'd like to know more about provider signing, you can read about it here:
TestRunHAUpgrade 2024-01-22T11:31:33Z logger.go:66: https://www.terraform.io/docs/cli/plugins/signing.html
TestRunHAUpgrade 2024-01-22T11:31:33Z logger.go:66: 
TestRunHAUpgrade 2024-01-22T11:31:33Z logger.go:66: Terraform has created a lock file [1m.terraform.lock.hcl[0m to record the provider
TestRunHAUpgrade 2024-01-22T11:31:33Z logger.go:66: selections it made above. Include this file in your version control repository
TestRunHAUpgrade 2024-01-22T11:31:33Z logger.go:66: so that Terraform can guarantee to make the same selections by default when
TestRunHAUpgrade 2024-01-22T11:31:33Z logger.go:66: you run "terraform init" in the future.[0m
TestRunHAUpgrade 2024-01-22T11:31:33Z logger.go:66: 
TestRunHAUpgrade 2024-01-22T11:31:33Z logger.go:66: [0m[1m[32mTerraform has been successfully initialized![0m[32m[0m
TestRunHAUpgrade 2024-01-22T11:31:33Z logger.go:66: [0m[32m
TestRunHAUpgrade 2024-01-22T11:31:33Z logger.go:66: You may now begin working with Terraform. Try running "terraform plan" to see
TestRunHAUpgrade 2024-01-22T11:31:33Z logger.go:66: any changes that are required for your infrastructure. All Terraform commands
TestRunHAUpgrade 2024-01-22T11:31:33Z logger.go:66: should now work.
TestRunHAUpgrade 2024-01-22T11:31:33Z logger.go:66: 
TestRunHAUpgrade 2024-01-22T11:31:33Z logger.go:66: If you ever set or change modules or backend configuration for Terraform,
TestRunHAUpgrade 2024-01-22T11:31:33Z logger.go:66: rerun this command to reinitialize your working directory. If you forget, other
TestRunHAUpgrade 2024-01-22T11:31:33Z logger.go:66: commands will detect it and remind you to do so if necessary.[0m
TestRunHAUpgrade 2024-01-22T11:31:33Z retry.go:91: terraform [apply -input=false -auto-approve -var resource_tags=[] -var certificate_template_name=geretain-cert-template -var vpn_client_access_group_users=["GoldenEye.Operations@ibm.com"] -var existing_sm_instance_guid=79c6d411-c18f-4670-b009-b0044a238667 -var existing_sm_instance_region=us-south -var prefix=cts-vpn-ha-upg-ucxuif -var region=eu-es -lock=false]
TestRunHAUpgrade 2024-01-22T11:31:33Z logger.go:66: Running command terraform with args [apply -input=false -auto-approve -var resource_tags=[] -var certificate_template_name=geretain-cert-template -var vpn_client_access_group_users=["GoldenEye.Operations@ibm.com"] -var existing_sm_instance_guid=79c6d411-c18f-4670-b009-b0044a238667 -var existing_sm_instance_region=us-south -var prefix=cts-vpn-ha-upg-ucxuif -var region=eu-es -lock=false]
TestRunHAUpgrade 2024-01-22T11:31:41Z logger.go:66: 
TestRunHAUpgrade 2024-01-22T11:31:41Z logger.go:66: Terraform used the selected providers to generate the following execution
TestRunHAUpgrade 2024-01-22T11:31:41Z logger.go:66: plan. Resource actions are indicated with the following symbols:
TestRunHAUpgrade 2024-01-22T11:31:41Z logger.go:66:   [32m+[0m create[0m
TestRunHAUpgrade 2024-01-22T11:31:41Z logger.go:66:  [36m<=[0m read (data resources)[0m
TestRunHAUpgrade 2024-01-22T11:31:41Z logger.go:66: 
TestRunHAUpgrade 2024-01-22T11:31:41Z logger.go:66: Terraform will perform the following actions:
TestRunHAUpgrade 2024-01-22T11:31:41Z logger.go:66: 
TestRunHAUpgrade 2024-01-22T11:31:41Z logger.go:66: [1m  # data.ibm_is_vpc.basic_vpc[0m will be read during apply
TestRunHAUpgrade 2024-01-22T11:31:41Z logger.go:66:   # (config refers to values not yet known)
TestRunHAUpgrade 2024-01-22T11:31:41Z logger.go:66: [0m [36m<=[0m[0m data "ibm_is_vpc" "basic_vpc" {
TestRunHAUpgrade 2024-01-22T11:31:41Z logger.go:66:       [32m+[0m[0m access_tags                 = (known after apply)
TestRunHAUpgrade 2024-01-22T11:31:41Z logger.go:66:       [32m+[0m[0m classic_access              = (known after apply)
TestRunHAUpgrade 2024-01-22T11:31:41Z logger.go:66:       [32m+[0m[0m crn                         = (known after apply)
TestRunHAUpgrade 2024-01-22T11:31:41Z logger.go:66:       [32m+[0m[0m cse_source_addresses        = (known after apply)
TestRunHAUpgrade 2024-01-22T11:31:41Z logger.go:66:       [32m+[0m[0m default_network_acl         = (known after apply)
TestRunHAUpgrade 2024-01-22T11:31:41Z logger.go:66:       [32m+[0m[0m default_network_acl_crn     = (known after apply)
TestRunHAUpgrade 2024-01-22T11:31:41Z logger.go:66:       [32m+[0m[0m default_network_acl_name    = (known after apply)
TestRunHAUpgrade 2024-01-22T11:31:41Z logger.go:66:       [32m+[0m[0m default_routing_table       = (known after apply)
TestRunHAUpgrade 2024-01-22T11:31:41Z logger.go:66:       [32m+[0m[0m default_routing_table_name  = (known after apply)
TestRunHAUpgrade 2024-01-22T11:31:41Z logger.go:66:       [32m+[0m[0m default_security_group      = (known after apply)
TestRunHAUpgrade 2024-01-22T11:31:41Z logger.go:66:       [32m+[0m[0m default_security_group_crn  = (known after apply)
TestRunHAUpgrade 2024-01-22T11:31:41Z logger.go:66:       [32m+[0m[0m default_security_group_name = (known after apply)
TestRunHAUpgrade 2024-01-22T11:31:41Z logger.go:66:       [32m+[0m[0m dns                         = (known after apply)
TestRunHAUpgrade 2024-01-22T11:31:41Z logger.go:66:       [32m+[0m[0m health_reasons              = (known after apply)
TestRunHAUpgrade 2024-01-22T11:31:41Z logger.go:66:       [32m+[0m[0m health_state                = (known after apply)
TestRunHAUpgrade 2024-01-22T11:31:41Z logger.go:66:       [32m+[0m[0m id                          = (known after apply)
TestRunHAUpgrade 2024-01-22T11:31:41Z logger.go:66:       [32m+[0m[0m identifier                  = (known after apply)
TestRunHAUpgrade 2024-01-22T11:31:41Z logger.go:66:       [32m+[0m[0m resource_controller_url     = (known after apply)
TestRunHAUpgrade 2024-01-22T11:31:41Z logger.go:66:       [32m+[0m[0m resource_crn                = (known after apply)
TestRunHAUpgrade 2024-01-22T11:31:41Z logger.go:66:       [32m+[0m[0m resource_group              = (known after apply)
TestRunHAUpgrade 2024-01-22T11:31:41Z logger.go:66:       [32m+[0m[0m resource_group_name         = (known after apply)
TestRunHAUpgrade 2024-01-22T11:31:41Z logger.go:66:       [32m+[0m[0m resource_name               = (known after apply)
TestRunHAUpgrade 2024-01-22T11:31:41Z logger.go:66:       [32m+[0m[0m resource_status             = (known after apply)
TestRunHAUpgrade 2024-01-22T11:31:41Z logger.go:66:       [32m+[0m[0m security_group              = (known after apply)
TestRunHAUpgrade 2024-01-22T11:31:41Z logger.go:66:       [32m+[0m[0m status                      = (known after apply)
TestRunHAUpgrade 2024-01-22T11:31:41Z logger.go:66:       [32m+[0m[0m subnets                     = (known after apply)
TestRunHAUpgrade 2024-01-22T11:31:41Z logger.go:66:       [32m+[0m[0m tags                        = (known after apply)
TestRunHAUpgrade 2024-01-22T11:31:41Z logger.go:66:     }
TestRunHAUpgrade 2024-01-22T11:31:41Z logger.go:66: 
TestRunHAUpgrade 2024-01-22T11:31:41Z logger.go:66: [1m  # module.basic_vpc.data.ibm_is_vpc_address_prefixes.get_address_prefixes[0m will be read during apply
TestRunHAUpgrade 2024-01-22T11:31:41Z logger.go:66:   # (config refers to values not yet known)
TestRunHAUpgrade 2024-01-22T11:31:41Z logger.go:66: [0m [36m<=[0m[0m data "ibm_is_vpc_address_prefixes" "get_address_prefixes" {
TestRunHAUpgrade 2024-01-22T11:31:41Z logger.go:66:       [32m+[0m[0m address_prefixes = (known after apply)
TestRunHAUpgrade 2024-01-22T11:31:41Z logger.go:66:       [32m+[0m[0m id               = (known after apply)
TestRunHAUpgrade 2024-01-22T11:31:41Z logger.go:66:       [32m+[0m[0m vpc              = (known after apply)
TestRunHAUpgrade 2024-01-22T11:31:41Z logger.go:66:     }
TestRunHAUpgrade 2024-01-22T11:31:41Z logger.go:66: 
TestRunHAUpgrade 2024-01-22T11:31:41Z logger.go:66: [1m  # module.basic_vpc.ibm_is_network_acl.network_acl["vpc-acl"][0m will be created
TestRunHAUpgrade 2024-01-22T11:31:41Z logger.go:66: [0m  [32m+[0m[0m resource "ibm_is_network_acl" "network_acl" {
TestRunHAUpgrade 2024-01-22T11:31:41Z logger.go:66:       [32m+[0m[0m access_tags             = (known after apply)
TestRunHAUpgrade 2024-01-22T11:31:41Z logger.go:66:       [32m+[0m[0m crn                     = (known after apply)
TestRunHAUpgrade 2024-01-22T11:31:41Z logger.go:66:       [32m+[0m[0m id                      = (known after apply)
TestRunHAUpgrade 2024-01-22T11:31:41Z logger.go:66:       [32m+[0m[0m name                    = "cts-vpn-ha-upg-ucxuif-vpc-acl"
TestRunHAUpgrade 2024-01-22T11:31:41Z logger.go:66:       [32m+[0m[0m resource_controller_url = (known after apply)
TestRunHAUpgrade 2024-01-22T11:31:41Z logger.go:66:       [32m+[0m[0m resource_crn            = (known after apply)
TestRunHAUpgrade 2024-01-22T11:31:41Z logger.go:66:       [32m+[0m[0m resource_group          = (known after apply)
TestRunHAUpgrade 2024-01-22T11:31:41Z logger.go:66:       [32m+[0m[0m resource_group_name     = (known after apply)
TestRunHAUpgrade 2024-01-22T11:31:41Z logger.go:66:       [32m+[0m[0m resource_name           = (known after apply)
TestRunHAUpgrade 2024-01-22T11:31:41Z logger.go:66:       [32m+[0m[0m tags                    = (known after apply)
TestRunHAUpgrade 2024-01-22T11:31:41Z logger.go:66:       [32m+[0m[0m vpc                     = (known after apply)
TestRunHAUpgrade 2024-01-22T11:31:41Z logger.go:66:     }
TestRunHAUpgrade 2024-01-22T11:31:41Z logger.go:66: 
TestRunHAUpgrade 2024-01-22T11:31:41Z logger.go:66: [1m  # module.basic_vpc.ibm_is_subnet.subnet["cts-vpn-ha-upg-ucxuif-vpc-subnet-a"][0m will be created
TestRunHAUpgrade 2024-01-22T11:31:41Z logger.go:66: [0m  [32m+[0m[0m resource "ibm_is_subnet" "subnet" {
TestRunHAUpgrade 2024-01-22T11:31:41Z logger.go:66:       [32m+[0m[0m access_tags                  = (known after apply)
TestRunHAUpgrade 2024-01-22T11:31:41Z logger.go:66:       [32m+[0m[0m available_ipv4_address_count = (known after apply)
TestRunHAUpgrade 2024-01-22T11:31:41Z logger.go:66:       [32m+[0m[0m crn                          = (known after apply)
TestRunHAUpgrade 2024-01-22T11:31:41Z logger.go:66:       [32m+[0m[0m id                           = (known after apply)
TestRunHAUpgrade 2024-01-22T11:31:41Z logger.go:66:       [32m+[0m[0m ip_version                   = "ipv4"
TestRunHAUpgrade 2024-01-22T11:31:41Z logger.go:66:       [32m+[0m[0m ipv4_cidr_block              = "10.10.10.0/24"
TestRunHAUpgrade 2024-01-22T11:31:41Z logger.go:66:       [32m+[0m[0m name                         = "cts-vpn-ha-upg-ucxuif-vpc-subnet-a"
TestRunHAUpgrade 2024-01-22T11:31:41Z logger.go:66:       [32m+[0m[0m network_acl                  = (known after apply)
TestRunHAUpgrade 2024-01-22T11:31:41Z logger.go:66:       [32m+[0m[0m public_gateway               = (known after apply)
TestRunHAUpgrade 2024-01-22T11:31:41Z logger.go:66:       [32m+[0m[0m resource_controller_url      = (known after apply)
TestRunHAUpgrade 2024-01-22T11:31:41Z logger.go:66:       [32m+[0m[0m resource_crn                 = (known after apply)
TestRunHAUpgrade 2024-01-22T11:31:41Z logger.go:66:       [32m+[0m[0m resource_group               = (known after apply)
TestRunHAUpgrade 2024-01-22T11:31:41Z logger.go:66:       [32m+[0m[0m resource_group_name          = (known after apply)
TestRunHAUpgrade 2024-01-22T11:31:41Z logger.go:66:       [32m+[0m[0m resource_name                = (known after apply)
TestRunHAUpgrade 2024-01-22T11:31:41Z logger.go:66:       [32m+[0m[0m resource_status              = (known after apply)
TestRunHAUpgrade 2024-01-22T11:31:41Z logger.go:66:       [32m+[0m[0m routing_table                = (known after apply)
TestRunHAUpgrade 2024-01-22T11:31:41Z logger.go:66:       [32m+[0m[0m status                       = (known after apply)
TestRunHAUpgrade 2024-01-22T11:31:41Z logger.go:66:       [32m+[0m[0m tags                         = (known after apply)
TestRunHAUpgrade 2024-01-22T11:31:41Z logger.go:66:       [32m+[0m[0m total_ipv4_address_count     = (known after apply)
TestRunHAUpgrade 2024-01-22T11:31:41Z logger.go:66:       [32m+[0m[0m vpc                          = (known after apply)
TestRunHAUpgrade 2024-01-22T11:31:41Z logger.go:66:       [32m+[0m[0m zone                         = "eu-es-1"
TestRunHAUpgrade 2024-01-22T11:31:41Z logger.go:66:     }
TestRunHAUpgrade 2024-01-22T11:31:41Z logger.go:66: 
TestRunHAUpgrade 2024-01-22T11:31:41Z logger.go:66: [1m  # module.basic_vpc.ibm_is_subnet.subnet["cts-vpn-ha-upg-ucxuif-vpc-subnet-b"][0m will be created
TestRunHAUpgrade 2024-01-22T11:31:41Z logger.go:66: [0m  [32m+[0m[0m resource "ibm_is_subnet" "subnet" {
TestRunHAUpgrade 2024-01-22T11:31:41Z logger.go:66:       [32m+[0m[0m access_tags                  = (known after apply)
TestRunHAUpgrade 2024-01-22T11:31:41Z logger.go:66:       [32m+[0m[0m available_ipv4_address_count = (known after apply)
TestRunHAUpgrade 2024-01-22T11:31:41Z logger.go:66:       [32m+[0m[0m crn                          = (known after apply)
TestRunHAUpgrade 2024-01-22T11:31:41Z logger.go:66:       [32m+[0m[0m id                           = (known after apply)
TestRunHAUpgrade 2024-01-22T11:31:41Z logger.go:66:       [32m+[0m[0m ip_version                   = "ipv4"
TestRunHAUpgrade 2024-01-22T11:31:41Z logger.go:66:       [32m+[0m[0m ipv4_cidr_block              = "10.20.10.0/24"
TestRunHAUpgrade 2024-01-22T11:31:41Z logger.go:66:       [32m+[0m[0m name                         = "cts-vpn-ha-upg-ucxuif-vpc-subnet-b"
TestRunHAUpgrade 2024-01-22T11:31:41Z logger.go:66:       [32m+[0m[0m network_acl                  = (known after apply)
TestRunHAUpgrade 2024-01-22T11:31:41Z logger.go:66:       [32m+[0m[0m public_gateway               = (known after apply)
TestRunHAUpgrade 2024-01-22T11:31:41Z logger.go:66:       [32m+[0m[0m resource_controller_url      = (known after apply)
TestRunHAUpgrade 2024-01-22T11:31:41Z logger.go:66:       [32m+[0m[0m resource_crn                 = (known after apply)
TestRunHAUpgrade 2024-01-22T11:31:41Z logger.go:66:       [32m+[0m[0m resource_group               = (known after apply)
TestRunHAUpgrade 2024-01-22T11:31:41Z logger.go:66:       [32m+[0m[0m resource_group_name          = (known after apply)
TestRunHAUpgrade 2024-01-22T11:31:41Z logger.go:66:       [32m+[0m[0m resource_name                = (known after apply)
TestRunHAUpgrade 2024-01-22T11:31:41Z logger.go:66:       [32m+[0m[0m resource_status              = (known after apply)
TestRunHAUpgrade 2024-01-22T11:31:41Z logger.go:66:       [32m+[0m[0m routing_table                = (known after apply)
TestRunHAUpgrade 2024-01-22T11:31:41Z logger.go:66:       [32m+[0m[0m status                       = (known after apply)
TestRunHAUpgrade 2024-01-22T11:31:41Z logger.go:66:       [32m+[0m[0m tags                         = (known after apply)
TestRunHAUpgrade 2024-01-22T11:31:41Z logger.go:66:       [32m+[0m[0m total_ipv4_address_count     = (known after apply)
TestRunHAUpgrade 2024-01-22T11:31:41Z logger.go:66:       [32m+[0m[0m vpc                          = (known after apply)
TestRunHAUpgrade 2024-01-22T11:31:41Z logger.go:66:       [32m+[0m[0m zone                         = "eu-es-2"
TestRunHAUpgrade 2024-01-22T11:31:41Z logger.go:66:     }
TestRunHAUpgrade 2024-01-22T11:31:41Z logger.go:66: 
TestRunHAUpgrade 2024-01-22T11:31:41Z logger.go:66: [1m  # module.basic_vpc.ibm_is_vpc.vpc[0][0m will be created
TestRunHAUpgrade 2024-01-22T11:31:41Z logger.go:66: [0m  [32m+[0m[0m resource "ibm_is_vpc" "vpc" {
TestRunHAUpgrade 2024-01-22T11:31:41Z logger.go:66:       [32m+[0m[0m access_tags                 = (known after apply)
TestRunHAUpgrade 2024-01-22T11:31:41Z logger.go:66:       [32m+[0m[0m address_prefix_management   = "auto"
TestRunHAUpgrade 2024-01-22T11:31:41Z logger.go:66:       [32m+[0m[0m classic_access              = false
TestRunHAUpgrade 2024-01-22T11:31:41Z logger.go:66:       [32m+[0m[0m crn                         = (known after apply)
TestRunHAUpgrade 2024-01-22T11:31:41Z logger.go:66:       [32m+[0m[0m cse_source_addresses        = (known after apply)
TestRunHAUpgrade 2024-01-22T11:31:41Z logger.go:66:       [32m+[0m[0m default_network_acl         = (known after apply)
TestRunHAUpgrade 2024-01-22T11:31:41Z logger.go:66:       [32m+[0m[0m default_network_acl_crn     = (known after apply)
TestRunHAUpgrade 2024-01-22T11:31:41Z logger.go:66:       [32m+[0m[0m default_network_acl_name    = (known after apply)
TestRunHAUpgrade 2024-01-22T11:31:41Z logger.go:66:       [32m+[0m[0m default_routing_table       = (known after apply)
TestRunHAUpgrade 2024-01-22T11:31:41Z logger.go:66:       [32m+[0m[0m default_routing_table_name  = (known after apply)
TestRunHAUpgrade 2024-01-22T11:31:41Z logger.go:66:       [32m+[0m[0m default_security_group      = (known after apply)
TestRunHAUpgrade 2024-01-22T11:31:41Z logger.go:66:       [32m+[0m[0m default_security_group_crn  = (known after apply)
TestRunHAUpgrade 2024-01-22T11:31:41Z logger.go:66:       [32m+[0m[0m default_security_group_name = (known after apply)
TestRunHAUpgrade 2024-01-22T11:31:41Z logger.go:66:       [32m+[0m[0m health_reasons              = (known after apply)
TestRunHAUpgrade 2024-01-22T11:31:41Z logger.go:66:       [32m+[0m[0m health_state                = (known after apply)
TestRunHAUpgrade 2024-01-22T11:31:41Z logger.go:66:       [32m+[0m[0m id                          = (known after apply)
TestRunHAUpgrade 2024-01-22T11:31:41Z logger.go:66:       [32m+[0m[0m name                        = "cts-vpn-ha-upg-ucxuif-vpc-vpc"
TestRunHAUpgrade 2024-01-22T11:31:41Z logger.go:66:       [32m+[0m[0m no_sg_acl_rules             = false
TestRunHAUpgrade 2024-01-22T11:31:41Z logger.go:66:       [32m+[0m[0m resource_controller_url     = (known after apply)
TestRunHAUpgrade 2024-01-22T11:31:41Z logger.go:66:       [32m+[0m[0m resource_crn                = (known after apply)
TestRunHAUpgrade 2024-01-22T11:31:41Z logger.go:66:       [32m+[0m[0m resource_group              = (known after apply)
TestRunHAUpgrade 2024-01-22T11:31:41Z logger.go:66:       [32m+[0m[0m resource_group_name         = (known after apply)
TestRunHAUpgrade 2024-01-22T11:31:41Z logger.go:66:       [32m+[0m[0m resource_name               = (known after apply)
TestRunHAUpgrade 2024-01-22T11:31:41Z logger.go:66:       [32m+[0m[0m resource_status             = (known after apply)
TestRunHAUpgrade 2024-01-22T11:31:41Z logger.go:66:       [32m+[0m[0m security_group              = (known after apply)
TestRunHAUpgrade 2024-01-22T11:31:41Z logger.go:66:       [32m+[0m[0m status                      = (known after apply)
TestRunHAUpgrade 2024-01-22T11:31:41Z logger.go:66:       [32m+[0m[0m subnets                     = (known after apply)
TestRunHAUpgrade 2024-01-22T11:31:41Z logger.go:66:       [32m+[0m[0m tags                        = (known after apply)
TestRunHAUpgrade 2024-01-22T11:31:41Z logger.go:66: 
TestRunHAUpgrade 2024-01-22T11:31:41Z logger.go:66:       [32m+[0m[0m dns {
TestRunHAUpgrade 2024-01-22T11:31:41Z logger.go:66:           [32m+[0m[0m enable_hub               = false
TestRunHAUpgrade 2024-01-22T11:31:41Z logger.go:66:           [32m+[0m[0m resolution_binding_count = (known after apply)
TestRunHAUpgrade 2024-01-22T11:31:41Z logger.go:66:         }
TestRunHAUpgrade 2024-01-22T11:31:41Z logger.go:66:     }
TestRunHAUpgrade 2024-01-22T11:31:41Z logger.go:66: 
TestRunHAUpgrade 2024-01-22T11:31:41Z logger.go:66: [1m  # module.basic_vpc.ibm_is_vpc_address_prefix.subnet_prefix["cts-vpn-ha-upg-ucxuif-vpc-subnet-a"][0m will be created
TestRunHAUpgrade 2024-01-22T11:31:41Z logger.go:66: [0m  [32m+[0m[0m resource "ibm_is_vpc_address_prefix" "subnet_prefix" {
TestRunHAUpgrade 2024-01-22T11:31:41Z logger.go:66:       [32m+[0m[0m address_prefix = (known after apply)
TestRunHAUpgrade 2024-01-22T11:31:41Z logger.go:66:       [32m+[0m[0m cidr           = "10.10.10.0/24"
TestRunHAUpgrade 2024-01-22T11:31:41Z logger.go:66:       [32m+[0m[0m has_subnets    = (known after apply)
TestRunHAUpgrade 2024-01-22T11:31:41Z logger.go:66:       [32m+[0m[0m id             = (known after apply)
TestRunHAUpgrade 2024-01-22T11:31:41Z logger.go:66:       [32m+[0m[0m is_default     = false
TestRunHAUpgrade 2024-01-22T11:31:41Z logger.go:66:       [32m+[0m[0m name           = "cts-vpn-ha-upg-ucxuif-vpc-subnet-a"
TestRunHAUpgrade 2024-01-22T11:31:41Z logger.go:66:       [32m+[0m[0m related_crn    = (known after apply)
TestRunHAUpgrade 2024-01-22T11:31:41Z logger.go:66:       [32m+[0m[0m vpc            = (known after apply)
TestRunHAUpgrade 2024-01-22T11:31:41Z logger.go:66:       [32m+[0m[0m zone           = "eu-es-1"
TestRunHAUpgrade 2024-01-22T11:31:41Z logger.go:66:     }
TestRunHAUpgrade 2024-01-22T11:31:41Z logger.go:66: 
TestRunHAUpgrade 2024-01-22T11:31:41Z logger.go:66: [1m  # module.basic_vpc.ibm_is_vpc_address_prefix.subnet_prefix["cts-vpn-ha-upg-ucxuif-vpc-subnet-b"][0m will be created
TestRunHAUpgrade 2024-01-22T11:31:41Z logger.go:66: [0m  [32m+[0m[0m resource "ibm_is_vpc_address_prefix" "subnet_prefix" {
TestRunHAUpgrade 2024-01-22T11:31:41Z logger.go:66:       [32m+[0m[0m address_prefix = (known after apply)
TestRunHAUpgrade 2024-01-22T11:31:41Z logger.go:66:       [32m+[0m[0m cidr           = "10.20.10.0/24"
TestRunHAUpgrade 2024-01-22T11:31:41Z logger.go:66:       [32m+[0m[0m has_subnets    = (known after apply)
TestRunHAUpgrade 2024-01-22T11:31:41Z logger.go:66:       [32m+[0m[0m id             = (known after apply)
TestRunHAUpgrade 2024-01-22T11:31:41Z logger.go:66:       [32m+[0m[0m is_default     = false
TestRunHAUpgrade 2024-01-22T11:31:41Z logger.go:66:       [32m+[0m[0m name           = "cts-vpn-ha-upg-ucxuif-vpc-subnet-b"
TestRunHAUpgrade 2024-01-22T11:31:41Z logger.go:66:       [32m+[0m[0m related_crn    = (known after apply)
TestRunHAUpgrade 2024-01-22T11:31:41Z logger.go:66:       [32m+[0m[0m vpc            = (known after apply)
TestRunHAUpgrade 2024-01-22T11:31:41Z logger.go:66:       [32m+[0m[0m zone           = "eu-es-2"
TestRunHAUpgrade 2024-01-22T11:31:41Z logger.go:66:     }
TestRunHAUpgrade 2024-01-22T11:31:41Z logger.go:66: 
TestRunHAUpgrade 2024-01-22T11:31:41Z logger.go:66: [1m  # module.resource_group.ibm_resource_group.resource_group[0][0m will be created
TestRunHAUpgrade 2024-01-22T11:31:41Z logger.go:66: [0m  [32m+[0m[0m resource "ibm_resource_group" "resource_group" {
TestRunHAUpgrade 2024-01-22T11:31:41Z logger.go:66:       [32m+[0m[0m created_at          = (known after apply)
TestRunHAUpgrade 2024-01-22T11:31:41Z logger.go:66:       [32m+[0m[0m crn                 = (known after apply)
TestRunHAUpgrade 2024-01-22T11:31:41Z logger.go:66:       [32m+[0m[0m default             = (known after apply)
TestRunHAUpgrade 2024-01-22T11:31:41Z logger.go:66:       [32m+[0m[0m id                  = (known after apply)
TestRunHAUpgrade 2024-01-22T11:31:41Z logger.go:66:       [32m+[0m[0m name                = "cts-vpn-ha-upg-ucxuif-resource-group"
TestRunHAUpgrade 2024-01-22T11:31:41Z logger.go:66:       [32m+[0m[0m payment_methods_url = (known after apply)
TestRunHAUpgrade 2024-01-22T11:31:41Z logger.go:66:       [32m+[0m[0m quota_id            = (known after apply)
TestRunHAUpgrade 2024-01-22T11:31:41Z logger.go:66:       [32m+[0m[0m quota_url           = (known after apply)
TestRunHAUpgrade 2024-01-22T11:31:41Z logger.go:66:       [32m+[0m[0m resource_linkages   = (known after apply)
TestRunHAUpgrade 2024-01-22T11:31:41Z logger.go:66:       [32m+[0m[0m state               = (known after apply)
TestRunHAUpgrade 2024-01-22T11:31:41Z logger.go:66:       [32m+[0m[0m teams_url           = (known after apply)
TestRunHAUpgrade 2024-01-22T11:31:41Z logger.go:66:       [32m+[0m[0m updated_at          = (known after apply)
TestRunHAUpgrade 2024-01-22T11:31:41Z logger.go:66:     }
TestRunHAUpgrade 2024-01-22T11:31:41Z logger.go:66: 
TestRunHAUpgrade 2024-01-22T11:31:41Z logger.go:66: [1m  # module.secrets_manager_group.ibm_sm_secret_group.secret_group[0m will be created
TestRunHAUpgrade 2024-01-22T11:31:41Z logger.go:66: [0m  [32m+[0m[0m resource "ibm_sm_secret_group" "secret_group" {
TestRunHAUpgrade 2024-01-22T11:31:41Z logger.go:66:       [32m+[0m[0m created_at      = (known after apply)
TestRunHAUpgrade 2024-01-22T11:31:41Z logger.go:66:       [32m+[0m[0m description     = "A secret group to store private certs"
TestRunHAUpgrade 2024-01-22T11:31:41Z logger.go:66:       [32m+[0m[0m id              = (known after apply)
TestRunHAUpgrade 2024-01-22T11:31:41Z logger.go:66:       [32m+[0m[0m instance_id     = "79c6d411-c18f-4670-b009-b0044a238667"
TestRunHAUpgrade 2024-01-22T11:31:41Z logger.go:66:       [32m+[0m[0m name            = "cts-vpn-ha-upg-ucxuif-certs"
TestRunHAUpgrade 2024-01-22T11:31:41Z logger.go:66:       [32m+[0m[0m region          = "us-south"
TestRunHAUpgrade 2024-01-22T11:31:41Z logger.go:66:       [32m+[0m[0m secret_group_id = (known after apply)
TestRunHAUpgrade 2024-01-22T11:31:41Z logger.go:66:       [32m+[0m[0m updated_at      = (known after apply)
TestRunHAUpgrade 2024-01-22T11:31:41Z logger.go:66:     }
TestRunHAUpgrade 2024-01-22T11:31:41Z logger.go:66: 
TestRunHAUpgrade 2024-01-22T11:31:41Z logger.go:66: [1m  # module.secrets_manager_private_certificate.ibm_sm_private_certificate.secrets_manager_private_certificate[0m will be created
TestRunHAUpgrade 2024-01-22T11:31:41Z logger.go:66: [0m  [32m+[0m[0m resource "ibm_sm_private_certificate" "secrets_manager_private_certificate" {
TestRunHAUpgrade 2024-01-22T11:31:41Z logger.go:66:       [32m+[0m[0m alt_names               = (known after apply)
TestRunHAUpgrade 2024-01-22T11:31:41Z logger.go:66:       [32m+[0m[0m ca_chain                = (sensitive value)
TestRunHAUpgrade 2024-01-22T11:31:41Z logger.go:66:       [32m+[0m[0m certificate             = (sensitive value)
TestRunHAUpgrade 2024-01-22T11:31:41Z logger.go:66:       [32m+[0m[0m certificate_authority   = (known after apply)
TestRunHAUpgrade 2024-01-22T11:31:41Z logger.go:66:       [32m+[0m[0m certificate_template    = "geretain-cert-template"
TestRunHAUpgrade 2024-01-22T11:31:41Z logger.go:66:       [32m+[0m[0m common_name             = "example.com"
TestRunHAUpgrade 2024-01-22T11:31:41Z logger.go:66:       [32m+[0m[0m created_at              = (known after apply)
TestRunHAUpgrade 2024-01-22T11:31:41Z logger.go:66:       [32m+[0m[0m created_by              = (known after apply)
TestRunHAUpgrade 2024-01-22T11:31:41Z logger.go:66:       [32m+[0m[0m crn                     = (known after apply)
TestRunHAUpgrade 2024-01-22T11:31:41Z logger.go:66:       [32m+[0m[0m custom_metadata         = {
TestRunHAUpgrade 2024-01-22T11:31:41Z logger.go:66:           [32m+[0m[0m "collection_total" = "1"
TestRunHAUpgrade 2024-01-22T11:31:41Z logger.go:66:           [32m+[0m[0m "collection_type"  = "application/vnd.ibm.secrets-manager.secret+json"
TestRunHAUpgrade 2024-01-22T11:31:41Z logger.go:66:         }
TestRunHAUpgrade 2024-01-22T11:31:41Z logger.go:66:       [32m+[0m[0m description             = "an example private cert"
TestRunHAUpgrade 2024-01-22T11:31:41Z logger.go:66:       [32m+[0m[0m downloaded              = (known after apply)
TestRunHAUpgrade 2024-01-22T11:31:41Z logger.go:66:       [32m+[0m[0m endpoint_type           = "public"
TestRunHAUpgrade 2024-01-22T11:31:41Z logger.go:66:       [32m+[0m[0m exclude_cn_from_sans    = false
TestRunHAUpgrade 2024-01-22T11:31:41Z logger.go:66:       [32m+[0m[0m expiration_date         = (known after apply)
TestRunHAUpgrade 2024-01-22T11:31:41Z logger.go:66:       [32m+[0m[0m format                  = "pem"
TestRunHAUpgrade 2024-01-22T11:31:41Z logger.go:66:       [32m+[0m[0m id                      = (known after apply)
TestRunHAUpgrade 2024-01-22T11:31:41Z logger.go:66:       [32m+[0m[0m instance_id             = "79c6d411-c18f-4670-b009-b0044a238667"
TestRunHAUpgrade 2024-01-22T11:31:41Z logger.go:66:       [32m+[0m[0m issuer                  = (known after apply)
TestRunHAUpgrade 2024-01-22T11:31:41Z logger.go:66:       [32m+[0m[0m issuing_ca              = (sensitive value)
TestRunHAUpgrade 2024-01-22T11:31:41Z logger.go:66:       [32m+[0m[0m key_algorithm           = (known after apply)
TestRunHAUpgrade 2024-01-22T11:31:41Z logger.go:66:       [32m+[0m[0m labels                  = []
TestRunHAUpgrade 2024-01-22T11:31:41Z logger.go:66:       [32m+[0m[0m locks_total             = (known after apply)
TestRunHAUpgrade 2024-01-22T11:31:41Z logger.go:66:       [32m+[0m[0m name                    = "cts-vpn-ha-upg-ucxuif-cts-vpn-private-cert"
TestRunHAUpgrade 2024-01-22T11:31:41Z logger.go:66:       [32m+[0m[0m next_rotation_date      = (known after apply)
TestRunHAUpgrade 2024-01-22T11:31:41Z logger.go:66:       [32m+[0m[0m other_sans              = []
TestRunHAUpgrade 2024-01-22T11:31:41Z logger.go:66:       [32m+[0m[0m private_key             = (sensitive value)
TestRunHAUpgrade 2024-01-22T11:31:41Z logger.go:66:       [32m+[0m[0m private_key_format      = "der"
TestRunHAUpgrade 2024-01-22T11:31:41Z logger.go:66:       [32m+[0m[0m region                  = "us-south"
TestRunHAUpgrade 2024-01-22T11:31:41Z logger.go:66:       [32m+[0m[0m revocation_time_rfc3339 = (known after apply)
TestRunHAUpgrade 2024-01-22T11:31:41Z logger.go:66:       [32m+[0m[0m revocation_time_seconds = (known after apply)
TestRunHAUpgrade 2024-01-22T11:31:41Z logger.go:66:       [32m+[0m[0m secret_group_id         = (known after apply)
TestRunHAUpgrade 2024-01-22T11:31:41Z logger.go:66:       [32m+[0m[0m secret_id               = (known after apply)
TestRunHAUpgrade 2024-01-22T11:31:41Z logger.go:66:       [32m+[0m[0m secret_type             = (known after apply)
TestRunHAUpgrade 2024-01-22T11:31:41Z logger.go:66:       [32m+[0m[0m serial_number           = (known after apply)
TestRunHAUpgrade 2024-01-22T11:31:41Z logger.go:66:       [32m+[0m[0m signing_algorithm       = (known after apply)
TestRunHAUpgrade 2024-01-22T11:31:41Z logger.go:66:       [32m+[0m[0m state                   = (known after apply)
TestRunHAUpgrade 2024-01-22T11:31:41Z logger.go:66:       [32m+[0m[0m state_description       = (known after apply)
TestRunHAUpgrade 2024-01-22T11:31:41Z logger.go:66:       [32m+[0m[0m updated_at              = (known after apply)
TestRunHAUpgrade 2024-01-22T11:31:41Z logger.go:66:       [32m+[0m[0m validity                = (known after apply)
TestRunHAUpgrade 2024-01-22T11:31:41Z logger.go:66:       [32m+[0m[0m versions_total          = (known after apply)
TestRunHAUpgrade 2024-01-22T11:31:41Z logger.go:66: 
TestRunHAUpgrade 2024-01-22T11:31:41Z logger.go:66:       [32m+[0m[0m rotation {
TestRunHAUpgrade 2024-01-22T11:31:41Z logger.go:66:           [32m+[0m[0m auto_rotate = true
TestRunHAUpgrade 2024-01-22T11:31:41Z logger.go:66:           [32m+[0m[0m interval    = 1
TestRunHAUpgrade 2024-01-22T11:31:41Z logger.go:66:           [32m+[0m[0m unit        = "month"
TestRunHAUpgrade 2024-01-22T11:31:41Z logger.go:66:         }
TestRunHAUpgrade 2024-01-22T11:31:41Z logger.go:66:     }
TestRunHAUpgrade 2024-01-22T11:31:41Z logger.go:66: 
TestRunHAUpgrade 2024-01-22T11:31:41Z logger.go:66: [1m  # module.vpn.ibm_iam_access_group.cts_vpn_access_group[0][0m will be created
TestRunHAUpgrade 2024-01-22T11:31:41Z logger.go:66: [0m  [32m+[0m[0m resource "ibm_iam_access_group" "cts_vpn_access_group" {
TestRunHAUpgrade 2024-01-22T11:31:41Z logger.go:66:       [32m+[0m[0m description = "Access group for the Client to Site VPN"
TestRunHAUpgrade 2024-01-22T11:31:41Z logger.go:66:       [32m+[0m[0m id          = (known after apply)
TestRunHAUpgrade 2024-01-22T11:31:41Z logger.go:66:       [32m+[0m[0m name        = "cts-vpn-ha-upg-ucxuif-client-to-site-vpn-access-group"
TestRunHAUpgrade 2024-01-22T11:31:41Z logger.go:66:       [32m+[0m[0m version     = (known after apply)
TestRunHAUpgrade 2024-01-22T11:31:41Z logger.go:66:     }
TestRunHAUpgrade 2024-01-22T11:31:41Z logger.go:66: 
TestRunHAUpgrade 2024-01-22T11:31:41Z logger.go:66: [1m  # module.vpn.ibm_iam_access_group_members.cts_vpn_access_group_users[0][0m will be created
TestRunHAUpgrade 2024-01-22T11:31:41Z logger.go:66: [0m  [32m+[0m[0m resource "ibm_iam_access_group_members" "cts_vpn_access_group_users" {
TestRunHAUpgrade 2024-01-22T11:31:41Z logger.go:66:       [32m+[0m[0m access_group_id = (known after apply)
TestRunHAUpgrade 2024-01-22T11:31:41Z logger.go:66:       [32m+[0m[0m ibm_ids         = [
TestRunHAUpgrade 2024-01-22T11:31:41Z logger.go:66:           [32m+[0m[0m "GoldenEye.Operations@ibm.com",
TestRunHAUpgrade 2024-01-22T11:31:41Z logger.go:66:         ]
TestRunHAUpgrade 2024-01-22T11:31:41Z logger.go:66:       [32m+[0m[0m id              = (known after apply)
TestRunHAUpgrade 2024-01-22T11:31:41Z logger.go:66:       [32m+[0m[0m members         = (known after apply)
TestRunHAUpgrade 2024-01-22T11:31:41Z logger.go:66:     }
TestRunHAUpgrade 2024-01-22T11:31:41Z logger.go:66: 
TestRunHAUpgrade 2024-01-22T11:31:41Z logger.go:66: [1m  # module.vpn.ibm_iam_access_group_policy.cts_vpn_access_group_policy[0][0m will be created
TestRunHAUpgrade 2024-01-22T11:31:41Z logger.go:66: [0m  [32m+[0m[0m resource "ibm_iam_access_group_policy" "cts_vpn_access_group_policy" {
TestRunHAUpgrade 2024-01-22T11:31:41Z logger.go:66:       [32m+[0m[0m access_group_id    = (known after apply)
TestRunHAUpgrade 2024-01-22T11:31:41Z logger.go:66:       [32m+[0m[0m account_management = false
TestRunHAUpgrade 2024-01-22T11:31:41Z logger.go:66:       [32m+[0m[0m id                 = (known after apply)
TestRunHAUpgrade 2024-01-22T11:31:41Z logger.go:66:       [32m+[0m[0m roles              = [
TestRunHAUpgrade 2024-01-22T11:31:41Z logger.go:66:           [32m+[0m[0m "VPN Client",
TestRunHAUpgrade 2024-01-22T11:31:41Z logger.go:66:         ]
TestRunHAUpgrade 2024-01-22T11:31:41Z logger.go:66:       [32m+[0m[0m transaction_id     = (known after apply)
TestRunHAUpgrade 2024-01-22T11:31:41Z logger.go:66:       [32m+[0m[0m version            = (known after apply)
TestRunHAUpgrade 2024-01-22T11:31:41Z logger.go:66: 
TestRunHAUpgrade 2024-01-22T11:31:41Z logger.go:66:       [32m+[0m[0m resources {
TestRunHAUpgrade 2024-01-22T11:31:41Z logger.go:66:           [32m+[0m[0m service = "is"
TestRunHAUpgrade 2024-01-22T11:31:41Z logger.go:66:         }
TestRunHAUpgrade 2024-01-22T11:31:41Z logger.go:66:     }
TestRunHAUpgrade 2024-01-22T11:31:41Z logger.go:66: 
TestRunHAUpgrade 2024-01-22T11:31:41Z logger.go:66: [1m  # module.vpn.ibm_iam_authorization_policy.policy[0][0m will be created
TestRunHAUpgrade 2024-01-22T11:31:41Z logger.go:66: [0m  [32m+[0m[0m resource "ibm_iam_authorization_policy" "policy" {
TestRunHAUpgrade 2024-01-22T11:31:41Z logger.go:66:       [32m+[0m[0m description                 = (known after apply)
TestRunHAUpgrade 2024-01-22T11:31:41Z logger.go:66:       [32m+[0m[0m id                          = (known after apply)
TestRunHAUpgrade 2024-01-22T11:31:41Z logger.go:66:       [32m+[0m[0m roles                       = [
TestRunHAUpgrade 2024-01-22T11:31:41Z logger.go:66:           [32m+[0m[0m "SecretsReader",
TestRunHAUpgrade 2024-01-22T11:31:41Z logger.go:66:         ]
TestRunHAUpgrade 2024-01-22T11:31:41Z logger.go:66:       [32m+[0m[0m source_resource_group_id    = (known after apply)
TestRunHAUpgrade 2024-01-22T11:31:41Z logger.go:66:       [32m+[0m[0m source_resource_instance_id = (known after apply)
TestRunHAUpgrade 2024-01-22T11:31:41Z logger.go:66:       [32m+[0m[0m source_resource_type        = "vpn-server"
TestRunHAUpgrade 2024-01-22T11:31:41Z logger.go:66:       [32m+[0m[0m source_service_account      = (known after apply)
TestRunHAUpgrade 2024-01-22T11:31:41Z logger.go:66:       [32m+[0m[0m source_service_name         = "is"
TestRunHAUpgrade 2024-01-22T11:31:41Z logger.go:66:       [32m+[0m[0m target_resource_group_id    = (known after apply)
TestRunHAUpgrade 2024-01-22T11:31:41Z logger.go:66:       [32m+[0m[0m target_resource_instance_id = "79c6d411-c18f-4670-b009-b0044a238667"
TestRunHAUpgrade 2024-01-22T11:31:41Z logger.go:66:       [32m+[0m[0m target_resource_type        = (known after apply)
TestRunHAUpgrade 2024-01-22T11:31:41Z logger.go:66:       [32m+[0m[0m target_service_name         = "secrets-manager"
TestRunHAUpgrade 2024-01-22T11:31:41Z logger.go:66:       [32m+[0m[0m transaction_id              = (known after apply)
TestRunHAUpgrade 2024-01-22T11:31:41Z logger.go:66:       [32m+[0m[0m version                     = (known after apply)
TestRunHAUpgrade 2024-01-22T11:31:41Z logger.go:66:     }
TestRunHAUpgrade 2024-01-22T11:31:41Z logger.go:66: 
TestRunHAUpgrade 2024-01-22T11:31:41Z logger.go:66: [1m  # module.vpn.ibm_is_vpn_server.vpn[0m will be created
TestRunHAUpgrade 2024-01-22T11:31:41Z logger.go:66: [0m  [32m+[0m[0m resource "ibm_is_vpn_server" "vpn" {
TestRunHAUpgrade 2024-01-22T11:31:41Z logger.go:66:       [32m+[0m[0m access_tags                = (known after apply)
TestRunHAUpgrade 2024-01-22T11:31:41Z logger.go:66:       [32m+[0m[0m certificate_crn            = (known after apply)
TestRunHAUpgrade 2024-01-22T11:31:41Z logger.go:66:       [32m+[0m[0m client_auto_delete         = (known after apply)
TestRunHAUpgrade 2024-01-22T11:31:41Z logger.go:66:       [32m+[0m[0m client_auto_delete_timeout = (known after apply)
TestRunHAUpgrade 2024-01-22T11:31:41Z logger.go:66:       [32m+[0m[0m client_idle_timeout        = 1800
TestRunHAUpgrade 2024-01-22T11:31:41Z logger.go:66:       [32m+[0m[0m client_ip_pool             = "10.0.0.0/20"
TestRunHAUpgrade 2024-01-22T11:31:41Z logger.go:66:       [32m+[0m[0m created_at                 = (known after apply)
TestRunHAUpgrade 2024-01-22T11:31:41Z logger.go:66:       [32m+[0m[0m crn                        = (known after apply)
TestRunHAUpgrade 2024-01-22T11:31:41Z logger.go:66:       [32m+[0m[0m enable_split_tunneling     = true
TestRunHAUpgrade 2024-01-22T11:31:41Z logger.go:66:       [32m+[0m[0m health_reasons             = (known after apply)
TestRunHAUpgrade 2024-01-22T11:31:41Z logger.go:66:       [32m+[0m[0m health_state               = (known after apply)
TestRunHAUpgrade 2024-01-22T11:31:41Z logger.go:66:       [32m+[0m[0m hostname                   = (known after apply)
TestRunHAUpgrade 2024-01-22T11:31:41Z logger.go:66:       [32m+[0m[0m href                       = (known after apply)
TestRunHAUpgrade 2024-01-22T11:31:41Z logger.go:66:       [32m+[0m[0m id                         = (known after apply)
TestRunHAUpgrade 2024-01-22T11:31:41Z logger.go:66:       [32m+[0m[0m lifecycle_reasons          = (known after apply)
TestRunHAUpgrade 2024-01-22T11:31:41Z logger.go:66:       [32m+[0m[0m lifecycle_state            = (known after apply)
TestRunHAUpgrade 2024-01-22T11:31:41Z logger.go:66:       [32m+[0m[0m name                       = "cts-vpn-ha-upg-ucxuif-c2s-vpn"
TestRunHAUpgrade 2024-01-22T11:31:41Z logger.go:66:       [32m+[0m[0m port                       = 443
TestRunHAUpgrade 2024-01-22T11:31:41Z logger.go:66:       [32m+[0m[0m private_ips                = (known after apply)
TestRunHAUpgrade 2024-01-22T11:31:41Z logger.go:66:       [32m+[0m[0m protocol                   = "udp"
TestRunHAUpgrade 2024-01-22T11:31:41Z logger.go:66:       [32m+[0m[0m resource_group             = (known after apply)
TestRunHAUpgrade 2024-01-22T11:31:41Z logger.go:66:       [32m+[0m[0m resource_type              = "vpn_server"
TestRunHAUpgrade 2024-01-22T11:31:41Z logger.go:66:       [32m+[0m[0m security_groups            = (known after apply)
TestRunHAUpgrade 2024-01-22T11:31:41Z logger.go:66:       [32m+[0m[0m subnets                    = (known after apply)
TestRunHAUpgrade 2024-01-22T11:31:41Z logger.go:66:       [32m+[0m[0m vpc                        = (known after apply)
TestRunHAUpgrade 2024-01-22T11:31:41Z logger.go:66:       [32m+[0m[0m vpn_server                 = (known after apply)
TestRunHAUpgrade 2024-01-22T11:31:41Z logger.go:66: 
TestRunHAUpgrade 2024-01-22T11:31:41Z logger.go:66:       [32m+[0m[0m client_authentication {
TestRunHAUpgrade 2024-01-22T11:31:41Z logger.go:66:           [32m+[0m[0m identity_provider = "iam"
TestRunHAUpgrade 2024-01-22T11:31:41Z logger.go:66:           [32m+[0m[0m method            = "username"
TestRunHAUpgrade 2024-01-22T11:31:41Z logger.go:66:         }
TestRunHAUpgrade 2024-01-22T11:31:41Z logger.go:66:     }
TestRunHAUpgrade 2024-01-22T11:31:41Z logger.go:66: 
TestRunHAUpgrade 2024-01-22T11:31:41Z logger.go:66: [1m  # module.vpn.ibm_is_vpn_server_route.server_route["vpc-10"][0m will be created
TestRunHAUpgrade 2024-01-22T11:31:41Z logger.go:66: [0m  [32m+[0m[0m resource "ibm_is_vpn_server_route" "server_route" {
TestRunHAUpgrade 2024-01-22T11:31:41Z logger.go:66:       [32m+[0m[0m action            = "deliver"
TestRunHAUpgrade 2024-01-22T11:31:41Z logger.go:66:       [32m+[0m[0m created_at        = (known after apply)
TestRunHAUpgrade 2024-01-22T11:31:41Z logger.go:66:       [32m+[0m[0m destination       = "10.0.0.0/8"
TestRunHAUpgrade 2024-01-22T11:31:41Z logger.go:66:       [32m+[0m[0m health_reasons    = (known after apply)
TestRunHAUpgrade 2024-01-22T11:31:41Z logger.go:66:       [32m+[0m[0m health_state      = (known after apply)
TestRunHAUpgrade 2024-01-22T11:31:41Z logger.go:66:       [32m+[0m[0m href              = (known after apply)
TestRunHAUpgrade 2024-01-22T11:31:41Z logger.go:66:       [32m+[0m[0m id                = (known after apply)
TestRunHAUpgrade 2024-01-22T11:31:41Z logger.go:66:       [32m+[0m[0m lifecycle_reasons = (known after apply)
TestRunHAUpgrade 2024-01-22T11:31:41Z logger.go:66:       [32m+[0m[0m lifecycle_state   = (known after apply)
TestRunHAUpgrade 2024-01-22T11:31:41Z logger.go:66:       [32m+[0m[0m name              = "vpc-10"
TestRunHAUpgrade 2024-01-22T11:31:41Z logger.go:66:       [32m+[0m[0m resource_type     = (known after apply)
TestRunHAUpgrade 2024-01-22T11:31:41Z logger.go:66:       [32m+[0m[0m vpn_route         = (known after apply)
TestRunHAUpgrade 2024-01-22T11:31:41Z logger.go:66:       [32m+[0m[0m vpn_server        = (known after apply)
TestRunHAUpgrade 2024-01-22T11:31:41Z logger.go:66:     }
TestRunHAUpgrade 2024-01-22T11:31:41Z logger.go:66: 
TestRunHAUpgrade 2024-01-22T11:31:41Z logger.go:66: [1m  # module.vpn.time_sleep.wait_for_authorization_policy[0m will be created
TestRunHAUpgrade 2024-01-22T11:31:41Z logger.go:66: [0m  [32m+[0m[0m resource "time_sleep" "wait_for_authorization_policy" {
TestRunHAUpgrade 2024-01-22T11:31:41Z logger.go:66:       [32m+[0m[0m create_duration = "30s"
TestRunHAUpgrade 2024-01-22T11:31:41Z logger.go:66:       [32m+[0m[0m id              = (known after apply)
TestRunHAUpgrade 2024-01-22T11:31:41Z logger.go:66:     }
TestRunHAUpgrade 2024-01-22T11:31:41Z logger.go:66: 
TestRunHAUpgrade 2024-01-22T11:31:41Z logger.go:66: [1mPlan:[0m 16 to add, 0 to change, 0 to destroy.
TestRunHAUpgrade 2024-01-22T11:31:41Z logger.go:66: [0m
TestRunHAUpgrade 2024-01-22T11:31:41Z logger.go:66: Changes to Outputs:
TestRunHAUpgrade 2024-01-22T11:31:41Z logger.go:66:   [32m+[0m[0m resource_group_id                 = (known after apply)
TestRunHAUpgrade 2024-01-22T11:31:41Z logger.go:66:   [32m+[0m[0m resource_group_name               = "cts-vpn-ha-upg-ucxuif-resource-group"
TestRunHAUpgrade 2024-01-22T11:31:41Z logger.go:66:   [32m+[0m[0m server_cert_id                    = (known after apply)
TestRunHAUpgrade 2024-01-22T11:31:41Z logger.go:66:   [32m+[0m[0m vpn_id                            = (known after apply)
TestRunHAUpgrade 2024-01-22T11:31:41Z logger.go:66:   [32m+[0m[0m vpn_server_certificate_secret_crn = (known after apply)
TestRunHAUpgrade 2024-01-22T11:31:42Z logger.go:66: [0m[1mmodule.vpn.ibm_iam_access_group.cts_vpn_access_group[0]: Creating...[0m[0m
TestRunHAUpgrade 2024-01-22T11:31:42Z logger.go:66: [0m[1mmodule.resource_group.ibm_resource_group.resource_group[0]: Creating...[0m[0m
TestRunHAUpgrade 2024-01-22T11:31:42Z logger.go:66: [0m[1mmodule.secrets_manager_group.ibm_sm_secret_group.secret_group: Creating...[0m[0m
TestRunHAUpgrade 2024-01-22T11:31:42Z logger.go:66: [0m[1mmodule.vpn.ibm_iam_access_group.cts_vpn_access_group[0]: Creation complete after 1s [id=AccessGroupId-6f956f67-1308-4d91-bf1c-278b463e0eae][0m
TestRunHAUpgrade 2024-01-22T11:31:42Z logger.go:66: [0m[1mmodule.vpn.ibm_iam_access_group_members.cts_vpn_access_group_users[0]: Creating...[0m[0m
TestRunHAUpgrade 2024-01-22T11:31:42Z logger.go:66: [0m[1mmodule.vpn.ibm_iam_access_group_policy.cts_vpn_access_group_policy[0]: Creating...[0m[0m
TestRunHAUpgrade 2024-01-22T11:31:44Z logger.go:66: [0m[1mmodule.resource_group.ibm_resource_group.resource_group[0]: Creation complete after 2s [id=5e8ffcf79a7943cb912baf0969d08f5c][0m
TestRunHAUpgrade 2024-01-22T11:31:44Z logger.go:66: [0m[1mmodule.vpn.ibm_iam_authorization_policy.policy[0]: Creating...[0m[0m
TestRunHAUpgrade 2024-01-22T11:31:44Z logger.go:66: [0m[1mmodule.secrets_manager_group.ibm_sm_secret_group.secret_group: Creation complete after 2s [id=us-south/79c6d411-c18f-4670-b009-b0044a238667/73ce2584-20ad-9030-8696-84b31c4ef01f][0m
TestRunHAUpgrade 2024-01-22T11:31:44Z logger.go:66: [0m[1mmodule.secrets_manager_private_certificate.ibm_sm_private_certificate.secrets_manager_private_certificate: Creating...[0m[0m
TestRunHAUpgrade 2024-01-22T11:31:45Z logger.go:66: [0m[1mmodule.basic_vpc.ibm_is_vpc.vpc[0]: Creating...[0m[0m
TestRunHAUpgrade 2024-01-22T11:31:45Z logger.go:66: [0m[1mmodule.vpn.ibm_iam_access_group_policy.cts_vpn_access_group_policy[0]: Creation complete after 2s [id=AccessGroupId-6f956f67-1308-4d91-bf1c-278b463e0eae/8a264c99-5e71-407d-a3cc-f3a6d2d3be95][0m
TestRunHAUpgrade 2024-01-22T11:31:45Z logger.go:66: [0m[1mmodule.vpn.ibm_iam_authorization_policy.policy[0]: Creation complete after 2s [id=e5d6161b-6422-4d88-8c8a-760d8a69cd31][0m
TestRunHAUpgrade 2024-01-22T11:31:45Z logger.go:66: [0m[1mmodule.vpn.time_sleep.wait_for_authorization_policy: Creating...[0m[0m
TestRunHAUpgrade 2024-01-22T11:31:46Z logger.go:66: [0m[1mmodule.vpn.ibm_iam_access_group_members.cts_vpn_access_group_users[0]: Creation complete after 4s [id=AccessGroupId-6f956f67-1308-4d91-bf1c-278b463e0eae/2024-01-22 11:31:44.449571 +0000 UTC][0m
TestRunHAUpgrade 2024-01-22T11:31:47Z logger.go:66: [0m[1mmodule.secrets_manager_private_certificate.ibm_sm_private_certificate.secrets_manager_private_certificate: Creation complete after 2s [id=us-south/79c6d411-c18f-4670-b009-b0044a238667/1dc25be3-ab8d-9549-d58b-3f145bfe9691][0m
TestRunHAUpgrade 2024-01-22T11:31:55Z logger.go:66: [0m[1mmodule.basic_vpc.ibm_is_vpc.vpc[0]: Still creating... [10s elapsed][0m[0m
TestRunHAUpgrade 2024-01-22T11:31:55Z logger.go:66: [0m[1mmodule.vpn.time_sleep.wait_for_authorization_policy: Still creating... [10s elapsed][0m[0m
TestRunHAUpgrade 2024-01-22T11:32:03Z logger.go:66: [0m[1mmodule.basic_vpc.ibm_is_vpc.vpc[0]: Creation complete after 18s [id=r050-df7cb3a8-b1c1-493e-a5d5-c3565018fafc][0m
TestRunHAUpgrade 2024-01-22T11:32:03Z logger.go:66: [0m[1mmodule.basic_vpc.ibm_is_vpc_address_prefix.subnet_prefix["cts-vpn-ha-upg-ucxuif-vpc-subnet-b"]: Creating...[0m[0m
TestRunHAUpgrade 2024-01-22T11:32:03Z logger.go:66: [0m[1mmodule.basic_vpc.ibm_is_vpc_address_prefix.subnet_prefix["cts-vpn-ha-upg-ucxuif-vpc-subnet-a"]: Creating...[0m[0m
TestRunHAUpgrade 2024-01-22T11:32:03Z logger.go:66: [0m[1mmodule.basic_vpc.ibm_is_vpc_address_prefix.subnet_prefix["cts-vpn-ha-upg-ucxuif-vpc-subnet-a"]: Creation complete after 1s [id=r050-df7cb3a8-b1c1-493e-a5d5-c3565018fafc/r050-74b13627-984f-4cdf-9a8e-fb07dd81724d][0m
TestRunHAUpgrade 2024-01-22T11:32:04Z logger.go:66: [0m[1mmodule.basic_vpc.ibm_is_vpc_address_prefix.subnet_prefix["cts-vpn-ha-upg-ucxuif-vpc-subnet-b"]: Creation complete after 1s [id=r050-df7cb3a8-b1c1-493e-a5d5-c3565018fafc/r050-7bb16902-702f-4c16-be5a-979c3fcbaa5c][0m
TestRunHAUpgrade 2024-01-22T11:32:04Z logger.go:66: [0m[1mmodule.basic_vpc.data.ibm_is_vpc_address_prefixes.get_address_prefixes: Reading...[0m[0m
TestRunHAUpgrade 2024-01-22T11:32:04Z logger.go:66: [0m[1mmodule.basic_vpc.data.ibm_is_vpc_address_prefixes.get_address_prefixes: Read complete after 0s [id=2024-01-22 11:32:04.495607 +0000 UTC][0m
TestRunHAUpgrade 2024-01-22T11:32:04Z logger.go:66: [0m[1mmodule.basic_vpc.ibm_is_network_acl.network_acl["vpc-acl"]: Creating...[0m[0m
TestRunHAUpgrade 2024-01-22T11:32:05Z logger.go:66: [0m[1mmodule.vpn.time_sleep.wait_for_authorization_policy: Still creating... [20s elapsed][0m[0m
TestRunHAUpgrade 2024-01-22T11:32:10Z logger.go:66: [0m[1mmodule.basic_vpc.ibm_is_network_acl.network_acl["vpc-acl"]: Creation complete after 5s [id=r050-3187be46-8a7c-4666-9b7b-faf6aec37f54][0m
TestRunHAUpgrade 2024-01-22T11:32:10Z logger.go:66: [0m[1mmodule.basic_vpc.ibm_is_subnet.subnet["cts-vpn-ha-upg-ucxuif-vpc-subnet-b"]: Creating...[0m[0m
TestRunHAUpgrade 2024-01-22T11:32:10Z logger.go:66: [0m[1mmodule.basic_vpc.ibm_is_subnet.subnet["cts-vpn-ha-upg-ucxuif-vpc-subnet-a"]: Creating...[0m[0m
TestRunHAUpgrade 2024-01-22T11:32:15Z logger.go:66: [0m[1mmodule.vpn.time_sleep.wait_for_authorization_policy: Still creating... [30s elapsed][0m[0m
TestRunHAUpgrade 2024-01-22T11:32:15Z logger.go:66: [0m[1mmodule.vpn.time_sleep.wait_for_authorization_policy: Creation complete after 30s [id=2024-01-22T11:32:15Z][0m
TestRunHAUpgrade 2024-01-22T11:32:20Z logger.go:66: [0m[1mmodule.basic_vpc.ibm_is_subnet.subnet["cts-vpn-ha-upg-ucxuif-vpc-subnet-b"]: Still creating... [10s elapsed][0m[0m
TestRunHAUpgrade 2024-01-22T11:32:20Z logger.go:66: [0m[1mmodule.basic_vpc.ibm_is_subnet.subnet["cts-vpn-ha-upg-ucxuif-vpc-subnet-a"]: Still creating... [10s elapsed][0m[0m
TestRunHAUpgrade 2024-01-22T11:32:21Z logger.go:66: [0m[1mmodule.basic_vpc.ibm_is_subnet.subnet["cts-vpn-ha-upg-ucxuif-vpc-subnet-b"]: Creation complete after 12s [id=02x7-5efc78a5-4c53-4f99-981e-6b977d118128][0m
TestRunHAUpgrade 2024-01-22T11:32:22Z logger.go:66: [0m[1mmodule.basic_vpc.ibm_is_subnet.subnet["cts-vpn-ha-upg-ucxuif-vpc-subnet-a"]: Creation complete after 12s [id=02w7-31850d2f-02f5-491b-b3e1-423e5f9ac3ed][0m
TestRunHAUpgrade 2024-01-22T11:32:22Z logger.go:66: [0m[1mdata.ibm_is_vpc.basic_vpc: Reading...[0m[0m
TestRunHAUpgrade 2024-01-22T11:32:24Z logger.go:66: [0m[1mdata.ibm_is_vpc.basic_vpc: Read complete after 2s [id=r050-df7cb3a8-b1c1-493e-a5d5-c3565018fafc][0m
TestRunHAUpgrade 2024-01-22T11:32:24Z logger.go:66: [0m[1mmodule.vpn.ibm_is_vpn_server.vpn: Creating...[0m[0m
TestRunHAUpgrade 2024-01-22T11:32:34Z logger.go:66: [0m[1mmodule.vpn.ibm_is_vpn_server.vpn: Still creating... [10s elapsed][0m[0m
TestRunHAUpgrade 2024-01-22T11:32:44Z logger.go:66: [0m[1mmodule.vpn.ibm_is_vpn_server.vpn: Still creating... [20s elapsed][0m[0m
TestRunHAUpgrade 2024-01-22T11:32:54Z logger.go:66: [0m[1mmodule.vpn.ibm_is_vpn_server.vpn: Still creating... [30s elapsed][0m[0m
TestRunHAUpgrade 2024-01-22T11:33:04Z logger.go:66: [0m[1mmodule.vpn.ibm_is_vpn_server.vpn: Still creating... [40s elapsed][0m[0m
TestRunHAUpgrade 2024-01-22T11:33:14Z logger.go:66: [0m[1mmodule.vpn.ibm_is_vpn_server.vpn: Still creating... [50s elapsed][0m[0m
TestRunHAUpgrade 2024-01-22T11:33:24Z logger.go:66: [0m[1mmodule.vpn.ibm_is_vpn_server.vpn: Still creating... [1m0s elapsed][0m[0m
TestRunHAUpgrade 2024-01-22T11:33:34Z logger.go:66: [0m[1mmodule.vpn.ibm_is_vpn_server.vpn: Still creating... [1m10s elapsed][0m[0m
TestRunHAUpgrade 2024-01-22T11:33:44Z logger.go:66: [0m[1mmodule.vpn.ibm_is_vpn_server.vpn: Still creating... [1m20s elapsed][0m[0m
TestRunHAUpgrade 2024-01-22T11:33:54Z logger.go:66: [0m[1mmodule.vpn.ibm_is_vpn_server.vpn: Still creating... [1m30s elapsed][0m[0m
TestRunHAUpgrade 2024-01-22T11:34:04Z logger.go:66: [0m[1mmodule.vpn.ibm_is_vpn_server.vpn: Still creating... [1m40s elapsed][0m[0m
TestRunHAUpgrade 2024-01-22T11:34:14Z logger.go:66: [0m[1mmodule.vpn.ibm_is_vpn_server.vpn: Still creating... [1m50s elapsed][0m[0m
TestRunHAUpgrade 2024-01-22T11:34:24Z logger.go:66: [0m[1mmodule.vpn.ibm_is_vpn_server.vpn: Still creating... [2m0s elapsed][0m[0m
TestRunHAUpgrade 2024-01-22T11:34:34Z logger.go:66: [0m[1mmodule.vpn.ibm_is_vpn_server.vpn: Still creating... [2m10s elapsed][0m[0m
TestRunHAUpgrade 2024-01-22T11:34:44Z logger.go:66: [0m[1mmodule.vpn.ibm_is_vpn_server.vpn: Still creating... [2m20s elapsed][0m[0m
TestRunHAUpgrade 2024-01-22T11:34:54Z logger.go:66: [0m[1mmodule.vpn.ibm_is_vpn_server.vpn: Still creating... [2m30s elapsed][0m[0m
TestRunHAUpgrade 2024-01-22T11:35:04Z logger.go:66: [0m[1mmodule.vpn.ibm_is_vpn_server.vpn: Still creating... [2m40s elapsed][0m[0m
TestRunHAUpgrade 2024-01-22T11:35:14Z logger.go:66: [0m[1mmodule.vpn.ibm_is_vpn_server.vpn: Still creating... [2m50s elapsed][0m[0m
TestRunHAUpgrade 2024-01-22T11:35:24Z logger.go:66: [0m[1mmodule.vpn.ibm_is_vpn_server.vpn: Still creating... [3m0s elapsed][0m[0m
TestRunHAUpgrade 2024-01-22T11:35:34Z logger.go:66: [0m[1mmodule.vpn.ibm_is_vpn_server.vpn: Still creating... [3m10s elapsed][0m[0m
TestRunHAUpgrade 2024-01-22T11:35:44Z logger.go:66: [0m[1mmodule.vpn.ibm_is_vpn_server.vpn: Still creating... [3m20s elapsed][0m[0m
TestRunHAUpgrade 2024-01-22T11:35:54Z logger.go:66: [0m[1mmodule.vpn.ibm_is_vpn_server.vpn: Still creating... [3m30s elapsed][0m[0m
TestRunHAUpgrade 2024-01-22T11:36:04Z logger.go:66: [0m[1mmodule.vpn.ibm_is_vpn_server.vpn: Still creating... [3m40s elapsed][0m[0m
TestRunHAUpgrade 2024-01-22T11:36:14Z logger.go:66: [0m[1mmodule.vpn.ibm_is_vpn_server.vpn: Still creating... [3m50s elapsed][0m[0m
TestRunHAUpgrade 2024-01-22T11:36:24Z logger.go:66: [0m[1mmodule.vpn.ibm_is_vpn_server.vpn: Still creating... [4m0s elapsed][0m[0m
TestRunHAUpgrade 2024-01-22T11:36:34Z logger.go:66: [0m[1mmodule.vpn.ibm_is_vpn_server.vpn: Still creating... [4m10s elapsed][0m[0m
TestRunHAUpgrade 2024-01-22T11:36:44Z logger.go:66: [0m[1mmodule.vpn.ibm_is_vpn_server.vpn: Still creating... [4m20s elapsed][0m[0m
TestRunHAUpgrade 2024-01-22T11:36:45Z logger.go:66: [0m[1mmodule.vpn.ibm_is_vpn_server.vpn: Creation complete after 4m20s [id=r050-f6fe3924-dd09-40f6-a9a8-302366bc3398][0m
TestRunHAUpgrade 2024-01-22T11:36:45Z logger.go:66: [0m[1mmodule.vpn.ibm_is_vpn_server_route.server_route["vpc-10"]: Creating...[0m[0m
TestRunHAUpgrade 2024-01-22T11:36:55Z logger.go:66: [0m[1mmodule.vpn.ibm_is_vpn_server_route.server_route["vpc-10"]: Still creating... [10s elapsed][0m[0m
TestRunHAUpgrade 2024-01-22T11:37:05Z logger.go:66: [0m[1mmodule.vpn.ibm_is_vpn_server_route.server_route["vpc-10"]: Still creating... [20s elapsed][0m[0m
TestRunHAUpgrade 2024-01-22T11:37:15Z logger.go:66: [0m[1mmodule.vpn.ibm_is_vpn_server_route.server_route["vpc-10"]: Still creating... [30s elapsed][0m[0m
TestRunHAUpgrade 2024-01-22T11:37:25Z logger.go:66: [0m[1mmodule.vpn.ibm_is_vpn_server_route.server_route["vpc-10"]: Still creating... [40s elapsed][0m[0m
TestRunHAUpgrade 2024-01-22T11:37:30Z logger.go:66: [0m[1mmodule.vpn.ibm_is_vpn_server_route.server_route["vpc-10"]: Creation complete after 46s [id=r050-f6fe3924-dd09-40f6-a9a8-302366bc3398/r050-8b6eb40d-7574-4ca6-97f5-dac60d9c7d77][0m
TestRunHAUpgrade 2024-01-22T11:37:30Z logger.go:66: [0m[1m[32m
TestRunHAUpgrade 2024-01-22T11:37:30Z logger.go:66: Apply complete! Resources: 16 added, 0 changed, 0 destroyed.
TestRunHAUpgrade 2024-01-22T11:37:30Z logger.go:66: [0m[0m[1m[32m
TestRunHAUpgrade 2024-01-22T11:37:30Z logger.go:66: Outputs:
TestRunHAUpgrade 2024-01-22T11:37:30Z logger.go:66: 
TestRunHAUpgrade 2024-01-22T11:37:30Z logger.go:66: [0mresource_group_id = "5e8ffcf79a7943cb912baf0969d08f5c"
TestRunHAUpgrade 2024-01-22T11:37:30Z logger.go:66: resource_group_name = "cts-vpn-ha-upg-ucxuif-resource-group"
TestRunHAUpgrade 2024-01-22T11:37:30Z logger.go:66: server_cert_id = "us-south/79c6d411-c18f-4670-b009-b0044a238667/1dc25be3-ab8d-9549-d58b-3f145bfe9691"
TestRunHAUpgrade 2024-01-22T11:37:30Z logger.go:66: vpn_id = "r050-f6fe3924-dd09-40f6-a9a8-302366bc3398"
TestRunHAUpgrade 2024-01-22T11:37:30Z logger.go:66: vpn_server_certificate_secret_crn = "crn:v1:bluemix:public:secrets-manager:us-south:a/abac0df06b644a9cabc6e44f55b3880e:79c6d411-c18f-4670-b009-b0044a238667:secret:1dc25be3-ab8d-9549-d58b-3f145bfe9691"
TestRunHAUpgrade 2024-01-22T11:37:31Z tests.go:602: State file copied to PR branch dir: /var/folders/ns/_tz6rxjj1ln5chxndw3b0j8c0000gn/T/terraform-pr-cts-vpn-ha-upg-ucxuif1106717319/examples/ha-complete/terraform.tfstate
TestRunHAUpgrade 2024-01-22T11:37:31Z tests.go:605: Init / Plan on PR Branch: renovate/terraform-module
TestRunHAUpgrade 2024-01-22T11:37:31Z tests.go:606: Init / Plan on PR Branch dir: /var/folders/ns/_tz6rxjj1ln5chxndw3b0j8c0000gn/T/terraform-pr-cts-vpn-ha-upg-ucxuif1106717319/examples/ha-complete
TestRunHAUpgrade 2024-01-22T11:37:31Z tests.go:690: START: Init / Plan / Show w/Struct
TestRunHAUpgrade 2024-01-22T11:37:31Z retry.go:91: terraform [init -upgrade=true]
TestRunHAUpgrade 2024-01-22T11:38:04Z retry.go:91: terraform [plan -input=false -lock=false -var certificate_template_name=geretain-cert-template -var vpn_client_access_group_users=["GoldenEye.Operations@ibm.com"] -var existing_sm_instance_guid=79c6d411-c18f-4670-b009-b0044a238667 -var existing_sm_instance_region=us-south -var prefix=cts-vpn-ha-upg-ucxuif -var region=eu-es -var resource_tags=[] -lock=false -out=/var/folders/ns/_tz6rxjj1ln5chxndw3b0j8c0000gn/T/terraform-pr-cts-vpn-ha-upg-ucxuif1106717319/examples/ha-complete/terratest-plan-file-1261353993]
TestRunHAUpgrade 2024-01-22T11:38:24Z retry.go:91: terraform [show -no-color -json /var/folders/ns/_tz6rxjj1ln5chxndw3b0j8c0000gn/T/terraform-pr-cts-vpn-ha-upg-ucxuif1106717319/examples/ha-complete/terratest-plan-file-1261353993]
TestRunHAUpgrade 2024-01-22T11:38:25Z tests.go:708: FINISHED: Init / Plan / Show w/Struct
TestRunHAUpgrade 2024-01-22T11:38:25Z tests.go:621: Parsing plan output to determine if any resources identified for destroy (PR branch)...
    tests.go:170: 
        	Error Trace:	/Users/peggs/go/pkg/mod/github.com/terraform-ibm-modules/ibmcloud-terratest-wrapper@v1.26.5/testhelper/tests.go:170
        	            				/Users/peggs/go/pkg/mod/github.com/terraform-ibm-modules/ibmcloud-terratest-wrapper@v1.26.5/testhelper/tests.go:622
        	            				/Users/peggs/GitHub/terraform-ibm-client-to-site-vpn/tests/pr_test.go:79
        	Error:      	Should be false
        	Test:       	TestRunHAUpgrade
        	Messages:   	Resource(s) identified to be destroyed 
        	            	Name: subnet
        	            	Address: module.basic_vpc.ibm_is_subnet.subnet["cts-vpn-ha-upg-ucxuif-vpc-subnet-b"]
        	            	Actions: [delete create]
        	            	DIFF:
        	            	  Before: 
        	            		{"access_tags":"SECURE_VALUE_HIDDEN_HASH:-481080765cb44cbeb327996d430a81a5122846d09498794a3109312e","available_ipv4_address_count":249,"crn":"crn:v1:bluemix:public:is:eu-es-2:a/abac0df06b644a9cabc6e44f55b3880e::subnet:02x7-5efc78a5-4c53-4f99-981e-6b977d118128","id":"02x7-5efc78a5-4c53-4f99-981e-6b977d118128","network_acl":"r050-3187be46-8a7c-4666-9b7b-faf6aec37f54","public_gateway":"","resource_controller_url":"https://cloud.ibm.com/vpc-ext/network/subnets","resource_crn":"crn:v1:bluemix:public:is:eu-es-2:a/abac0df06b644a9cabc6e44f55b3880e::subnet:02x7-5efc78a5-4c53-4f99-981e-6b977d118128","resource_group_name":"cts-vpn-ha-upg-ucxuif-resource-group","resource_name":"cts-vpn-ha-upg-ucxuif-vpc-subnet-b","resource_status":"available","routing_table":"r050-8e0be208-9ed5-43f7-94ca-e149e0b49f2d","status":"available","tags":"SECURE_VALUE_HIDDEN_HASH:-a522add4866c5b755d599be407042e80309823334e234d18ae94ccd7","total_ipv4_address_count":256,"vpc":"r050-df7cb3a8-b1c1-493e-a5d5-c3565018fafc"}
        	            	  After: 
        	            		{}
        	            	
        	            	Change Detail:
        	            	{
        	            	  "actions": [
        	            	    "delete",
        	            	    "create"
        	            	  ],
        	            	  "after": {
        	            	    "ip_version": "ipv4",
        	            	    "ipv4_cidr_block": "10.20.10.0/24",
        	            	    "name": "cts-vpn-ha-upg-ucxuif-vpc-subnet-b",
        	            	    "resource_group": "5e8ffcf79a7943cb912baf0969d08f5c",
        	            	    "timeouts": null,
        	            	    "zone": "eu-es-2"
        	            	  },
        	            	  "after_sensitive": {
        	            	    "access_tags": "SECURE_VALUE_HIDDEN_HASH:-9d7e2d29b998aa2ecdc273f5e579f96253c291e261e7c33ef605b322",
        	            	    "tags": "SECURE_VALUE_HIDDEN_HASH:-207d8099e460840b9d4b57c0c8d90e984a3e7aea194cedb35433b1bd"
        	            	  },
        	            	  "after_unknown": {
        	            	    "access_tags": "SECURE_VALUE_HIDDEN_HASH:-3dd75d3e1c4163485f66530d845905d939f450e8c69b14ea51168fba",
        	            	    "available_ipv4_address_count": true,
        	            	    "crn": true,
        	            	    "id": true,
        	            	    "network_acl": true,
        	            	    "public_gateway": true,
        	            	    "resource_controller_url": true,
        	            	    "resource_crn": true,
        	            	    "resource_group_name": true,
        	            	    "resource_name": true,
        	            	    "resource_status": true,
        	            	    "routing_table": true,
        	            	    "status": true,
        	            	    "tags": "SECURE_VALUE_HIDDEN_HASH:-f05857515cb3e731851d78726ac8adb6caba4a88380fa98ea2df0d64",
        	            	    "total_ipv4_address_count": true,
        	            	    "vpc": true
        	            	  },
        	            	  "before": {
        	            	    "access_tags": "SECURE_VALUE_HIDDEN_HASH:-ae85ee6254eda642ed45171406f5821139d6b13ce7ee10065275dd56",
        	            	    "available_ipv4_address_count": 249,
        	            	    "crn": "crn:v1:bluemix:public:is:eu-es-2:a/abac0df06b644a9cabc6e44f55b3880e::subnet:02x7-5efc78a5-4c53-4f99-981e-6b977d118128",
        	            	    "id": "02x7-5efc78a5-4c53-4f99-981e-6b977d118128",
        	            	    "ip_version": "ipv4",
        	            	    "ipv4_cidr_block": "10.20.10.0/24",
        	            	    "name": "cts-vpn-ha-upg-ucxuif-vpc-subnet-b",
        	            	    "network_acl": "r050-3187be46-8a7c-4666-9b7b-faf6aec37f54",
        	            	    "public_gateway": "",
        	            	    "resource_controller_url": "https://cloud.ibm.com/vpc-ext/network/subnets",
        	            	    "resource_crn": "crn:v1:bluemix:public:is:eu-es-2:a/abac0df06b644a9cabc6e44f55b3880e::subnet:02x7-5efc78a5-4c53-4f99-981e-6b977d118128",
        	            	    "resource_group": "5e8ffcf79a7943cb912baf0969d08f5c",
        	            	    "resource_group_name": "cts-vpn-ha-upg-ucxuif-resource-group",
        	            	    "resource_name": "cts-vpn-ha-upg-ucxuif-vpc-subnet-b",
        	            	    "resource_status": "available",
        	            	    "routing_table": "r050-8e0be208-9ed5-43f7-94ca-e149e0b49f2d",
        	            	    "status": "available",
        	            	    "tags": "SECURE_VALUE_HIDDEN_HASH:-32aee64cfc61c3cd303e572baa6479c4023476ecf6d7b183cf912e60",
        	            	    "timeouts": null,
        	            	    "total_ipv4_address_count": 256,
        	            	    "vpc": "r050-df7cb3a8-b1c1-493e-a5d5-c3565018fafc",
        	            	    "zone": "eu-es-2"
        	            	  },
        	            	  "before_sensitive": {
        	            	    "access_tags": "SECURE_VALUE_HIDDEN_HASH:-a074f528a84c78d97e0f0c2a2b5686dbc62f51de408096d9070cdd32",
        	            	    "tags": "SECURE_VALUE_HIDDEN_HASH:-39c22f4da4c5e2349e7b066444c573fadb66a2e8a0d5d2c0d8de6222"
        	            	  },
        	            	  "replace_paths": [
        	            	    [
        	            	      "vpc"
        	            	    ]
        	            	  ]
        	            	}
    tests.go:170: 
        	Error Trace:	/Users/peggs/go/pkg/mod/github.com/terraform-ibm-modules/ibmcloud-terratest-wrapper@v1.26.5/testhelper/tests.go:170
        	            				/Users/peggs/go/pkg/mod/github.com/terraform-ibm-modules/ibmcloud-terratest-wrapper@v1.26.5/testhelper/tests.go:622
        	            				/Users/peggs/GitHub/terraform-ibm-client-to-site-vpn/tests/pr_test.go:79
        	Error:      	Should be false
        	Test:       	TestRunHAUpgrade
        	Messages:   	Resource(s) identified to be destroyed 
        	            	Name: subnet
        	            	Address: module.basic_vpc.ibm_is_subnet.subnet["cts-vpn-ha-upg-ucxuif-vpc-subnet-a"]
        	            	Actions: [delete create]
        	            	DIFF:
        	            	  Before: 
        	            		{"access_tags":"SECURE_VALUE_HIDDEN_HASH:-4496f082ebdf7f789fd30f8c093e43114e70a08b386c21715f238d99","available_ipv4_address_count":250,"crn":"crn:v1:bluemix:public:is:eu-es-1:a/abac0df06b644a9cabc6e44f55b3880e::subnet:02w7-31850d2f-02f5-491b-b3e1-423e5f9ac3ed","id":"02w7-31850d2f-02f5-491b-b3e1-423e5f9ac3ed","network_acl":"r050-3187be46-8a7c-4666-9b7b-faf6aec37f54","public_gateway":"","resource_controller_url":"https://cloud.ibm.com/vpc-ext/network/subnets","resource_crn":"crn:v1:bluemix:public:is:eu-es-1:a/abac0df06b644a9cabc6e44f55b3880e::subnet:02w7-31850d2f-02f5-491b-b3e1-423e5f9ac3ed","resource_group_name":"cts-vpn-ha-upg-ucxuif-resource-group","resource_name":"cts-vpn-ha-upg-ucxuif-vpc-subnet-a","resource_status":"available","routing_table":"r050-8e0be208-9ed5-43f7-94ca-e149e0b49f2d","status":"available","tags":"SECURE_VALUE_HIDDEN_HASH:-697c0b735636de1dfedad8d674749985c36304f696f4df37023e08f5","total_ipv4_address_count":256,"vpc":"r050-df7cb3a8-b1c1-493e-a5d5-c3565018fafc"}
        	            	  After: 
        	            		{}
        	            	
        	            	Change Detail:
        	            	{
        	            	  "actions": [
        	            	    "delete",
        	            	    "create"
        	            	  ],
        	            	  "after": {
        	            	    "ip_version": "ipv4",
        	            	    "ipv4_cidr_block": "10.10.10.0/24",
        	            	    "name": "cts-vpn-ha-upg-ucxuif-vpc-subnet-a",
        	            	    "resource_group": "5e8ffcf79a7943cb912baf0969d08f5c",
        	            	    "timeouts": null,
        	            	    "zone": "eu-es-1"
        	            	  },
        	            	  "after_sensitive": {
        	            	    "access_tags": "SECURE_VALUE_HIDDEN_HASH:-da578b02059b175eba265eca85972d1c381a650835aa554d11409ae6",
        	            	    "tags": "SECURE_VALUE_HIDDEN_HASH:-6b9b478a0cd4e0c31c1d6a594bf4941120711cf89a202782c3b7e6a2"
        	            	  },
        	            	  "after_unknown": {
        	            	    "access_tags": "SECURE_VALUE_HIDDEN_HASH:-5580918aed16f1af0793e5ae6872e331420693b4f3ce17d645705936",
        	            	    "available_ipv4_address_count": true,
        	            	    "crn": true,
        	            	    "id": true,
        	            	    "network_acl": true,
        	            	    "public_gateway": true,
        	            	    "resource_controller_url": true,
        	            	    "resource_crn": true,
        	            	    "resource_group_name": true,
        	            	    "resource_name": true,
        	            	    "resource_status": true,
        	            	    "routing_table": true,
        	            	    "status": true,
        	            	    "tags": "SECURE_VALUE_HIDDEN_HASH:-9984c81818b8aa88cc6496b0cd30d69fc4b2fb1decc54a34d682cee8",
        	            	    "total_ipv4_address_count": true,
        	            	    "vpc": true
        	            	  },
        	            	  "before": {
        	            	    "access_tags": "SECURE_VALUE_HIDDEN_HASH:-401d844c41af1f9d503f5d8f2a6c565c346177b3a644abc682867a5c",
        	            	    "available_ipv4_address_count": 250,
        	            	    "crn": "crn:v1:bluemix:public:is:eu-es-1:a/abac0df06b644a9cabc6e44f55b3880e::subnet:02w7-31850d2f-02f5-491b-b3e1-423e5f9ac3ed",
        	            	    "id": "02w7-31850d2f-02f5-491b-b3e1-423e5f9ac3ed",
        	            	    "ip_version": "ipv4",
        	            	    "ipv4_cidr_block": "10.10.10.0/24",
        	            	    "name": "cts-vpn-ha-upg-ucxuif-vpc-subnet-a",
        	            	    "network_acl": "r050-3187be46-8a7c-4666-9b7b-faf6aec37f54",
        	            	    "public_gateway": "",
        	            	    "resource_controller_url": "https://cloud.ibm.com/vpc-ext/network/subnets",
        	            	    "resource_crn": "crn:v1:bluemix:public:is:eu-es-1:a/abac0df06b644a9cabc6e44f55b3880e::subnet:02w7-31850d2f-02f5-491b-b3e1-423e5f9ac3ed",
        	            	    "resource_group": "5e8ffcf79a7943cb912baf0969d08f5c",
        	            	    "resource_group_name": "cts-vpn-ha-upg-ucxuif-resource-group",
        	            	    "resource_name": "cts-vpn-ha-upg-ucxuif-vpc-subnet-a",
        	            	    "resource_status": "available",
        	            	    "routing_table": "r050-8e0be208-9ed5-43f7-94ca-e149e0b49f2d",
        	            	    "status": "available",
        	            	    "tags": "SECURE_VALUE_HIDDEN_HASH:-3bb658083b3e8f86c7b924af47f06661c7e446fafa9f8792fe808b36",
        	            	    "timeouts": null,
        	            	    "total_ipv4_address_count": 256,
        	            	    "vpc": "r050-df7cb3a8-b1c1-493e-a5d5-c3565018fafc",
        	            	    "zone": "eu-es-1"
        	            	  },
        	            	  "before_sensitive": {
        	            	    "access_tags": "SECURE_VALUE_HIDDEN_HASH:-58809521a1c6dd62834ec1beda43c88d0e6fce7b9ae0b9af0f2b5442",
        	            	    "tags": "SECURE_VALUE_HIDDEN_HASH:-eb60005e485cd952073011b7fadc57e76e3444f7f1617ccf93a53a74"
        	            	  },
        	            	  "replace_paths": [
        	            	    [
        	            	      "vpc"
        	            	    ]
        	            	  ]
        	            	}
    tests.go:176: 
        	Error Trace:	/Users/peggs/go/pkg/mod/github.com/terraform-ibm-modules/ibmcloud-terratest-wrapper@v1.26.5/testhelper/tests.go:176
        	            				/Users/peggs/go/pkg/mod/github.com/terraform-ibm-modules/ibmcloud-terratest-wrapper@v1.26.5/testhelper/tests.go:622
        	            				/Users/peggs/GitHub/terraform-ibm-client-to-site-vpn/tests/pr_test.go:79
        	Error:      	Should be false
        	Test:       	TestRunHAUpgrade
        	Messages:   	Resource(s) identified to be updated 
        	            	Name: vpn
        	            	Address: module.vpn.ibm_is_vpn_server.vpn
        	            	Actions: [update]
        	            	DIFF:
        	            	  Before: 
        	            		{"subnets":"SECURE_VALUE_HIDDEN_HASH:-eabf825a484ef90125357a89b8ec69dc597ce6edb80738fa8953e19b"}
        	            	  After: 
        	            		{}
        	            	
        	            	Change Detail:
        	            	{
        	            	  "actions": [
        	            	    "update"
        	            	  ],
        	            	  "after": {
        	            	    "access_tags": "SECURE_VALUE_HIDDEN_HASH:-156628cab6b1cebf2a70e8eb347992b9a3c051db1b6e276fee9ca945",
        	            	    "certificate_crn": "crn:v1:bluemix:public:secrets-manager:us-south:a/abac0df06b644a9cabc6e44f55b3880e:79c6d411-c18f-4670-b009-b0044a238667:secret:1dc25be3-ab8d-9549-d58b-3f145bfe9691",
        	            	    "client_authentication": "SECURE_VALUE_HIDDEN_HASH:-972c1a3227cb1cef26929c54f196bd72fe8b449e4bb2775f5e031cf2",
        	            	    "client_auto_delete": true,
        	            	    "client_auto_delete_timeout": 1,
        	            	    "client_dns_server_ips": "SECURE_VALUE_HIDDEN_HASH:-10b78ff8d5a9652c120892dfd6c766c3962614c69457da4b31da214e",
        	            	    "client_idle_timeout": 1800,
        	            	    "client_ip_pool": "10.0.0.0/20",
        	            	    "created_at": "2024-01-22T11:32:37.791Z",
        	            	    "crn": "crn:v1:bluemix:public:is:eu-es:a/abac0df06b644a9cabc6e44f55b3880e::vpn-server:r050-f6fe3924-dd09-40f6-a9a8-302366bc3398",
        	            	    "enable_split_tunneling": true,
        	            	    "health_reasons": "SECURE_VALUE_HIDDEN_HASH:-332739abb3bdd7adfa1edfc630b822051a64d44ddf28c8878ba45341",
        	            	    "health_state": "ok",
        	            	    "hostname": "f6fe3924dd09.eu-es.vpn-server.appdomain.cloud",
        	            	    "href": "https://eu-es.iaas.cloud.ibm.com/v1/vpn_servers/r050-f6fe3924-dd09-40f6-a9a8-302366bc3398",
        	            	    "id": "r050-f6fe3924-dd09-40f6-a9a8-302366bc3398",
        	            	    "lifecycle_reasons": "SECURE_VALUE_HIDDEN_HASH:-cb3d22564f7689045361c1dc2cbc02a8b325d779931ba81c78a7866e",
        	            	    "lifecycle_state": "stable",
        	            	    "name": "cts-vpn-ha-upg-ucxuif-c2s-vpn",
        	            	    "port": 443,
        	            	    "private_ips": "SECURE_VALUE_HIDDEN_HASH:-cea96f5a8552777f8b4c370adf95d3c9046b8e2c9896014b8ab5c422",
        	            	    "protocol": "udp",
        	            	    "resource_group": "5e8ffcf79a7943cb912baf0969d08f5c",
        	            	    "resource_type": "vpn_server",
        	            	    "security_groups": "SECURE_VALUE_HIDDEN_HASH:-63bd98bf117f66123b80aa683b94e0b2bc189ef2c91ccd52c769af0a",
        	            	    "timeouts": null,
        	            	    "vpc": "SECURE_VALUE_HIDDEN_HASH:-44a1cf33b8c3413104cdf17c61dce80b7e04f58afc780aa19432ffa8",
        	            	    "vpn_server": "r050-f6fe3924-dd09-40f6-a9a8-302366bc3398"
        	            	  },
        	            	  "after_sensitive": {
        	            	    "access_tags": "SECURE_VALUE_HIDDEN_HASH:-f6d4746009d1f6d040d996c70aec7c3dd016f5397acc5fec6f8dda82",
        	            	    "client_authentication": "SECURE_VALUE_HIDDEN_HASH:-1e11da41a5d538dfc17a0048c1ce6a660370e60d162c06e2c2020ca3",
        	            	    "client_dns_server_ips": "SECURE_VALUE_HIDDEN_HASH:-ffd177f683ae8b2ff422b75f9cb1d9109be8d5e334d6d122cf058aeb",
        	            	    "health_reasons": "SECURE_VALUE_HIDDEN_HASH:-7ebbb6e14c176397f2bc9278161555319214d96ad055fc7910345711",
        	            	    "lifecycle_reasons": "SECURE_VALUE_HIDDEN_HASH:-624c806c23ff98a4133bfadbcebff38e1dd5ecc7e73d6e4155164884",
        	            	    "private_ips": "SECURE_VALUE_HIDDEN_HASH:-54edd31fa81bc4e4100035384b60a14b37886139f044dfc5b2309a06",
        	            	    "security_groups": "SECURE_VALUE_HIDDEN_HASH:-0f2265fc1c56e1ea05e8abfb76bfb4eb3e3261918f8d5d297ec9e54a",
        	            	    "subnets": "SECURE_VALUE_HIDDEN_HASH:-cd9790d6ca3427e33aad5465622b8adebc89cba04f9a91445f8b34e5",
        	            	    "vpc": "SECURE_VALUE_HIDDEN_HASH:-248867df757c9ed6fd625336414244ce662dcadc8b97b7369fa2ba31"
        	            	  },
        	            	  "after_unknown": {
        	            	    "access_tags": "SECURE_VALUE_HIDDEN_HASH:-5aed6032480dae319bf92edad33405888c302ad5b41bd74e3aaf892f",
        	            	    "client_authentication": "SECURE_VALUE_HIDDEN_HASH:-c585988baece0688c9a16560a250f90199e04fca99f176830dfec274",
        	            	    "client_dns_server_ips": "SECURE_VALUE_HIDDEN_HASH:-9e2750712e0b0c2dbae09f71d99e23a8659ae5cf57a7253a25611831",
        	            	    "health_reasons": "SECURE_VALUE_HIDDEN_HASH:-dd181ef22e824365b304255429ff9f3c451d7157c386e472330eb39d",
        	            	    "lifecycle_reasons": "SECURE_VALUE_HIDDEN_HASH:-fd4c885acb2175444e1ce1172418a755bbd5e5670dcb6ed3285cd0c7",
        	            	    "private_ips": "SECURE_VALUE_HIDDEN_HASH:-b9f9bc68518a1ff7dcdbf98f0cac44d3e37b5e9fb03ee06cb8e806bc",
        	            	    "security_groups": "SECURE_VALUE_HIDDEN_HASH:-dfb8134671a0dd575b571a0de5eeecadc0229b05539af4b7fa832324",
        	            	    "subnets": "SECURE_VALUE_HIDDEN_HASH:-3bdd6d0caf86aef81d6827fa1d4bdae6be0bbdc30efa6fad80140e8d",
        	            	    "vpc": "SECURE_VALUE_HIDDEN_HASH:-1bcff91b0562451d6ee88810328314c32a8915b02ae19914c85aec00"
        	            	  },
        	            	  "before": {
        	            	    "access_tags": "SECURE_VALUE_HIDDEN_HASH:-9bc67ac1de1a1da775219baefd3c9ce0cec04499cf881172cef09bab",
        	            	    "certificate_crn": "crn:v1:bluemix:public:secrets-manager:us-south:a/abac0df06b644a9cabc6e44f55b3880e:79c6d411-c18f-4670-b009-b0044a238667:secret:1dc25be3-ab8d-9549-d58b-3f145bfe9691",
        	            	    "client_authentication": "SECURE_VALUE_HIDDEN_HASH:-9cb93bd0bdfbd57269aa92e4d945ccadeb66ea39afc715adb1f12e18",
        	            	    "client_auto_delete": true,
        	            	    "client_auto_delete_timeout": 1,
        	            	    "client_dns_server_ips": "SECURE_VALUE_HIDDEN_HASH:-5b916c8b4e84318f875aea1525bf7fa01eafe95fed62882ef9beb3cb",
        	            	    "client_idle_timeout": 1800,
        	            	    "client_ip_pool": "10.0.0.0/20",
        	            	    "created_at": "2024-01-22T11:32:37.791Z",
        	            	    "crn": "crn:v1:bluemix:public:is:eu-es:a/abac0df06b644a9cabc6e44f55b3880e::vpn-server:r050-f6fe3924-dd09-40f6-a9a8-302366bc3398",
        	            	    "enable_split_tunneling": true,
        	            	    "health_reasons": "SECURE_VALUE_HIDDEN_HASH:-9ed79f5b962d1a9063b9c28b41a0eba96248df5505f1fed9da5a5065",
        	            	    "health_state": "ok",
        	            	    "hostname": "f6fe3924dd09.eu-es.vpn-server.appdomain.cloud",
        	            	    "href": "https://eu-es.iaas.cloud.ibm.com/v1/vpn_servers/r050-f6fe3924-dd09-40f6-a9a8-302366bc3398",
        	            	    "id": "r050-f6fe3924-dd09-40f6-a9a8-302366bc3398",
        	            	    "lifecycle_reasons": "SECURE_VALUE_HIDDEN_HASH:-dd746b7375dd6ee8089aa23afa40a4fcfb081846b353ad64f16f25f2",
        	            	    "lifecycle_state": "stable",
        	            	    "name": "cts-vpn-ha-upg-ucxuif-c2s-vpn",
        	            	    "port": 443,
        	            	    "private_ips": "SECURE_VALUE_HIDDEN_HASH:-e23cd14efdbf2ed7334fc031bef2be8aaa7272330608aaad129bd4cd",
        	            	    "protocol": "udp",
        	            	    "resource_group": "5e8ffcf79a7943cb912baf0969d08f5c",
        	            	    "resource_type": "vpn_server",
        	            	    "security_groups": "SECURE_VALUE_HIDDEN_HASH:-14cde8205c947d75f9916447e750920f2c4f7e82f9ed185e5c8a24f1",
        	            	    "subnets": "SECURE_VALUE_HIDDEN_HASH:-fcbd1c45070806980445f59e69c6ec7162ba626d6b4ba7c8a4796930",
        	            	    "timeouts": null,
        	            	    "vpc": "SECURE_VALUE_HIDDEN_HASH:-bfa63fb1e53c52eae8d4e891e804a5762b21a2cbbb819163150511a8",
        	            	    "vpn_server": "r050-f6fe3924-dd09-40f6-a9a8-302366bc3398"
        	            	  },
        	            	  "before_sensitive": {
        	            	    "access_tags": "SECURE_VALUE_HIDDEN_HASH:-085f47ed64cefe5aec33ae5dc50279679cccf5b32fd6db86099b0c79",
        	            	    "client_authentication": "SECURE_VALUE_HIDDEN_HASH:-1f91ea05f1a2d9585105ee12d2b13d9ea9ad6b61b3c2cc6317bccecf",
        	            	    "client_dns_server_ips": "SECURE_VALUE_HIDDEN_HASH:-58d4124c93bb9b3aae8849cc3608d3a49dd83160372eb9022295fe6d",
        	            	    "health_reasons": "SECURE_VALUE_HIDDEN_HASH:-2279715e512fe76da6f6ee4d782d67809dc0bb4c702df1409ff645fe",
        	            	    "lifecycle_reasons": "SECURE_VALUE_HIDDEN_HASH:-1b8503dbbf441d019747661276ddcedc6f6779268bff742e54e326e7",
        	            	    "private_ips": "SECURE_VALUE_HIDDEN_HASH:-06dfd9ff92c6cc2c8562825853172499fd184224a1c3ac84402aaf1e",
        	            	    "security_groups": "SECURE_VALUE_HIDDEN_HASH:-73ace2fbb2b5c224a012d1eaf8ef3e0d92eb5d969a261210ef68a299",
        	            	    "subnets": "SECURE_VALUE_HIDDEN_HASH:-0b3d597270534c83ac9442fb752678e28edb1cfcc14b2645a8c0bc37",
        	            	    "vpc": "SECURE_VALUE_HIDDEN_HASH:-5efe0d591231a8dfdcd657ed488606afd27c3e31f65e572063cb5ff7"
        	            	  }
        	            	}
    tests.go:170: 
        	Error Trace:	/Users/peggs/go/pkg/mod/github.com/terraform-ibm-modules/ibmcloud-terratest-wrapper@v1.26.5/testhelper/tests.go:170
        	            				/Users/peggs/go/pkg/mod/github.com/terraform-ibm-modules/ibmcloud-terratest-wrapper@v1.26.5/testhelper/tests.go:622
        	            				/Users/peggs/GitHub/terraform-ibm-client-to-site-vpn/tests/pr_test.go:79
        	Error:      	Should be false
        	Test:       	TestRunHAUpgrade
        	Messages:   	Resource(s) identified to be destroyed 
        	            	Name: network_acl
        	            	Address: module.basic_vpc.ibm_is_network_acl.network_acl["vpc-acl"]
        	            	Actions: [delete create]
        	            	DIFF:
        	            	  Before: 
        	            		{"access_tags":"SECURE_VALUE_HIDDEN_HASH:-ae5d5e6d75b9b46349fd25c1ca758a881060c8967606177c496d706a","crn":"crn:v1:bluemix:public:is:eu-es:a/abac0df06b644a9cabc6e44f55b3880e::network-acl:r050-3187be46-8a7c-4666-9b7b-faf6aec37f54","id":"r050-3187be46-8a7c-4666-9b7b-faf6aec37f54","resource_controller_url":"https://cloud.ibm.com/vpc-ext/network/acl","resource_group_name":"cts-vpn-ha-upg-ucxuif-resource-group","resource_name":"cts-vpn-ha-upg-ucxuif-vpc-acl","rules":"SECURE_VALUE_HIDDEN_HASH:-cea6e78f02cf8a853a70f953f3c1fe2c986395d3d6903016e2992ed3","tags":"SECURE_VALUE_HIDDEN_HASH:-38178dca8e78b7b9a3a24225e7666f5472b5381b181ffcaef16528cd","vpc":"r050-df7cb3a8-b1c1-493e-a5d5-c3565018fafc"}
        	            	  After: 
        	            		{}
        	            	
        	            	Change Detail:
        	            	{
        	            	  "actions": [
        	            	    "delete",
        	            	    "create"
        	            	  ],
        	            	  "after": {
        	            	    "name": "cts-vpn-ha-upg-ucxuif-vpc-acl",
        	            	    "resource_group": "5e8ffcf79a7943cb912baf0969d08f5c",
        	            	    "timeouts": null
        	            	  },
        	            	  "after_sensitive": {
        	            	    "access_tags": "SECURE_VALUE_HIDDEN_HASH:-5f7be47ac1db2564f0c3ce6af1097f34eaa162eab10756b53320a5ab",
        	            	    "rules": "SECURE_VALUE_HIDDEN_HASH:-0475e82d3a066b02c9e2ca04851a78f84f6eeb7df322310186cccf8c",
        	            	    "tags": "SECURE_VALUE_HIDDEN_HASH:-57d422775ad6bd6f106e2492338fb95b71999647475067ca0e0a6acd"
        	            	  },
        	            	  "after_unknown": {
        	            	    "access_tags": "SECURE_VALUE_HIDDEN_HASH:-d026c7b64dd8e94115155de82adf1670d0389c2f8b17dc2b742e3e9a",
        	            	    "crn": true,
        	            	    "id": true,
        	            	    "resource_controller_url": true,
        	            	    "resource_crn": true,
        	            	    "resource_group_name": true,
        	            	    "resource_name": true,
        	            	    "rules": "SECURE_VALUE_HIDDEN_HASH:-a813aa78fb4783aca39ef3066a6ff71505aece5ad8d97857d9808328",
        	            	    "tags": "SECURE_VALUE_HIDDEN_HASH:-9a24eb3f9d5418f6e67a5de1e94a0d9646259fbbef9aa2c35c5897b2",
        	            	    "vpc": true
        	            	  },
        	            	  "before": {
        	            	    "access_tags": "SECURE_VALUE_HIDDEN_HASH:-013b79df3322e8d2f1a9c32563d35ab533489eb62db075b0d24e0838",
        	            	    "crn": "crn:v1:bluemix:public:is:eu-es:a/abac0df06b644a9cabc6e44f55b3880e::network-acl:r050-3187be46-8a7c-4666-9b7b-faf6aec37f54",
        	            	    "id": "r050-3187be46-8a7c-4666-9b7b-faf6aec37f54",
        	            	    "name": "cts-vpn-ha-upg-ucxuif-vpc-acl",
        	            	    "resource_controller_url": "https://cloud.ibm.com/vpc-ext/network/acl",
        	            	    "resource_crn": null,
        	            	    "resource_group": "5e8ffcf79a7943cb912baf0969d08f5c",
        	            	    "resource_group_name": "cts-vpn-ha-upg-ucxuif-resource-group",
        	            	    "resource_name": "cts-vpn-ha-upg-ucxuif-vpc-acl",
        	            	    "rules": "SECURE_VALUE_HIDDEN_HASH:-a33140b158950d7b0e9c98771015c82016846f3fd9acbdf7d3e1f9e4",
        	            	    "tags": "SECURE_VALUE_HIDDEN_HASH:-dde4a524e3e0d1d5af991fddd9a4fcc0e8d676a844a8a9c77c165f06",
        	            	    "timeouts": null,
        	            	    "vpc": "r050-df7cb3a8-b1c1-493e-a5d5-c3565018fafc"
        	            	  },
        	            	  "before_sensitive": {
        	            	    "access_tags": "SECURE_VALUE_HIDDEN_HASH:-d1331c107a2d7429e883e899cfe4beafd9f62a37b0ee4aff966c6596",
        	            	    "rules": "SECURE_VALUE_HIDDEN_HASH:-9d7d6c9a42ebcfe4250fd7f4124d31d734cc7aa3e0441ff5176aecaa",
        	            	    "tags": "SECURE_VALUE_HIDDEN_HASH:-7a3e91a03712050c70a49060ddd4a8214121e77e2bfdd0d4043d14b3"
        	            	  },
        	            	  "replace_paths": [
        	            	    [
        	            	      "vpc"
        	            	    ]
        	            	  ]
        	            	}
    tests.go:170: 
        	Error Trace:	/Users/peggs/go/pkg/mod/github.com/terraform-ibm-modules/ibmcloud-terratest-wrapper@v1.26.5/testhelper/tests.go:170
        	            				/Users/peggs/go/pkg/mod/github.com/terraform-ibm-modules/ibmcloud-terratest-wrapper@v1.26.5/testhelper/tests.go:622
        	            				/Users/peggs/GitHub/terraform-ibm-client-to-site-vpn/tests/pr_test.go:79
        	Error:      	Should be false
        	Test:       	TestRunHAUpgrade
        	Messages:   	Resource(s) identified to be destroyed 
        	            	Name: vpc
        	            	Address: module.basic_vpc.ibm_is_vpc.vpc[0]
        	            	Actions: [delete create]
        	            	DIFF:
        	            	  Before: 
        	            		{"access_tags":"SECURE_VALUE_HIDDEN_HASH:-aa324e3caa3cb2008af360addeb894b3e443e940ea6ac6ece66be5ef","address_prefix_management":"auto","crn":"crn:v1:bluemix:public:is:eu-es:a/abac0df06b644a9cabc6e44f55b3880e::vpc:r050-df7cb3a8-b1c1-493e-a5d5-c3565018fafc","cse_source_addresses":"SECURE_VALUE_HIDDEN_HASH:-52764924aaf7844d062f064c8edd4c37af900cc054df01e5008c4ccb","default_network_acl":"r050-abcd057e-50b7-4627-88fa-bcfaeb7c53d9","default_network_acl_crn":"crn:v1:bluemix:public:is:eu-es:a/abac0df06b644a9cabc6e44f55b3880e::network-acl:r050-abcd057e-50b7-4627-88fa-bcfaeb7c53d9","default_network_acl_name":"enviable-calibrate-unifier-coziness","default_routing_table":"r050-8e0be208-9ed5-43f7-94ca-e149e0b49f2d","default_routing_table_name":"improve-balmy-acrobat-backlight","default_security_group":"r050-e4d92cb6-c2e6-44ae-b88b-5cb3cbdd15c1","default_security_group_crn":"crn:v1:bluemix:public:is:eu-es:a/abac0df06b644a9cabc6e44f55b3880e::security-group:r050-e4d92cb6-c2e6-44ae-b88b-5cb3cbdd15c1","default_security_group_name":"alternate-thesaurus-generous-fabricable","dns":"SECURE_VALUE_HIDDEN_HASH:-c3654ed51d53735f94b7a6f4c9a7bee6ca0d113af4a61883acf4233e","health_reasons":"SECURE_VALUE_HIDDEN_HASH:-cdcbc393569f9737dff2b6708ef4748e424c529040e1756ba23f31f3","health_state":"ok","id":"r050-df7cb3a8-b1c1-493e-a5d5-c3565018fafc","resource_controller_url":"https://cloud.ibm.com/vpc-ext/network/vpcs","resource_crn":"crn:v1:bluemix:public:is:eu-es:a/abac0df06b644a9cabc6e44f55b3880e::vpc:r050-df7cb3a8-b1c1-493e-a5d5-c3565018fafc","resource_group_name":"cts-vpn-ha-upg-ucxuif-resource-group","resource_name":"cts-vpn-ha-upg-ucxuif-vpc-vpc","resource_status":"available","security_group":"SECURE_VALUE_HIDDEN_HASH:-8c6ca00650e1924369e2bd1702f08d08b6fa00502a945678c6264706","status":"available","subnets":"SECURE_VALUE_HIDDEN_HASH:-5ec5e3d35ef5693f67fee2eef9839997b74a2ed9b8cba91972900177","tags":"SECURE_VALUE_HIDDEN_HASH:-72e97c9997f51538b524d465faca9f7386502152e8668a145584b757"}
        	            	  After: 
        	            		{"address_prefix_management":"manual","dns":"SECURE_VALUE_HIDDEN_HASH:-3e7583750fd0e1544242f3b711968d74774cb1630603fb9867b50769"}
        	            	
        	            	Change Detail:
        	            	{
        	            	  "actions": [
        	            	    "delete",
        	            	    "create"
        	            	  ],
        	            	  "after": {
        	            	    "address_prefix_management": "manual",
        	            	    "classic_access": false,
        	            	    "dns": "SECURE_VALUE_HIDDEN_HASH:-024911448d75051a49b18d171b746c9ee540a870377752f451caf3b4",
        	            	    "name": "cts-vpn-ha-upg-ucxuif-vpc-vpc",
        	            	    "no_sg_acl_rules": false,
        	            	    "resource_group": "5e8ffcf79a7943cb912baf0969d08f5c",
        	            	    "timeouts": null
        	            	  },
        	            	  "after_sensitive": {
        	            	    "access_tags": "SECURE_VALUE_HIDDEN_HASH:-4af4e1505758f197202cb4b9cfc4874ab38eb0f005d003472463798e",
        	            	    "cse_source_addresses": "SECURE_VALUE_HIDDEN_HASH:-09b683256f2c80442ed6bf04edf8c6adaae13fb79a205022f3d589ae",
        	            	    "dns": "SECURE_VALUE_HIDDEN_HASH:-4ceb592d4d592b6b8d385cfbff229a917526c758ece7b0f260816ff6",
        	            	    "health_reasons": "SECURE_VALUE_HIDDEN_HASH:-a5ea092bd76b10f539590703735bf08b7eb6b2513b4b9a681a4c7769",
        	            	    "security_group": "SECURE_VALUE_HIDDEN_HASH:-54b7ca8ba5fdc1d04bc4f692293dd41f8e73a85ba46aa361600ee2e1",
        	            	    "subnets": "SECURE_VALUE_HIDDEN_HASH:-99c4f461678daa5cd25176f8e30bc25f2b7bafd2280f856fdec36d3f",
        	            	    "tags": "SECURE_VALUE_HIDDEN_HASH:-81b2c5b139a40c8e409436c05543480101a4cfa2cdb26f6eaa0bd236"
        	            	  },
        	            	  "after_unknown": {
        	            	    "access_tags": "SECURE_VALUE_HIDDEN_HASH:-9f99d6a00dae983112d498b1ae0ad1ff1933f83a5e99dd1373eb2721",
        	            	    "crn": true,
        	            	    "cse_source_addresses": "SECURE_VALUE_HIDDEN_HASH:-6659006cf68c6b76189b229fc80e404bd305b6e75ffa2b26a3cd8153",
        	            	    "default_network_acl": true,
        	            	    "default_network_acl_crn": true,
        	            	    "default_network_acl_name": true,
        	            	    "default_routing_table": true,
        	            	    "default_routing_table_name": true,
        	            	    "default_security_group": true,
        	            	    "default_security_group_crn": true,
        	            	    "default_security_group_name": true,
        	            	    "dns": "SECURE_VALUE_HIDDEN_HASH:-b4a4f292e2b646bd97f4a0c29df6650c64e5d5da80e7ede74ef275a7",
        	            	    "health_reasons": "SECURE_VALUE_HIDDEN_HASH:-b117312b4723d1c6b55bdf3454448eafe2136a36fa34d7ea75b520cf",
        	            	    "health_state": true,
        	            	    "id": true,
        	            	    "resource_controller_url": true,
        	            	    "resource_crn": true,
        	            	    "resource_group_name": true,
        	            	    "resource_name": true,
        	            	    "resource_status": true,
        	            	    "security_group": "SECURE_VALUE_HIDDEN_HASH:-7ab48e86ed3c10abb7fbd102cdce44a7342e9cbc84cd3d1ef5922ad6",
        	            	    "status": true,
        	            	    "subnets": "SECURE_VALUE_HIDDEN_HASH:-b3887e62235971ef3e74bd4de93f5d0b70acdbd1291355aa269aa33d",
        	            	    "tags": "SECURE_VALUE_HIDDEN_HASH:-d018cb780ca767e6b3206c130d7acb0856f5a723a7655ba390c468ff"
        	            	  },
        	            	  "before": {
        	            	    "access_tags": "SECURE_VALUE_HIDDEN_HASH:-268ab61f0965f7b10171be854faf49b003dbed55e9d321646b09219e",
        	            	    "address_prefix_management": "auto",
        	            	    "classic_access": false,
        	            	    "crn": "crn:v1:bluemix:public:is:eu-es:a/abac0df06b644a9cabc6e44f55b3880e::vpc:r050-df7cb3a8-b1c1-493e-a5d5-c3565018fafc",
        	            	    "cse_source_addresses": "SECURE_VALUE_HIDDEN_HASH:-daa4c603ab4464eee1adfb2bc2a9009b15d76e9c2c67f805546f2012",
        	            	    "default_network_acl": "r050-abcd057e-50b7-4627-88fa-bcfaeb7c53d9",
        	            	    "default_network_acl_crn": "crn:v1:bluemix:public:is:eu-es:a/abac0df06b644a9cabc6e44f55b3880e::network-acl:r050-abcd057e-50b7-4627-88fa-bcfaeb7c53d9",
        	            	    "default_network_acl_name": "enviable-calibrate-unifier-coziness",
        	            	    "default_routing_table": "r050-8e0be208-9ed5-43f7-94ca-e149e0b49f2d",
        	            	    "default_routing_table_name": "improve-balmy-acrobat-backlight",
        	            	    "default_security_group": "r050-e4d92cb6-c2e6-44ae-b88b-5cb3cbdd15c1",
        	            	    "default_security_group_crn": "crn:v1:bluemix:public:is:eu-es:a/abac0df06b644a9cabc6e44f55b3880e::security-group:r050-e4d92cb6-c2e6-44ae-b88b-5cb3cbdd15c1",
        	            	    "default_security_group_name": "alternate-thesaurus-generous-fabricable",
        	            	    "dns": "SECURE_VALUE_HIDDEN_HASH:-5feaf166ef6ea1859f5842ff695fd9e408c58bcd470b0a313e560d1f",
        	            	    "health_reasons": "SECURE_VALUE_HIDDEN_HASH:-0d811ac61ed4cc326e19a0b8cad475fb060e98214ef432fc33ffb9d7",
        	            	    "health_state": "ok",
        	            	    "id": "r050-df7cb3a8-b1c1-493e-a5d5-c3565018fafc",
        	            	    "name": "cts-vpn-ha-upg-ucxuif-vpc-vpc",
        	            	    "no_sg_acl_rules": false,
        	            	    "resource_controller_url": "https://cloud.ibm.com/vpc-ext/network/vpcs",
        	            	    "resource_crn": "crn:v1:bluemix:public:is:eu-es:a/abac0df06b644a9cabc6e44f55b3880e::vpc:r050-df7cb3a8-b1c1-493e-a5d5-c3565018fafc",
        	            	    "resource_group": "5e8ffcf79a7943cb912baf0969d08f5c",
        	            	    "resource_group_name": "cts-vpn-ha-upg-ucxuif-resource-group",
        	            	    "resource_name": "cts-vpn-ha-upg-ucxuif-vpc-vpc",
        	            	    "resource_status": "available",
        	            	    "security_group": "SECURE_VALUE_HIDDEN_HASH:-ce587b552bfe4c4ff9383ba8418642a11df708d57163a9fd576ff687",
        	            	    "status": "available",
        	            	    "subnets": "SECURE_VALUE_HIDDEN_HASH:-8688b4c706c5f2a92544e78283de768c133281920d24338e33906ff9",
        	            	    "tags": "SECURE_VALUE_HIDDEN_HASH:-662fc34d9c67a1f94c7351a8a6ac6433d343155c1eb9ac30d893e537",
        	            	    "timeouts": null
        	            	  },
        	            	  "before_sensitive": {
        	            	    "access_tags": "SECURE_VALUE_HIDDEN_HASH:-f9e951c9bc66f0d2e4646711b91c632713bd724654503505c3c45324",
        	            	    "cse_source_addresses": "SECURE_VALUE_HIDDEN_HASH:-42148ccc7d3bda4189c72e82ca53eabfdd9b7318b80d2fe38b6de1dd",
        	            	    "dns": "SECURE_VALUE_HIDDEN_HASH:-2f2ebbefa1dd152cfe8b525caf832d28f0b382630802321aaad0ac10",
        	            	    "health_reasons": "SECURE_VALUE_HIDDEN_HASH:-95679bda8410104b16d071c997d03282bd91d5b5deb8f8d1a7af6010",
        	            	    "security_group": "SECURE_VALUE_HIDDEN_HASH:-fe4c79a31ffebac2ae5c6e678feb46dbc2b20e53af113e0af7750b1d",
        	            	    "subnets": "SECURE_VALUE_HIDDEN_HASH:-af8104168522aeed330d2793584d3f6847e51de2e8a4b05544ccdb68",
        	            	    "tags": "SECURE_VALUE_HIDDEN_HASH:-084aa8e1f6860317f36bff62005d2895106d8d178a63241dfd2edf40"
        	            	  },
        	            	  "replace_paths": [
        	            	    [
        	            	      "address_prefix_management"
        	            	    ]
        	            	  ]
        	            	}
    tests.go:170: 
        	Error Trace:	/Users/peggs/go/pkg/mod/github.com/terraform-ibm-modules/ibmcloud-terratest-wrapper@v1.26.5/testhelper/tests.go:170
        	            				/Users/peggs/go/pkg/mod/github.com/terraform-ibm-modules/ibmcloud-terratest-wrapper@v1.26.5/testhelper/tests.go:622
        	            				/Users/peggs/GitHub/terraform-ibm-client-to-site-vpn/tests/pr_test.go:79
        	Error:      	Should be false
        	Test:       	TestRunHAUpgrade
        	Messages:   	Resource(s) identified to be destroyed 
        	            	Name: subnet_prefix
        	            	Address: module.basic_vpc.ibm_is_vpc_address_prefix.subnet_prefix["cts-vpn-ha-upg-ucxuif-vpc-subnet-a"]
        	            	Actions: [delete create]
        	            	DIFF:
        	            	  Before: 
        	            		{"address_prefix":"r050-74b13627-984f-4cdf-9a8e-fb07dd81724d","has_subnets":true,"id":"r050-df7cb3a8-b1c1-493e-a5d5-c3565018fafc/r050-74b13627-984f-4cdf-9a8e-fb07dd81724d","related_crn":"crn:v1:bluemix:public:is:eu-es:a/abac0df06b644a9cabc6e44f55b3880e::vpc:r050-df7cb3a8-b1c1-493e-a5d5-c3565018fafc","vpc":"r050-df7cb3a8-b1c1-493e-a5d5-c3565018fafc"}
        	            	  After: 
        	            		{}
        	            	
        	            	Change Detail:
        	            	{
        	            	  "actions": [
        	            	    "delete",
        	            	    "create"
        	            	  ],
        	            	  "after": {
        	            	    "cidr": "10.10.10.0/24",
        	            	    "is_default": false,
        	            	    "name": "cts-vpn-ha-upg-ucxuif-vpc-subnet-a",
        	            	    "zone": "eu-es-1"
        	            	  },
        	            	  "after_sensitive": {},
        	            	  "after_unknown": {
        	            	    "address_prefix": true,
        	            	    "has_subnets": true,
        	            	    "id": true,
        	            	    "related_crn": true,
        	            	    "vpc": true
        	            	  },
        	            	  "before": {
        	            	    "address_prefix": "r050-74b13627-984f-4cdf-9a8e-fb07dd81724d",
        	            	    "cidr": "10.10.10.0/24",
        	            	    "has_subnets": true,
        	            	    "id": "r050-df7cb3a8-b1c1-493e-a5d5-c3565018fafc/r050-74b13627-984f-4cdf-9a8e-fb07dd81724d",
        	            	    "is_default": false,
        	            	    "name": "cts-vpn-ha-upg-ucxuif-vpc-subnet-a",
        	            	    "related_crn": "crn:v1:bluemix:public:is:eu-es:a/abac0df06b644a9cabc6e44f55b3880e::vpc:r050-df7cb3a8-b1c1-493e-a5d5-c3565018fafc",
        	            	    "vpc": "r050-df7cb3a8-b1c1-493e-a5d5-c3565018fafc",
        	            	    "zone": "eu-es-1"
        	            	  },
        	            	  "before_sensitive": {},
        	            	  "replace_paths": [
        	            	    [
        	            	      "vpc"
        	            	    ]
        	            	  ]
        	            	}
    tests.go:170: 
        	Error Trace:	/Users/peggs/go/pkg/mod/github.com/terraform-ibm-modules/ibmcloud-terratest-wrapper@v1.26.5/testhelper/tests.go:170
        	            				/Users/peggs/go/pkg/mod/github.com/terraform-ibm-modules/ibmcloud-terratest-wrapper@v1.26.5/testhelper/tests.go:622
        	            				/Users/peggs/GitHub/terraform-ibm-client-to-site-vpn/tests/pr_test.go:79
        	Error:      	Should be false
        	Test:       	TestRunHAUpgrade
        	Messages:   	Resource(s) identified to be destroyed 
        	            	Name: subnet_prefix
        	            	Address: module.basic_vpc.ibm_is_vpc_address_prefix.subnet_prefix["cts-vpn-ha-upg-ucxuif-vpc-subnet-b"]
        	            	Actions: [delete create]
        	            	DIFF:
        	            	  Before: 
        	            		{"address_prefix":"r050-7bb16902-702f-4c16-be5a-979c3fcbaa5c","has_subnets":true,"id":"r050-df7cb3a8-b1c1-493e-a5d5-c3565018fafc/r050-7bb16902-702f-4c16-be5a-979c3fcbaa5c","related_crn":"crn:v1:bluemix:public:is:eu-es:a/abac0df06b644a9cabc6e44f55b3880e::vpc:r050-df7cb3a8-b1c1-493e-a5d5-c3565018fafc","vpc":"r050-df7cb3a8-b1c1-493e-a5d5-c3565018fafc"}
        	            	  After: 
        	            		{}
        	            	
        	            	Change Detail:
        	            	{
        	            	  "actions": [
        	            	    "delete",
        	            	    "create"
        	            	  ],
        	            	  "after": {
        	            	    "cidr": "10.20.10.0/24",
        	            	    "is_default": false,
        	            	    "name": "cts-vpn-ha-upg-ucxuif-vpc-subnet-b",
        	            	    "zone": "eu-es-2"
        	            	  },
        	            	  "after_sensitive": {},
        	            	  "after_unknown": {
        	            	    "address_prefix": true,
        	            	    "has_subnets": true,
        	            	    "id": true,
        	            	    "related_crn": true,
        	            	    "vpc": true
        	            	  },
        	            	  "before": {
        	            	    "address_prefix": "r050-7bb16902-702f-4c16-be5a-979c3fcbaa5c",
        	            	    "cidr": "10.20.10.0/24",
        	            	    "has_subnets": true,
        	            	    "id": "r050-df7cb3a8-b1c1-493e-a5d5-c3565018fafc/r050-7bb16902-702f-4c16-be5a-979c3fcbaa5c",
        	            	    "is_default": false,
        	            	    "name": "cts-vpn-ha-upg-ucxuif-vpc-subnet-b",
        	            	    "related_crn": "crn:v1:bluemix:public:is:eu-es:a/abac0df06b644a9cabc6e44f55b3880e::vpc:r050-df7cb3a8-b1c1-493e-a5d5-c3565018fafc",
        	            	    "vpc": "r050-df7cb3a8-b1c1-493e-a5d5-c3565018fafc",
        	            	    "zone": "eu-es-2"
        	            	  },
        	            	  "before_sensitive": {},
        	            	  "replace_paths": [
        	            	    [
        	            	      "vpc"
        	            	    ]
        	            	  ]
        	            	}
TestRunHAUpgrade 2024-01-22T11:38:25Z retry.go:91: terraform [plan -input=false -lock=false -var prefix=cts-vpn-ha-upg-ucxuif -var region=eu-es -var resource_tags=[] -var certificate_template_name=geretain-cert-template -var vpn_client_access_group_users=["GoldenEye.Operations@ibm.com"] -var existing_sm_instance_guid=79c6d411-c18f-4670-b009-b0044a238667 -var existing_sm_instance_region=us-south -lock=false -out=/var/folders/ns/_tz6rxjj1ln5chxndw3b0j8c0000gn/T/terraform-pr-cts-vpn-ha-upg-ucxuif1106717319/examples/ha-complete/terratest-plan-file-1261353993]
TestRunHAUpgrade 2024-01-22T11:38:25Z command.go:100: Running command terraform with args [plan -input=false -lock=false -var prefix=cts-vpn-ha-upg-ucxuif -var region=eu-es -var resource_tags=[] -var certificate_template_name=geretain-cert-template -var vpn_client_access_group_users=["GoldenEye.Operations@ibm.com"] -var existing_sm_instance_guid=79c6d411-c18f-4670-b009-b0044a238667 -var existing_sm_instance_region=us-south -lock=false -out=/var/folders/ns/_tz6rxjj1ln5chxndw3b0j8c0000gn/T/terraform-pr-cts-vpn-ha-upg-ucxuif1106717319/examples/ha-complete/terratest-plan-file-1261353993]
TestRunHAUpgrade 2024-01-22T11:38:26Z command.go:185: [0m[1mmodule.vpn.ibm_iam_access_group.cts_vpn_access_group[0]: Refreshing state... [id=AccessGroupId-6f956f67-1308-4d91-bf1c-278b463e0eae][0m
TestRunHAUpgrade 2024-01-22T11:38:26Z command.go:185: [0m[1mmodule.resource_group.ibm_resource_group.resource_group[0]: Refreshing state... [id=5e8ffcf79a7943cb912baf0969d08f5c][0m
TestRunHAUpgrade 2024-01-22T11:38:27Z command.go:185: [0m[1mmodule.vpn.ibm_iam_access_group_members.cts_vpn_access_group_users[0]: Refreshing state... [id=AccessGroupId-6f956f67-1308-4d91-bf1c-278b463e0eae/2024-01-22 11:31:44.449571 +0000 UTC][0m
TestRunHAUpgrade 2024-01-22T11:38:27Z command.go:185: [0m[1mmodule.vpn.ibm_iam_access_group_policy.cts_vpn_access_group_policy[0]: Refreshing state... [id=AccessGroupId-6f956f67-1308-4d91-bf1c-278b463e0eae/8a264c99-5e71-407d-a3cc-f3a6d2d3be95][0m
TestRunHAUpgrade 2024-01-22T11:38:27Z command.go:185: [0m[1mmodule.basic_vpc.ibm_is_vpc.vpc[0]: Refreshing state... [id=r050-df7cb3a8-b1c1-493e-a5d5-c3565018fafc][0m
TestRunHAUpgrade 2024-01-22T11:38:28Z command.go:185: [0m[1mmodule.secrets_manager_group.ibm_sm_secret_group.secret_group: Refreshing state... [id=us-south/79c6d411-c18f-4670-b009-b0044a238667/73ce2584-20ad-9030-8696-84b31c4ef01f][0m
TestRunHAUpgrade 2024-01-22T11:38:28Z command.go:185: [0m[1mmodule.vpn.ibm_iam_authorization_policy.policy[0]: Refreshing state... [id=e5d6161b-6422-4d88-8c8a-760d8a69cd31][0m
TestRunHAUpgrade 2024-01-22T11:38:29Z command.go:185: [0m[1mmodule.secrets_manager_private_certificate.ibm_sm_private_certificate.secrets_manager_private_certificate: Refreshing state... [id=us-south/79c6d411-c18f-4670-b009-b0044a238667/1dc25be3-ab8d-9549-d58b-3f145bfe9691][0m
TestRunHAUpgrade 2024-01-22T11:38:29Z command.go:185: [0m[1mmodule.vpn.time_sleep.wait_for_authorization_policy: Refreshing state... [id=2024-01-22T11:32:15Z][0m
TestRunHAUpgrade 2024-01-22T11:38:37Z command.go:185: [0m[1mmodule.basic_vpc.ibm_is_vpc_address_prefix.subnet_prefix["cts-vpn-ha-upg-ucxuif-vpc-subnet-b"]: Refreshing state... [id=r050-df7cb3a8-b1c1-493e-a5d5-c3565018fafc/r050-7bb16902-702f-4c16-be5a-979c3fcbaa5c][0m
TestRunHAUpgrade 2024-01-22T11:38:37Z command.go:185: [0m[1mmodule.basic_vpc.ibm_is_vpc_address_prefix.subnet_prefix["cts-vpn-ha-upg-ucxuif-vpc-subnet-a"]: Refreshing state... [id=r050-df7cb3a8-b1c1-493e-a5d5-c3565018fafc/r050-74b13627-984f-4cdf-9a8e-fb07dd81724d][0m
TestRunHAUpgrade 2024-01-22T11:38:37Z command.go:185: [0m[1mmodule.basic_vpc.ibm_is_network_acl.network_acl["vpc-acl"]: Refreshing state... [id=r050-3187be46-8a7c-4666-9b7b-faf6aec37f54][0m
TestRunHAUpgrade 2024-01-22T11:38:39Z command.go:185: [0m[1mmodule.basic_vpc.ibm_is_subnet.subnet["cts-vpn-ha-upg-ucxuif-vpc-subnet-b"]: Refreshing state... [id=02x7-5efc78a5-4c53-4f99-981e-6b977d118128][0m
TestRunHAUpgrade 2024-01-22T11:38:39Z command.go:185: [0m[1mmodule.basic_vpc.ibm_is_subnet.subnet["cts-vpn-ha-upg-ucxuif-vpc-subnet-a"]: Refreshing state... [id=02w7-31850d2f-02f5-491b-b3e1-423e5f9ac3ed][0m
TestRunHAUpgrade 2024-01-22T11:38:40Z command.go:185: [0m[1mmodule.vpn.ibm_is_vpn_server.vpn: Refreshing state... [id=r050-f6fe3924-dd09-40f6-a9a8-302366bc3398][0m
TestRunHAUpgrade 2024-01-22T11:38:41Z command.go:185: [0m[1mmodule.vpn.ibm_is_vpn_server_route.server_route["vpc-10"]: Refreshing state... [id=r050-f6fe3924-dd09-40f6-a9a8-302366bc3398/r050-8b6eb40d-7574-4ca6-97f5-dac60d9c7d77][0m
TestRunHAUpgrade 2024-01-22T11:38:43Z command.go:185: 
TestRunHAUpgrade 2024-01-22T11:38:43Z command.go:185: [1m[36mNote:[0m[1m Objects have changed outside of Terraform
TestRunHAUpgrade 2024-01-22T11:38:43Z command.go:185: [0m
TestRunHAUpgrade 2024-01-22T11:38:43Z command.go:185: Terraform detected the following changes made outside of Terraform since the
TestRunHAUpgrade 2024-01-22T11:38:43Z command.go:185: last "terraform apply" which may have affected this plan:
TestRunHAUpgrade 2024-01-22T11:38:43Z command.go:185: 
TestRunHAUpgrade 2024-01-22T11:38:43Z command.go:185: [1m  # module.basic_vpc.ibm_is_vpc.vpc[0][0m has changed
TestRunHAUpgrade 2024-01-22T11:38:43Z command.go:185: [0m  [33m~[0m[0m resource "ibm_is_vpc" "vpc" {
TestRunHAUpgrade 2024-01-22T11:38:43Z command.go:185:         id                          = "r050-df7cb3a8-b1c1-493e-a5d5-c3565018fafc"
TestRunHAUpgrade 2024-01-22T11:38:43Z command.go:185:         name                        = "cts-vpn-ha-upg-ucxuif-vpc-vpc"
TestRunHAUpgrade 2024-01-22T11:38:43Z command.go:185:       [33m~[0m[0m subnets                     = [
TestRunHAUpgrade 2024-01-22T11:38:43Z command.go:185:           [32m+[0m[0m {
TestRunHAUpgrade 2024-01-22T11:38:43Z command.go:185:               [32m+[0m[0m available_ipv4_address_count = 250
TestRunHAUpgrade 2024-01-22T11:38:43Z command.go:185:               [32m+[0m[0m id                           = "02w7-31850d2f-02f5-491b-b3e1-423e5f9ac3ed"
TestRunHAUpgrade 2024-01-22T11:38:43Z command.go:185:               [32m+[0m[0m name                         = "cts-vpn-ha-upg-ucxuif-vpc-subnet-a"
TestRunHAUpgrade 2024-01-22T11:38:43Z command.go:185:               [32m+[0m[0m status                       = "available"
TestRunHAUpgrade 2024-01-22T11:38:43Z command.go:185:               [32m+[0m[0m total_ipv4_address_count     = 256
TestRunHAUpgrade 2024-01-22T11:38:43Z command.go:185:               [32m+[0m[0m zone                         = "eu-es-1"
TestRunHAUpgrade 2024-01-22T11:38:43Z command.go:185:             },
TestRunHAUpgrade 2024-01-22T11:38:43Z command.go:185:           [32m+[0m[0m {
TestRunHAUpgrade 2024-01-22T11:38:43Z command.go:185:               [32m+[0m[0m available_ipv4_address_count = 249
TestRunHAUpgrade 2024-01-22T11:38:43Z command.go:185:               [32m+[0m[0m id                           = "02x7-5efc78a5-4c53-4f99-981e-6b977d118128"
TestRunHAUpgrade 2024-01-22T11:38:43Z command.go:185:               [32m+[0m[0m name                         = "cts-vpn-ha-upg-ucxuif-vpc-subnet-b"
TestRunHAUpgrade 2024-01-22T11:38:43Z command.go:185:               [32m+[0m[0m status                       = "available"
TestRunHAUpgrade 2024-01-22T11:38:43Z command.go:185:               [32m+[0m[0m total_ipv4_address_count     = 256
TestRunHAUpgrade 2024-01-22T11:38:43Z command.go:185:               [32m+[0m[0m zone                         = "eu-es-2"
TestRunHAUpgrade 2024-01-22T11:38:43Z command.go:185:             },
TestRunHAUpgrade 2024-01-22T11:38:43Z command.go:185:         ]
TestRunHAUpgrade 2024-01-22T11:38:43Z command.go:185:         tags                        = []
TestRunHAUpgrade 2024-01-22T11:38:43Z command.go:185:         [90m# (24 unchanged attributes hidden)[0m[0m
TestRunHAUpgrade 2024-01-22T11:38:43Z command.go:185: 
TestRunHAUpgrade 2024-01-22T11:38:43Z command.go:185:         [90m# (1 unchanged block hidden)[0m[0m
TestRunHAUpgrade 2024-01-22T11:38:43Z command.go:185:     }
TestRunHAUpgrade 2024-01-22T11:38:43Z command.go:185: 
TestRunHAUpgrade 2024-01-22T11:38:43Z command.go:185: 
TestRunHAUpgrade 2024-01-22T11:38:43Z command.go:185: Unless you have made equivalent changes to your configuration, or ignored the
TestRunHAUpgrade 2024-01-22T11:38:43Z command.go:185: relevant attributes using ignore_changes, the following plan may include
TestRunHAUpgrade 2024-01-22T11:38:43Z command.go:185: actions to undo or respond to these changes.
TestRunHAUpgrade 2024-01-22T11:38:43Z command.go:185: [90m
TestRunHAUpgrade 2024-01-22T11:38:43Z command.go:185: ─────────────────────────────────────────────────────────────────────────────[0m
TestRunHAUpgrade 2024-01-22T11:38:43Z command.go:185: 
TestRunHAUpgrade 2024-01-22T11:38:43Z command.go:185: Terraform used the selected providers to generate the following execution
TestRunHAUpgrade 2024-01-22T11:38:43Z command.go:185: plan. Resource actions are indicated with the following symbols:
TestRunHAUpgrade 2024-01-22T11:38:43Z command.go:185:   [33m~[0m update in-place[0m
TestRunHAUpgrade 2024-01-22T11:38:43Z command.go:185: [31m-[0m/[32m+[0m destroy and then create replacement[0m
TestRunHAUpgrade 2024-01-22T11:38:43Z command.go:185:  [36m<=[0m read (data resources)[0m
TestRunHAUpgrade 2024-01-22T11:38:43Z command.go:185: 
TestRunHAUpgrade 2024-01-22T11:38:43Z command.go:185: Terraform will perform the following actions:
TestRunHAUpgrade 2024-01-22T11:38:43Z command.go:185: 
TestRunHAUpgrade 2024-01-22T11:38:43Z command.go:185: [1m  # data.ibm_is_vpc.basic_vpc[0m will be read during apply
TestRunHAUpgrade 2024-01-22T11:38:43Z command.go:185:   # (config refers to values not yet known)
TestRunHAUpgrade 2024-01-22T11:38:43Z command.go:185: [0m [36m<=[0m[0m data "ibm_is_vpc" "basic_vpc" {
TestRunHAUpgrade 2024-01-22T11:38:43Z command.go:185:       [32m+[0m[0m access_tags                 = (known after apply)
TestRunHAUpgrade 2024-01-22T11:38:43Z command.go:185:       [32m+[0m[0m classic_access              = (known after apply)
TestRunHAUpgrade 2024-01-22T11:38:43Z command.go:185:       [32m+[0m[0m crn                         = (known after apply)
TestRunHAUpgrade 2024-01-22T11:38:43Z command.go:185:       [32m+[0m[0m cse_source_addresses        = (known after apply)
TestRunHAUpgrade 2024-01-22T11:38:43Z command.go:185:       [32m+[0m[0m default_network_acl         = (known after apply)
TestRunHAUpgrade 2024-01-22T11:38:43Z command.go:185:       [32m+[0m[0m default_network_acl_crn     = (known after apply)
TestRunHAUpgrade 2024-01-22T11:38:43Z command.go:185:       [32m+[0m[0m default_network_acl_name    = (known after apply)
TestRunHAUpgrade 2024-01-22T11:38:43Z command.go:185:       [32m+[0m[0m default_routing_table       = (known after apply)
TestRunHAUpgrade 2024-01-22T11:38:43Z command.go:185:       [32m+[0m[0m default_routing_table_name  = (known after apply)
TestRunHAUpgrade 2024-01-22T11:38:43Z command.go:185:       [32m+[0m[0m default_security_group      = (known after apply)
TestRunHAUpgrade 2024-01-22T11:38:43Z command.go:185:       [32m+[0m[0m default_security_group_crn  = (known after apply)
TestRunHAUpgrade 2024-01-22T11:38:43Z command.go:185:       [32m+[0m[0m default_security_group_name = (known after apply)
TestRunHAUpgrade 2024-01-22T11:38:43Z command.go:185:       [32m+[0m[0m dns                         = (known after apply)
TestRunHAUpgrade 2024-01-22T11:38:43Z command.go:185:       [32m+[0m[0m health_reasons              = (known after apply)
TestRunHAUpgrade 2024-01-22T11:38:43Z command.go:185:       [32m+[0m[0m health_state                = (known after apply)
TestRunHAUpgrade 2024-01-22T11:38:43Z command.go:185:       [32m+[0m[0m id                          = (known after apply)
TestRunHAUpgrade 2024-01-22T11:38:43Z command.go:185:       [32m+[0m[0m identifier                  = (known after apply)
TestRunHAUpgrade 2024-01-22T11:38:43Z command.go:185:       [32m+[0m[0m resource_controller_url     = (known after apply)
TestRunHAUpgrade 2024-01-22T11:38:43Z command.go:185:       [32m+[0m[0m resource_crn                = (known after apply)
TestRunHAUpgrade 2024-01-22T11:38:43Z command.go:185:       [32m+[0m[0m resource_group              = (known after apply)
TestRunHAUpgrade 2024-01-22T11:38:43Z command.go:185:       [32m+[0m[0m resource_group_name         = (known after apply)
TestRunHAUpgrade 2024-01-22T11:38:43Z command.go:185:       [32m+[0m[0m resource_name               = (known after apply)
TestRunHAUpgrade 2024-01-22T11:38:43Z command.go:185:       [32m+[0m[0m resource_status             = (known after apply)
TestRunHAUpgrade 2024-01-22T11:38:43Z command.go:185:       [32m+[0m[0m security_group              = (known after apply)
TestRunHAUpgrade 2024-01-22T11:38:43Z command.go:185:       [32m+[0m[0m status                      = (known after apply)
TestRunHAUpgrade 2024-01-22T11:38:43Z command.go:185:       [32m+[0m[0m subnets                     = (known after apply)
TestRunHAUpgrade 2024-01-22T11:38:43Z command.go:185:       [32m+[0m[0m tags                        = (known after apply)
TestRunHAUpgrade 2024-01-22T11:38:43Z command.go:185:     }
TestRunHAUpgrade 2024-01-22T11:38:43Z command.go:185: 
TestRunHAUpgrade 2024-01-22T11:38:43Z command.go:185: [1m  # module.basic_vpc.data.ibm_is_vpc_address_prefixes.get_address_prefixes[0m will be read during apply
TestRunHAUpgrade 2024-01-22T11:38:43Z command.go:185:   # (config refers to values not yet known)
TestRunHAUpgrade 2024-01-22T11:38:43Z command.go:185: [0m [36m<=[0m[0m data "ibm_is_vpc_address_prefixes" "get_address_prefixes" {
TestRunHAUpgrade 2024-01-22T11:38:43Z command.go:185:       [32m+[0m[0m address_prefixes = (known after apply)
TestRunHAUpgrade 2024-01-22T11:38:43Z command.go:185:       [32m+[0m[0m id               = (known after apply)
TestRunHAUpgrade 2024-01-22T11:38:43Z command.go:185:       [32m+[0m[0m vpc              = (known after apply)
TestRunHAUpgrade 2024-01-22T11:38:43Z command.go:185:     }
TestRunHAUpgrade 2024-01-22T11:38:43Z command.go:185: 
TestRunHAUpgrade 2024-01-22T11:38:43Z command.go:185: [1m  # module.basic_vpc.ibm_is_network_acl.network_acl["vpc-acl"][0m must be [1m[31mreplaced[0m
TestRunHAUpgrade 2024-01-22T11:38:43Z command.go:185: [0m[31m-[0m/[32m+[0m[0m resource "ibm_is_network_acl" "network_acl" {
TestRunHAUpgrade 2024-01-22T11:38:43Z command.go:185:       [33m~[0m[0m access_tags             = [] -> (known after apply)
TestRunHAUpgrade 2024-01-22T11:38:43Z command.go:185:       [33m~[0m[0m crn                     = "crn:v1:bluemix:public:is:eu-es:a/abac0df06b644a9cabc6e44f55b3880e::network-acl:r050-3187be46-8a7c-4666-9b7b-faf6aec37f54" -> (known after apply)
TestRunHAUpgrade 2024-01-22T11:38:43Z command.go:185:       [33m~[0m[0m id                      = "r050-3187be46-8a7c-4666-9b7b-faf6aec37f54" -> (known after apply)
TestRunHAUpgrade 2024-01-22T11:38:43Z command.go:185:         name                    = "cts-vpn-ha-upg-ucxuif-vpc-acl"
TestRunHAUpgrade 2024-01-22T11:38:43Z command.go:185:       [33m~[0m[0m resource_controller_url = "https://cloud.ibm.com/vpc-ext/network/acl" -> (known after apply)
TestRunHAUpgrade 2024-01-22T11:38:43Z command.go:185:       [32m+[0m[0m resource_crn            = (known after apply)
TestRunHAUpgrade 2024-01-22T11:38:43Z command.go:185:       [33m~[0m[0m resource_group_name     = "cts-vpn-ha-upg-ucxuif-resource-group" -> (known after apply)
TestRunHAUpgrade 2024-01-22T11:38:43Z command.go:185:       [33m~[0m[0m resource_name           = "cts-vpn-ha-upg-ucxuif-vpc-acl" -> (known after apply)
TestRunHAUpgrade 2024-01-22T11:38:43Z command.go:185:       [33m~[0m[0m tags                    = [] -> (known after apply)
TestRunHAUpgrade 2024-01-22T11:38:43Z command.go:185:       [33m~[0m[0m vpc                     = "r050-df7cb3a8-b1c1-493e-a5d5-c3565018fafc" [31m# forces replacement[0m[0m -> (known after apply) [31m# forces replacement[0m[0m
TestRunHAUpgrade 2024-01-22T11:38:43Z command.go:185:         [90m# (1 unchanged attribute hidden)[0m[0m
TestRunHAUpgrade 2024-01-22T11:38:43Z command.go:185: 
TestRunHAUpgrade 2024-01-22T11:38:43Z command.go:185:       [31m-[0m[0m rules {
TestRunHAUpgrade 2024-01-22T11:38:43Z command.go:185:           [31m-[0m[0m action      = "allow" [90m-> null[0m[0m
TestRunHAUpgrade 2024-01-22T11:38:43Z command.go:185:           [31m-[0m[0m destination = "161.26.0.0/16" [90m-> null[0m[0m
TestRunHAUpgrade 2024-01-22T11:38:43Z command.go:185:           [31m-[0m[0m direction   = "outbound" [90m-> null[0m[0m
TestRunHAUpgrade 2024-01-22T11:38:43Z command.go:185:           [31m-[0m[0m id          = "b178faa6-b166-4db9-8c97-155f08e9733d" [90m-> null[0m[0m
TestRunHAUpgrade 2024-01-22T11:38:43Z command.go:185:           [31m-[0m[0m ip_version  = "ipv4" [90m-> null[0m[0m
TestRunHAUpgrade 2024-01-22T11:38:43Z command.go:185:           [31m-[0m[0m name        = "ibmflow-iaas-outbound-0" [90m-> null[0m[0m
TestRunHAUpgrade 2024-01-22T11:38:43Z command.go:185:           [31m-[0m[0m source      = "10.0.0.0/8" [90m-> null[0m[0m
TestRunHAUpgrade 2024-01-22T11:38:43Z command.go:185:           [31m-[0m[0m subnets     = 2 [90m-> null[0m[0m
TestRunHAUpgrade 2024-01-22T11:38:43Z command.go:185:         }
TestRunHAUpgrade 2024-01-22T11:38:43Z command.go:185:       [31m-[0m[0m rules {
TestRunHAUpgrade 2024-01-22T11:38:43Z command.go:185:           [31m-[0m[0m action      = "allow" [90m-> null[0m[0m
TestRunHAUpgrade 2024-01-22T11:38:43Z command.go:185:           [31m-[0m[0m destination = "166.8.0.0/14" [90m-> null[0m[0m
TestRunHAUpgrade 2024-01-22T11:38:43Z command.go:185:           [31m-[0m[0m direction   = "outbound" [90m-> null[0m[0m
TestRunHAUpgrade 2024-01-22T11:38:43Z command.go:185:           [31m-[0m[0m id          = "4c1d4bc6-4e2c-4267-bd1b-9d06f0ab0aea" [90m-> null[0m[0m
TestRunHAUpgrade 2024-01-22T11:38:43Z command.go:185:           [31m-[0m[0m ip_version  = "ipv4" [90m-> null[0m[0m
TestRunHAUpgrade 2024-01-22T11:38:43Z command.go:185:           [31m-[0m[0m name        = "ibmflow-paas-outbound-0" [90m-> null[0m[0m
TestRunHAUpgrade 2024-01-22T11:38:43Z command.go:185:           [31m-[0m[0m source      = "10.0.0.0/8" [90m-> null[0m[0m
TestRunHAUpgrade 2024-01-22T11:38:43Z command.go:185:           [31m-[0m[0m subnets     = 2 [90m-> null[0m[0m
TestRunHAUpgrade 2024-01-22T11:38:43Z command.go:185:         }
TestRunHAUpgrade 2024-01-22T11:38:43Z command.go:185:       [31m-[0m[0m rules {
TestRunHAUpgrade 2024-01-22T11:38:43Z command.go:185:           [31m-[0m[0m action      = "allow" [90m-> null[0m[0m
TestRunHAUpgrade 2024-01-22T11:38:43Z command.go:185:           [31m-[0m[0m destination = "10.0.0.0/8" [90m-> null[0m[0m
TestRunHAUpgrade 2024-01-22T11:38:43Z command.go:185:           [31m-[0m[0m direction   = "inbound" [90m-> null[0m[0m
TestRunHAUpgrade 2024-01-22T11:38:43Z command.go:185:           [31m-[0m[0m id          = "6a7836b6-087a-4f7b-9796-ce5e7352b589" [90m-> null[0m[0m
TestRunHAUpgrade 2024-01-22T11:38:43Z command.go:185:           [31m-[0m[0m ip_version  = "ipv4" [90m-> null[0m[0m
TestRunHAUpgrade 2024-01-22T11:38:43Z command.go:185:           [31m-[0m[0m name        = "ibmflow-iaas-inbound-0" [90m-> null[0m[0m
TestRunHAUpgrade 2024-01-22T11:38:43Z command.go:185:           [31m-[0m[0m source      = "161.26.0.0/16" [90m-> null[0m[0m
TestRunHAUpgrade 2024-01-22T11:38:43Z command.go:185:           [31m-[0m[0m subnets     = 2 [90m-> null[0m[0m
TestRunHAUpgrade 2024-01-22T11:38:43Z command.go:185:         }
TestRunHAUpgrade 2024-01-22T11:38:43Z command.go:185:       [31m-[0m[0m rules {
TestRunHAUpgrade 2024-01-22T11:38:43Z command.go:185:           [31m-[0m[0m action      = "allow" [90m-> null[0m[0m
TestRunHAUpgrade 2024-01-22T11:38:43Z command.go:185:           [31m-[0m[0m destination = "10.0.0.0/8" [90m-> null[0m[0m
TestRunHAUpgrade 2024-01-22T11:38:43Z command.go:185:           [31m-[0m[0m direction   = "inbound" [90m-> null[0m[0m
TestRunHAUpgrade 2024-01-22T11:38:43Z command.go:185:           [31m-[0m[0m id          = "5da1fbe4-2db5-4a63-a04a-7b2231f8611f" [90m-> null[0m[0m
TestRunHAUpgrade 2024-01-22T11:38:43Z command.go:185:           [31m-[0m[0m ip_version  = "ipv4" [90m-> null[0m[0m
TestRunHAUpgrade 2024-01-22T11:38:43Z command.go:185:           [31m-[0m[0m name        = "ibmflow-paas-inbound-0" [90m-> null[0m[0m
TestRunHAUpgrade 2024-01-22T11:38:43Z command.go:185:           [31m-[0m[0m source      = "166.8.0.0/14" [90m-> null[0m[0m
TestRunHAUpgrade 2024-01-22T11:38:43Z command.go:185:           [31m-[0m[0m subnets     = 2 [90m-> null[0m[0m
TestRunHAUpgrade 2024-01-22T11:38:43Z command.go:185:         }
TestRunHAUpgrade 2024-01-22T11:38:43Z command.go:185:       [31m-[0m[0m rules {
TestRunHAUpgrade 2024-01-22T11:38:43Z command.go:185:           [31m-[0m[0m action      = "allow" [90m-> null[0m[0m
TestRunHAUpgrade 2024-01-22T11:38:43Z command.go:185:           [31m-[0m[0m destination = "10.0.0.0/8" [90m-> null[0m[0m
TestRunHAUpgrade 2024-01-22T11:38:43Z command.go:185:           [31m-[0m[0m direction   = "inbound" [90m-> null[0m[0m
TestRunHAUpgrade 2024-01-22T11:38:43Z command.go:185:           [31m-[0m[0m id          = "9a831e15-a026-42a2-a185-1a61e08d9a4b" [90m-> null[0m[0m
TestRunHAUpgrade 2024-01-22T11:38:43Z command.go:185:           [31m-[0m[0m ip_version  = "ipv4" [90m-> null[0m[0m
TestRunHAUpgrade 2024-01-22T11:38:43Z command.go:185:           [31m-[0m[0m name        = "ibmflow-allow-vpc-connectivity-inbound-6277-0" [90m-> null[0m[0m
TestRunHAUpgrade 2024-01-22T11:38:43Z command.go:185:           [31m-[0m[0m source      = "10.251.64.0/18" [90m-> null[0m[0m
TestRunHAUpgrade 2024-01-22T11:38:43Z command.go:185:           [31m-[0m[0m subnets     = 2 [90m-> null[0m[0m
TestRunHAUpgrade 2024-01-22T11:38:43Z command.go:185:         }
TestRunHAUpgrade 2024-01-22T11:38:43Z command.go:185:       [31m-[0m[0m rules {
TestRunHAUpgrade 2024-01-22T11:38:43Z command.go:185:           [31m-[0m[0m action      = "allow" [90m-> null[0m[0m
TestRunHAUpgrade 2024-01-22T11:38:43Z command.go:185:           [31m-[0m[0m destination = "10.0.0.0/8" [90m-> null[0m[0m
TestRunHAUpgrade 2024-01-22T11:38:43Z command.go:185:           [31m-[0m[0m direction   = "inbound" [90m-> null[0m[0m
TestRunHAUpgrade 2024-01-22T11:38:43Z command.go:185:           [31m-[0m[0m id          = "02d697b6-f8ce-49a3-94c7-67fab9de0415" [90m-> null[0m[0m
TestRunHAUpgrade 2024-01-22T11:38:43Z command.go:185:           [31m-[0m[0m ip_version  = "ipv4" [90m-> null[0m[0m
TestRunHAUpgrade 2024-01-22T11:38:43Z command.go:185:           [31m-[0m[0m name        = "ibmflow-allow-vpc-connectivity-inbound-7a87-0" [90m-> null[0m[0m
TestRunHAUpgrade 2024-01-22T11:38:43Z command.go:185:           [31m-[0m[0m source      = "10.251.128.0/18" [90m-> null[0m[0m
TestRunHAUpgrade 2024-01-22T11:38:43Z command.go:185:           [31m-[0m[0m subnets     = 2 [90m-> null[0m[0m
TestRunHAUpgrade 2024-01-22T11:38:43Z command.go:185:         }
TestRunHAUpgrade 2024-01-22T11:38:43Z command.go:185:       [31m-[0m[0m rules {
TestRunHAUpgrade 2024-01-22T11:38:43Z command.go:185:           [31m-[0m[0m action      = "allow" [90m-> null[0m[0m
TestRunHAUpgrade 2024-01-22T11:38:43Z command.go:185:           [31m-[0m[0m destination = "10.0.0.0/8" [90m-> null[0m[0m
TestRunHAUpgrade 2024-01-22T11:38:43Z command.go:185:           [31m-[0m[0m direction   = "inbound" [90m-> null[0m[0m
TestRunHAUpgrade 2024-01-22T11:38:43Z command.go:185:           [31m-[0m[0m id          = "dea360a0-25d1-4473-bb55-4b1af058c246" [90m-> null[0m[0m
TestRunHAUpgrade 2024-01-22T11:38:43Z command.go:185:           [31m-[0m[0m ip_version  = "ipv4" [90m-> null[0m[0m
TestRunHAUpgrade 2024-01-22T11:38:43Z command.go:185:           [31m-[0m[0m name        = "ibmflow-allow-vpc-connectivity-inbound-2f33-0" [90m-> null[0m[0m
TestRunHAUpgrade 2024-01-22T11:38:43Z command.go:185:           [31m-[0m[0m source      = "10.251.0.0/18" [90m-> null[0m[0m
TestRunHAUpgrade 2024-01-22T11:38:43Z command.go:185:           [31m-[0m[0m subnets     = 2 [90m-> null[0m[0m
TestRunHAUpgrade 2024-01-22T11:38:43Z command.go:185:         }
TestRunHAUpgrade 2024-01-22T11:38:43Z command.go:185:       [31m-[0m[0m rules {
TestRunHAUpgrade 2024-01-22T11:38:43Z command.go:185:           [31m-[0m[0m action      = "allow" [90m-> null[0m[0m
TestRunHAUpgrade 2024-01-22T11:38:43Z command.go:185:           [31m-[0m[0m destination = "10.0.0.0/8" [90m-> null[0m[0m
TestRunHAUpgrade 2024-01-22T11:38:43Z command.go:185:           [31m-[0m[0m direction   = "inbound" [90m-> null[0m[0m
TestRunHAUpgrade 2024-01-22T11:38:43Z command.go:185:           [31m-[0m[0m id          = "7dc33620-a8fe-442c-8f33-05684517a0de" [90m-> null[0m[0m
TestRunHAUpgrade 2024-01-22T11:38:43Z command.go:185:           [31m-[0m[0m ip_version  = "ipv4" [90m-> null[0m[0m
TestRunHAUpgrade 2024-01-22T11:38:43Z command.go:185:           [31m-[0m[0m name        = "ibmflow-allow-vpc-connectivity-inbound-724d-0" [90m-> null[0m[0m
TestRunHAUpgrade 2024-01-22T11:38:43Z command.go:185:           [31m-[0m[0m source      = "10.10.10.0/24" [90m-> null[0m[0m
TestRunHAUpgrade 2024-01-22T11:38:43Z command.go:185:           [31m-[0m[0m subnets     = 2 [90m-> null[0m[0m
TestRunHAUpgrade 2024-01-22T11:38:43Z command.go:185:         }
TestRunHAUpgrade 2024-01-22T11:38:43Z command.go:185:       [31m-[0m[0m rules {
TestRunHAUpgrade 2024-01-22T11:38:43Z command.go:185:           [31m-[0m[0m action      = "allow" [90m-> null[0m[0m
TestRunHAUpgrade 2024-01-22T11:38:43Z command.go:185:           [31m-[0m[0m destination = "10.0.0.0/8" [90m-> null[0m[0m
TestRunHAUpgrade 2024-01-22T11:38:43Z command.go:185:           [31m-[0m[0m direction   = "inbound" [90m-> null[0m[0m
TestRunHAUpgrade 2024-01-22T11:38:43Z command.go:185:           [31m-[0m[0m id          = "540764f9-da16-4fbc-9a28-e8ace509f073" [90m-> null[0m[0m
TestRunHAUpgrade 2024-01-22T11:38:43Z command.go:185:           [31m-[0m[0m ip_version  = "ipv4" [90m-> null[0m[0m
TestRunHAUpgrade 2024-01-22T11:38:43Z command.go:185:           [31m-[0m[0m name        = "ibmflow-allow-vpc-connectivity-inbound-aa5c-0" [90m-> null[0m[0m
TestRunHAUpgrade 2024-01-22T11:38:43Z command.go:185:           [31m-[0m[0m source      = "10.20.10.0/24" [90m-> null[0m[0m
TestRunHAUpgrade 2024-01-22T11:38:43Z command.go:185:           [31m-[0m[0m subnets     = 2 [90m-> null[0m[0m
TestRunHAUpgrade 2024-01-22T11:38:43Z command.go:185:         }
TestRunHAUpgrade 2024-01-22T11:38:43Z command.go:185:       [31m-[0m[0m rules {
TestRunHAUpgrade 2024-01-22T11:38:43Z command.go:185:           [31m-[0m[0m action      = "allow" [90m-> null[0m[0m
TestRunHAUpgrade 2024-01-22T11:38:43Z command.go:185:           [31m-[0m[0m destination = "10.251.64.0/18" [90m-> null[0m[0m
TestRunHAUpgrade 2024-01-22T11:38:43Z command.go:185:           [31m-[0m[0m direction   = "outbound" [90m-> null[0m[0m
TestRunHAUpgrade 2024-01-22T11:38:43Z command.go:185:           [31m-[0m[0m id          = "3753a59c-3eb2-4834-a9ec-fb8cc668592d" [90m-> null[0m[0m
TestRunHAUpgrade 2024-01-22T11:38:43Z command.go:185:           [31m-[0m[0m ip_version  = "ipv4" [90m-> null[0m[0m
TestRunHAUpgrade 2024-01-22T11:38:43Z command.go:185:           [31m-[0m[0m name        = "ibmflow-allow-vpc-connectivity-outbound-6277-0" [90m-> null[0m[0m
TestRunHAUpgrade 2024-01-22T11:38:43Z command.go:185:           [31m-[0m[0m source      = "10.0.0.0/8" [90m-> null[0m[0m
TestRunHAUpgrade 2024-01-22T11:38:43Z command.go:185:           [31m-[0m[0m subnets     = 2 [90m-> null[0m[0m
TestRunHAUpgrade 2024-01-22T11:38:43Z command.go:185:         }
TestRunHAUpgrade 2024-01-22T11:38:43Z command.go:185:       [31m-[0m[0m rules {
TestRunHAUpgrade 2024-01-22T11:38:43Z command.go:185:           [31m-[0m[0m action      = "allow" [90m-> null[0m[0m
TestRunHAUpgrade 2024-01-22T11:38:43Z command.go:185:           [31m-[0m[0m destination = "10.251.128.0/18" [90m-> null[0m[0m
TestRunHAUpgrade 2024-01-22T11:38:43Z command.go:185:           [31m-[0m[0m direction   = "outbound" [90m-> null[0m[0m
TestRunHAUpgrade 2024-01-22T11:38:43Z command.go:185:           [31m-[0m[0m id          = "323830f1-40f8-4353-aaee-07edb3b319d5" [90m-> null[0m[0m
TestRunHAUpgrade 2024-01-22T11:38:43Z command.go:185:           [31m-[0m[0m ip_version  = "ipv4" [90m-> null[0m[0m
TestRunHAUpgrade 2024-01-22T11:38:43Z command.go:185:           [31m-[0m[0m name        = "ibmflow-allow-vpc-connectivity-outbound-7a87-0" [90m-> null[0m[0m
TestRunHAUpgrade 2024-01-22T11:38:43Z command.go:185:           [31m-[0m[0m source      = "10.0.0.0/8" [90m-> null[0m[0m
TestRunHAUpgrade 2024-01-22T11:38:43Z command.go:185:           [31m-[0m[0m subnets     = 2 [90m-> null[0m[0m
TestRunHAUpgrade 2024-01-22T11:38:43Z command.go:185:         }
TestRunHAUpgrade 2024-01-22T11:38:43Z command.go:185:       [31m-[0m[0m rules {
TestRunHAUpgrade 2024-01-22T11:38:43Z command.go:185:           [31m-[0m[0m action      = "allow" [90m-> null[0m[0m
TestRunHAUpgrade 2024-01-22T11:38:43Z command.go:185:           [31m-[0m[0m destination = "10.251.0.0/18" [90m-> null[0m[0m
TestRunHAUpgrade 2024-01-22T11:38:43Z command.go:185:           [31m-[0m[0m direction   = "outbound" [90m-> null[0m[0m
TestRunHAUpgrade 2024-01-22T11:38:43Z command.go:185:           [31m-[0m[0m id          = "2e7ab5a0-32cf-4fe7-ab41-303d102ce992" [90m-> null[0m[0m
TestRunHAUpgrade 2024-01-22T11:38:43Z command.go:185:           [31m-[0m[0m ip_version  = "ipv4" [90m-> null[0m[0m
TestRunHAUpgrade 2024-01-22T11:38:43Z command.go:185:           [31m-[0m[0m name        = "ibmflow-allow-vpc-connectivity-outbound-2f33-0" [90m-> null[0m[0m
TestRunHAUpgrade 2024-01-22T11:38:43Z command.go:185:           [31m-[0m[0m source      = "10.0.0.0/8" [90m-> null[0m[0m
TestRunHAUpgrade 2024-01-22T11:38:43Z command.go:185:           [31m-[0m[0m subnets     = 2 [90m-> null[0m[0m
TestRunHAUpgrade 2024-01-22T11:38:43Z command.go:185:         }
TestRunHAUpgrade 2024-01-22T11:38:43Z command.go:185:       [31m-[0m[0m rules {
TestRunHAUpgrade 2024-01-22T11:38:43Z command.go:185:           [31m-[0m[0m action      = "allow" [90m-> null[0m[0m
TestRunHAUpgrade 2024-01-22T11:38:43Z command.go:185:           [31m-[0m[0m destination = "10.10.10.0/24" [90m-> null[0m[0m
TestRunHAUpgrade 2024-01-22T11:38:43Z command.go:185:           [31m-[0m[0m direction   = "outbound" [90m-> null[0m[0m
TestRunHAUpgrade 2024-01-22T11:38:43Z command.go:185:           [31m-[0m[0m id          = "6c2dae3b-1176-44b2-884c-ec4424b46de6" [90m-> null[0m[0m
TestRunHAUpgrade 2024-01-22T11:38:43Z command.go:185:           [31m-[0m[0m ip_version  = "ipv4" [90m-> null[0m[0m
TestRunHAUpgrade 2024-01-22T11:38:43Z command.go:185:           [31m-[0m[0m name        = "ibmflow-allow-vpc-connectivity-outbound-724d-0" [90m-> null[0m[0m
TestRunHAUpgrade 2024-01-22T11:38:43Z command.go:185:           [31m-[0m[0m source      = "10.0.0.0/8" [90m-> null[0m[0m
TestRunHAUpgrade 2024-01-22T11:38:43Z command.go:185:           [31m-[0m[0m subnets     = 2 [90m-> null[0m[0m
TestRunHAUpgrade 2024-01-22T11:38:43Z command.go:185:         }
TestRunHAUpgrade 2024-01-22T11:38:43Z command.go:185:       [31m-[0m[0m rules {
TestRunHAUpgrade 2024-01-22T11:38:43Z command.go:185:           [31m-[0m[0m action      = "allow" [90m-> null[0m[0m
TestRunHAUpgrade 2024-01-22T11:38:43Z command.go:185:           [31m-[0m[0m destination = "10.20.10.0/24" [90m-> null[0m[0m
TestRunHAUpgrade 2024-01-22T11:38:43Z command.go:185:           [31m-[0m[0m direction   = "outbound" [90m-> null[0m[0m
TestRunHAUpgrade 2024-01-22T11:38:43Z command.go:185:           [31m-[0m[0m id          = "84c3ce1d-f252-432c-a97a-22e22115534e" [90m-> null[0m[0m
TestRunHAUpgrade 2024-01-22T11:38:43Z command.go:185:           [31m-[0m[0m ip_version  = "ipv4" [90m-> null[0m[0m
TestRunHAUpgrade 2024-01-22T11:38:43Z command.go:185:           [31m-[0m[0m name        = "ibmflow-allow-vpc-connectivity-outbound-aa5c-0" [90m-> null[0m[0m
TestRunHAUpgrade 2024-01-22T11:38:43Z command.go:185:           [31m-[0m[0m source      = "10.0.0.0/8" [90m-> null[0m[0m
TestRunHAUpgrade 2024-01-22T11:38:43Z command.go:185:           [31m-[0m[0m subnets     = 2 [90m-> null[0m[0m
TestRunHAUpgrade 2024-01-22T11:38:43Z command.go:185:         }
TestRunHAUpgrade 2024-01-22T11:38:43Z command.go:185:       [31m-[0m[0m rules {
TestRunHAUpgrade 2024-01-22T11:38:43Z command.go:185:           [31m-[0m[0m action      = "deny" [90m-> null[0m[0m
TestRunHAUpgrade 2024-01-22T11:38:43Z command.go:185:           [31m-[0m[0m destination = "0.0.0.0/0" [90m-> null[0m[0m
TestRunHAUpgrade 2024-01-22T11:38:43Z command.go:185:           [31m-[0m[0m direction   = "inbound" [90m-> null[0m[0m
TestRunHAUpgrade 2024-01-22T11:38:43Z command.go:185:           [31m-[0m[0m id          = "56177961-e0dc-476d-a69b-eb0c50ba1f18" [90m-> null[0m[0m
TestRunHAUpgrade 2024-01-22T11:38:43Z command.go:185:           [31m-[0m[0m ip_version  = "ipv4" [90m-> null[0m[0m
TestRunHAUpgrade 2024-01-22T11:38:43Z command.go:185:           [31m-[0m[0m name        = "ibmflow-deny-all-inbound" [90m-> null[0m[0m
TestRunHAUpgrade 2024-01-22T11:38:43Z command.go:185:           [31m-[0m[0m source      = "0.0.0.0/0" [90m-> null[0m[0m
TestRunHAUpgrade 2024-01-22T11:38:43Z command.go:185:           [31m-[0m[0m subnets     = 2 [90m-> null[0m[0m
TestRunHAUpgrade 2024-01-22T11:38:43Z command.go:185:         }
TestRunHAUpgrade 2024-01-22T11:38:43Z command.go:185:       [31m-[0m[0m rules {
TestRunHAUpgrade 2024-01-22T11:38:43Z command.go:185:           [31m-[0m[0m action      = "deny" [90m-> null[0m[0m
TestRunHAUpgrade 2024-01-22T11:38:43Z command.go:185:           [31m-[0m[0m destination = "0.0.0.0/0" [90m-> null[0m[0m
TestRunHAUpgrade 2024-01-22T11:38:43Z command.go:185:           [31m-[0m[0m direction   = "outbound" [90m-> null[0m[0m
TestRunHAUpgrade 2024-01-22T11:38:43Z command.go:185:           [31m-[0m[0m id          = "56c50386-e10d-46ff-a0ef-6788979dece3" [90m-> null[0m[0m
TestRunHAUpgrade 2024-01-22T11:38:43Z command.go:185:           [31m-[0m[0m ip_version  = "ipv4" [90m-> null[0m[0m
TestRunHAUpgrade 2024-01-22T11:38:43Z command.go:185:           [31m-[0m[0m name        = "ibmflow-deny-all-outbound" [90m-> null[0m[0m
TestRunHAUpgrade 2024-01-22T11:38:43Z command.go:185:           [31m-[0m[0m source      = "0.0.0.0/0" [90m-> null[0m[0m
TestRunHAUpgrade 2024-01-22T11:38:43Z command.go:185:           [31m-[0m[0m subnets     = 2 [90m-> null[0m[0m
TestRunHAUpgrade 2024-01-22T11:38:43Z command.go:185:         }
TestRunHAUpgrade 2024-01-22T11:38:43Z command.go:185:     }
TestRunHAUpgrade 2024-01-22T11:38:43Z command.go:185: 
TestRunHAUpgrade 2024-01-22T11:38:43Z command.go:185: [1m  # module.basic_vpc.ibm_is_subnet.subnet["cts-vpn-ha-upg-ucxuif-vpc-subnet-a"][0m must be [1m[31mreplaced[0m
TestRunHAUpgrade 2024-01-22T11:38:43Z command.go:185: [0m[31m-[0m/[32m+[0m[0m resource "ibm_is_subnet" "subnet" {
TestRunHAUpgrade 2024-01-22T11:38:43Z command.go:185:       [33m~[0m[0m access_tags                  = [] -> (known after apply)
TestRunHAUpgrade 2024-01-22T11:38:43Z command.go:185:       [33m~[0m[0m available_ipv4_address_count = 250 -> (known after apply)
TestRunHAUpgrade 2024-01-22T11:38:43Z command.go:185:       [33m~[0m[0m crn                          = "crn:v1:bluemix:public:is:eu-es-1:a/abac0df06b644a9cabc6e44f55b3880e::subnet:02w7-31850d2f-02f5-491b-b3e1-423e5f9ac3ed" -> (known after apply)
TestRunHAUpgrade 2024-01-22T11:38:43Z command.go:185:       [33m~[0m[0m id                           = "02w7-31850d2f-02f5-491b-b3e1-423e5f9ac3ed" -> (known after apply)
TestRunHAUpgrade 2024-01-22T11:38:43Z command.go:185:         name                         = "cts-vpn-ha-upg-ucxuif-vpc-subnet-a"
TestRunHAUpgrade 2024-01-22T11:38:43Z command.go:185:       [33m~[0m[0m network_acl                  = "r050-3187be46-8a7c-4666-9b7b-faf6aec37f54" -> (known after apply)
TestRunHAUpgrade 2024-01-22T11:38:43Z command.go:185:       [32m+[0m[0m public_gateway               = (known after apply)
TestRunHAUpgrade 2024-01-22T11:38:43Z command.go:185:       [33m~[0m[0m resource_controller_url      = "https://cloud.ibm.com/vpc-ext/network/subnets" -> (known after apply)
TestRunHAUpgrade 2024-01-22T11:38:43Z command.go:185:       [33m~[0m[0m resource_crn                 = "crn:v1:bluemix:public:is:eu-es-1:a/abac0df06b644a9cabc6e44f55b3880e::subnet:02w7-31850d2f-02f5-491b-b3e1-423e5f9ac3ed" -> (known after apply)
TestRunHAUpgrade 2024-01-22T11:38:43Z command.go:185:       [33m~[0m[0m resource_group_name          = "cts-vpn-ha-upg-ucxuif-resource-group" -> (known after apply)
TestRunHAUpgrade 2024-01-22T11:38:43Z command.go:185:       [33m~[0m[0m resource_name                = "cts-vpn-ha-upg-ucxuif-vpc-subnet-a" -> (known after apply)
TestRunHAUpgrade 2024-01-22T11:38:43Z command.go:185:       [33m~[0m[0m resource_status              = "available" -> (known after apply)
TestRunHAUpgrade 2024-01-22T11:38:43Z command.go:185:       [33m~[0m[0m routing_table                = "r050-8e0be208-9ed5-43f7-94ca-e149e0b49f2d" -> (known after apply)
TestRunHAUpgrade 2024-01-22T11:38:43Z command.go:185:       [33m~[0m[0m status                       = "available" -> (known after apply)
TestRunHAUpgrade 2024-01-22T11:38:43Z command.go:185:       [33m~[0m[0m tags                         = [] -> (known after apply)
TestRunHAUpgrade 2024-01-22T11:38:43Z command.go:185:       [33m~[0m[0m total_ipv4_address_count     = 256 -> (known after apply)
TestRunHAUpgrade 2024-01-22T11:38:43Z command.go:185:       [33m~[0m[0m vpc                          = "r050-df7cb3a8-b1c1-493e-a5d5-c3565018fafc" [31m# forces replacement[0m[0m -> (known after apply) [31m# forces replacement[0m[0m
TestRunHAUpgrade 2024-01-22T11:38:43Z command.go:185:         [90m# (4 unchanged attributes hidden)[0m[0m
TestRunHAUpgrade 2024-01-22T11:38:43Z command.go:185:     }
TestRunHAUpgrade 2024-01-22T11:38:43Z command.go:185: 
TestRunHAUpgrade 2024-01-22T11:38:43Z command.go:185: [1m  # module.basic_vpc.ibm_is_subnet.subnet["cts-vpn-ha-upg-ucxuif-vpc-subnet-b"][0m must be [1m[31mreplaced[0m
TestRunHAUpgrade 2024-01-22T11:38:43Z command.go:185: [0m[31m-[0m/[32m+[0m[0m resource "ibm_is_subnet" "subnet" {
TestRunHAUpgrade 2024-01-22T11:38:43Z command.go:185:       [33m~[0m[0m access_tags                  = [] -> (known after apply)
TestRunHAUpgrade 2024-01-22T11:38:43Z command.go:185:       [33m~[0m[0m available_ipv4_address_count = 249 -> (known after apply)
TestRunHAUpgrade 2024-01-22T11:38:43Z command.go:185:       [33m~[0m[0m crn                          = "crn:v1:bluemix:public:is:eu-es-2:a/abac0df06b644a9cabc6e44f55b3880e::subnet:02x7-5efc78a5-4c53-4f99-981e-6b977d118128" -> (known after apply)
TestRunHAUpgrade 2024-01-22T11:38:43Z command.go:185:       [33m~[0m[0m id                           = "02x7-5efc78a5-4c53-4f99-981e-6b977d118128" -> (known after apply)
TestRunHAUpgrade 2024-01-22T11:38:43Z command.go:185:         name                         = "cts-vpn-ha-upg-ucxuif-vpc-subnet-b"
TestRunHAUpgrade 2024-01-22T11:38:43Z command.go:185:       [33m~[0m[0m network_acl                  = "r050-3187be46-8a7c-4666-9b7b-faf6aec37f54" -> (known after apply)
TestRunHAUpgrade 2024-01-22T11:38:43Z command.go:185:       [32m+[0m[0m public_gateway               = (known after apply)
TestRunHAUpgrade 2024-01-22T11:38:43Z command.go:185:       [33m~[0m[0m resource_controller_url      = "https://cloud.ibm.com/vpc-ext/network/subnets" -> (known after apply)
TestRunHAUpgrade 2024-01-22T11:38:43Z command.go:185:       [33m~[0m[0m resource_crn                 = "crn:v1:bluemix:public:is:eu-es-2:a/abac0df06b644a9cabc6e44f55b3880e::subnet:02x7-5efc78a5-4c53-4f99-981e-6b977d118128" -> (known after apply)
TestRunHAUpgrade 2024-01-22T11:38:43Z command.go:185:       [33m~[0m[0m resource_group_name          = "cts-vpn-ha-upg-ucxuif-resource-group" -> (known after apply)
TestRunHAUpgrade 2024-01-22T11:38:43Z command.go:185:       [33m~[0m[0m resource_name                = "cts-vpn-ha-upg-ucxuif-vpc-subnet-b" -> (known after apply)
TestRunHAUpgrade 2024-01-22T11:38:43Z command.go:185:       [33m~[0m[0m resource_status              = "available" -> (known after apply)
TestRunHAUpgrade 2024-01-22T11:38:43Z command.go:185:       [33m~[0m[0m routing_table                = "r050-8e0be208-9ed5-43f7-94ca-e149e0b49f2d" -> (known after apply)
TestRunHAUpgrade 2024-01-22T11:38:43Z command.go:185:       [33m~[0m[0m status                       = "available" -> (known after apply)
TestRunHAUpgrade 2024-01-22T11:38:43Z command.go:185:       [33m~[0m[0m tags                         = [] -> (known after apply)
TestRunHAUpgrade 2024-01-22T11:38:43Z command.go:185:       [33m~[0m[0m total_ipv4_address_count     = 256 -> (known after apply)
TestRunHAUpgrade 2024-01-22T11:38:43Z command.go:185:       [33m~[0m[0m vpc                          = "r050-df7cb3a8-b1c1-493e-a5d5-c3565018fafc" [31m# forces replacement[0m[0m -> (known after apply) [31m# forces replacement[0m[0m
TestRunHAUpgrade 2024-01-22T11:38:43Z command.go:185:         [90m# (4 unchanged attributes hidden)[0m[0m
TestRunHAUpgrade 2024-01-22T11:38:43Z command.go:185:     }
TestRunHAUpgrade 2024-01-22T11:38:43Z command.go:185: 
TestRunHAUpgrade 2024-01-22T11:38:43Z command.go:185: [1m  # module.basic_vpc.ibm_is_vpc.vpc[0][0m must be [1m[31mreplaced[0m
TestRunHAUpgrade 2024-01-22T11:38:43Z command.go:185: [0m[31m-[0m/[32m+[0m[0m resource "ibm_is_vpc" "vpc" {
TestRunHAUpgrade 2024-01-22T11:38:43Z command.go:185:       [33m~[0m[0m access_tags                 = [] -> (known after apply)
TestRunHAUpgrade 2024-01-22T11:38:43Z command.go:185:       [33m~[0m[0m address_prefix_management   = "auto" [33m->[0m[0m "manual" [31m# forces replacement[0m[0m
TestRunHAUpgrade 2024-01-22T11:38:43Z command.go:185:       [33m~[0m[0m crn                         = "crn:v1:bluemix:public:is:eu-es:a/abac0df06b644a9cabc6e44f55b3880e::vpc:r050-df7cb3a8-b1c1-493e-a5d5-c3565018fafc" -> (known after apply)
TestRunHAUpgrade 2024-01-22T11:38:43Z command.go:185:       [33m~[0m[0m cse_source_addresses        = [
TestRunHAUpgrade 2024-01-22T11:38:43Z command.go:185:           [31m-[0m[0m {
TestRunHAUpgrade 2024-01-22T11:38:43Z command.go:185:               [31m-[0m[0m address   = "10.22.174.57"
TestRunHAUpgrade 2024-01-22T11:38:43Z command.go:185:               [31m-[0m[0m zone_name = "eu-es-1"
TestRunHAUpgrade 2024-01-22T11:38:43Z command.go:185:             },
TestRunHAUpgrade 2024-01-22T11:38:43Z command.go:185:           [31m-[0m[0m {
TestRunHAUpgrade 2024-01-22T11:38:43Z command.go:185:               [31m-[0m[0m address   = "10.22.195.74"
TestRunHAUpgrade 2024-01-22T11:38:43Z command.go:185:               [31m-[0m[0m zone_name = "eu-es-2"
TestRunHAUpgrade 2024-01-22T11:38:43Z command.go:185:             },
TestRunHAUpgrade 2024-01-22T11:38:43Z command.go:185:           [31m-[0m[0m {
TestRunHAUpgrade 2024-01-22T11:38:43Z command.go:185:               [31m-[0m[0m address   = "10.22.201.116"
TestRunHAUpgrade 2024-01-22T11:38:43Z command.go:185:               [31m-[0m[0m zone_name = "eu-es-3"
TestRunHAUpgrade 2024-01-22T11:38:43Z command.go:185:             },
TestRunHAUpgrade 2024-01-22T11:38:43Z command.go:185:         ] -> (known after apply)
TestRunHAUpgrade 2024-01-22T11:38:43Z command.go:185:       [33m~[0m[0m default_network_acl         = "r050-abcd057e-50b7-4627-88fa-bcfaeb7c53d9" -> (known after apply)
TestRunHAUpgrade 2024-01-22T11:38:43Z command.go:185:       [33m~[0m[0m default_network_acl_crn     = "crn:v1:bluemix:public:is:eu-es:a/abac0df06b644a9cabc6e44f55b3880e::network-acl:r050-abcd057e-50b7-4627-88fa-bcfaeb7c53d9" -> (known after apply)
TestRunHAUpgrade 2024-01-22T11:38:43Z command.go:185:       [33m~[0m[0m default_network_acl_name    = "enviable-calibrate-unifier-coziness" -> (known after apply)
TestRunHAUpgrade 2024-01-22T11:38:43Z command.go:185:       [33m~[0m[0m default_routing_table       = "r050-8e0be208-9ed5-43f7-94ca-e149e0b49f2d" -> (known after apply)
TestRunHAUpgrade 2024-01-22T11:38:43Z command.go:185:       [33m~[0m[0m default_routing_table_name  = "improve-balmy-acrobat-backlight" -> (known after apply)
TestRunHAUpgrade 2024-01-22T11:38:43Z command.go:185:       [33m~[0m[0m default_security_group      = "r050-e4d92cb6-c2e6-44ae-b88b-5cb3cbdd15c1" -> (known after apply)
TestRunHAUpgrade 2024-01-22T11:38:43Z command.go:185:       [33m~[0m[0m default_security_group_crn  = "crn:v1:bluemix:public:is:eu-es:a/abac0df06b644a9cabc6e44f55b3880e::security-group:r050-e4d92cb6-c2e6-44ae-b88b-5cb3cbdd15c1" -> (known after apply)
TestRunHAUpgrade 2024-01-22T11:38:43Z command.go:185:       [33m~[0m[0m default_security_group_name = "alternate-thesaurus-generous-fabricable" -> (known after apply)
TestRunHAUpgrade 2024-01-22T11:38:43Z command.go:185:       [33m~[0m[0m health_reasons              = [] -> (known after apply)
TestRunHAUpgrade 2024-01-22T11:38:43Z command.go:185:       [33m~[0m[0m health_state                = "ok" -> (known after apply)
TestRunHAUpgrade 2024-01-22T11:38:43Z command.go:185:       [33m~[0m[0m id                          = "r050-df7cb3a8-b1c1-493e-a5d5-c3565018fafc" -> (known after apply)
TestRunHAUpgrade 2024-01-22T11:38:43Z command.go:185:         name                        = "cts-vpn-ha-upg-ucxuif-vpc-vpc"
TestRunHAUpgrade 2024-01-22T11:38:43Z command.go:185:       [33m~[0m[0m resource_controller_url     = "https://cloud.ibm.com/vpc-ext/network/vpcs" -> (known after apply)
TestRunHAUpgrade 2024-01-22T11:38:43Z command.go:185:       [33m~[0m[0m resource_crn                = "crn:v1:bluemix:public:is:eu-es:a/abac0df06b644a9cabc6e44f55b3880e::vpc:r050-df7cb3a8-b1c1-493e-a5d5-c3565018fafc" -> (known after apply)
TestRunHAUpgrade 2024-01-22T11:38:43Z command.go:185:       [33m~[0m[0m resource_group_name         = "cts-vpn-ha-upg-ucxuif-resource-group" -> (known after apply)
TestRunHAUpgrade 2024-01-22T11:38:43Z command.go:185:       [33m~[0m[0m resource_name               = "cts-vpn-ha-upg-ucxuif-vpc-vpc" -> (known after apply)
TestRunHAUpgrade 2024-01-22T11:38:43Z command.go:185:       [33m~[0m[0m resource_status             = "available" -> (known after apply)
TestRunHAUpgrade 2024-01-22T11:38:43Z command.go:185:       [33m~[0m[0m security_group              = [
TestRunHAUpgrade 2024-01-22T11:38:43Z command.go:185:           [31m-[0m[0m {
TestRunHAUpgrade 2024-01-22T11:38:43Z command.go:185:               [31m-[0m[0m group_id   = "r050-e4d92cb6-c2e6-44ae-b88b-5cb3cbdd15c1"
TestRunHAUpgrade 2024-01-22T11:38:43Z command.go:185:               [31m-[0m[0m group_name = "alternate-thesaurus-generous-fabricable"
TestRunHAUpgrade 2024-01-22T11:38:43Z command.go:185:               [31m-[0m[0m rules      = [
TestRunHAUpgrade 2024-01-22T11:38:43Z command.go:185:                   [31m-[0m[0m {
TestRunHAUpgrade 2024-01-22T11:38:43Z command.go:185:                       [31m-[0m[0m code       = 0
TestRunHAUpgrade 2024-01-22T11:38:43Z command.go:185:                       [31m-[0m[0m direction  = "outbound"
TestRunHAUpgrade 2024-01-22T11:38:43Z command.go:185:                       [31m-[0m[0m ip_version = "ipv4"
TestRunHAUpgrade 2024-01-22T11:38:43Z command.go:185:                       [31m-[0m[0m port_max   = 0
TestRunHAUpgrade 2024-01-22T11:38:43Z command.go:185:                       [31m-[0m[0m port_min   = 0
TestRunHAUpgrade 2024-01-22T11:38:43Z command.go:185:                       [31m-[0m[0m protocol   = "all"
TestRunHAUpgrade 2024-01-22T11:38:43Z command.go:185:                       [31m-[0m[0m remote     = "0.0.0.0/0"
TestRunHAUpgrade 2024-01-22T11:38:43Z command.go:185:                       [31m-[0m[0m rule_id    = "r050-2a1ca062-e567-4a25-a162-0e89a7392fd3"
TestRunHAUpgrade 2024-01-22T11:38:43Z command.go:185:                       [31m-[0m[0m type       = 0
TestRunHAUpgrade 2024-01-22T11:38:43Z command.go:185:                     },
TestRunHAUpgrade 2024-01-22T11:38:43Z command.go:185:                   [31m-[0m[0m {
TestRunHAUpgrade 2024-01-22T11:38:43Z command.go:185:                       [31m-[0m[0m code       = 0
TestRunHAUpgrade 2024-01-22T11:38:43Z command.go:185:                       [31m-[0m[0m direction  = "inbound"
TestRunHAUpgrade 2024-01-22T11:38:43Z command.go:185:                       [31m-[0m[0m ip_version = "ipv4"
TestRunHAUpgrade 2024-01-22T11:38:43Z command.go:185:                       [31m-[0m[0m port_max   = 0
TestRunHAUpgrade 2024-01-22T11:38:43Z command.go:185:                       [31m-[0m[0m port_min   = 0
TestRunHAUpgrade 2024-01-22T11:38:43Z command.go:185:                       [31m-[0m[0m protocol   = "all"
TestRunHAUpgrade 2024-01-22T11:38:43Z command.go:185:                       [31m-[0m[0m remote     = "r050-e4d92cb6-c2e6-44ae-b88b-5cb3cbdd15c1"
TestRunHAUpgrade 2024-01-22T11:38:43Z command.go:185:                       [31m-[0m[0m rule_id    = "r050-b5b6eba2-7fa1-4c09-a5fe-2b277a6faeaa"
TestRunHAUpgrade 2024-01-22T11:38:43Z command.go:185:                       [31m-[0m[0m type       = 0
TestRunHAUpgrade 2024-01-22T11:38:43Z command.go:185:                     },
TestRunHAUpgrade 2024-01-22T11:38:43Z command.go:185:                 ]
TestRunHAUpgrade 2024-01-22T11:38:43Z command.go:185:             },
TestRunHAUpgrade 2024-01-22T11:38:43Z command.go:185:         ] -> (known after apply)
TestRunHAUpgrade 2024-01-22T11:38:43Z command.go:185:       [33m~[0m[0m status                      = "available" -> (known after apply)
TestRunHAUpgrade 2024-01-22T11:38:43Z command.go:185:       [33m~[0m[0m subnets                     = [
TestRunHAUpgrade 2024-01-22T11:38:43Z command.go:185:           [31m-[0m[0m {
TestRunHAUpgrade 2024-01-22T11:38:43Z command.go:185:               [31m-[0m[0m available_ipv4_address_count = 250
TestRunHAUpgrade 2024-01-22T11:38:43Z command.go:185:               [31m-[0m[0m id                           = "02w7-31850d2f-02f5-491b-b3e1-423e5f9ac3ed"
TestRunHAUpgrade 2024-01-22T11:38:43Z command.go:185:               [31m-[0m[0m name                         = "cts-vpn-ha-upg-ucxuif-vpc-subnet-a"
TestRunHAUpgrade 2024-01-22T11:38:43Z command.go:185:               [31m-[0m[0m status                       = "available"
TestRunHAUpgrade 2024-01-22T11:38:43Z command.go:185:               [31m-[0m[0m total_ipv4_address_count     = 256
TestRunHAUpgrade 2024-01-22T11:38:43Z command.go:185:               [31m-[0m[0m zone                         = "eu-es-1"
TestRunHAUpgrade 2024-01-22T11:38:43Z command.go:185:             },
TestRunHAUpgrade 2024-01-22T11:38:43Z command.go:185:           [31m-[0m[0m {
TestRunHAUpgrade 2024-01-22T11:38:43Z command.go:185:               [31m-[0m[0m available_ipv4_address_count = 249
TestRunHAUpgrade 2024-01-22T11:38:43Z command.go:185:               [31m-[0m[0m id                           = "02x7-5efc78a5-4c53-4f99-981e-6b977d118128"
TestRunHAUpgrade 2024-01-22T11:38:43Z command.go:185:               [31m-[0m[0m name                         = "cts-vpn-ha-upg-ucxuif-vpc-subnet-b"
TestRunHAUpgrade 2024-01-22T11:38:43Z command.go:185:               [31m-[0m[0m status                       = "available"
TestRunHAUpgrade 2024-01-22T11:38:43Z command.go:185:               [31m-[0m[0m total_ipv4_address_count     = 256
TestRunHAUpgrade 2024-01-22T11:38:43Z command.go:185:               [31m-[0m[0m zone                         = "eu-es-2"
TestRunHAUpgrade 2024-01-22T11:38:43Z command.go:185:             },
TestRunHAUpgrade 2024-01-22T11:38:43Z command.go:185:         ] -> (known after apply)
TestRunHAUpgrade 2024-01-22T11:38:43Z command.go:185:       [33m~[0m[0m tags                        = [] -> (known after apply)
TestRunHAUpgrade 2024-01-22T11:38:43Z command.go:185:         [90m# (3 unchanged attributes hidden)[0m[0m
TestRunHAUpgrade 2024-01-22T11:38:43Z command.go:185: 
TestRunHAUpgrade 2024-01-22T11:38:43Z command.go:185:       [33m~[0m[0m dns {
TestRunHAUpgrade 2024-01-22T11:38:43Z command.go:185:           [33m~[0m[0m resolution_binding_count = 0 -> (known after apply)
TestRunHAUpgrade 2024-01-22T11:38:43Z command.go:185:             [90m# (1 unchanged attribute hidden)[0m[0m
TestRunHAUpgrade 2024-01-22T11:38:43Z command.go:185: 
TestRunHAUpgrade 2024-01-22T11:38:43Z command.go:185:           [31m-[0m[0m resolver {
TestRunHAUpgrade 2024-01-22T11:38:43Z command.go:185:               [31m-[0m[0m configuration = "default" [90m-> null[0m[0m
TestRunHAUpgrade 2024-01-22T11:38:43Z command.go:185:               [31m-[0m[0m servers       = [
TestRunHAUpgrade 2024-01-22T11:38:43Z command.go:185:                   [31m-[0m[0m {
TestRunHAUpgrade 2024-01-22T11:38:43Z command.go:185:                       [31m-[0m[0m address       = "161.26.0.10"
TestRunHAUpgrade 2024-01-22T11:38:43Z command.go:185:                       [31m-[0m[0m zone_affinity = ""
TestRunHAUpgrade 2024-01-22T11:38:43Z command.go:185:                     },
TestRunHAUpgrade 2024-01-22T11:38:43Z command.go:185:                   [31m-[0m[0m {
TestRunHAUpgrade 2024-01-22T11:38:43Z command.go:185:                       [31m-[0m[0m address       = "161.26.0.11"
TestRunHAUpgrade 2024-01-22T11:38:43Z command.go:185:                       [31m-[0m[0m zone_affinity = ""
TestRunHAUpgrade 2024-01-22T11:38:43Z command.go:185:                     },
TestRunHAUpgrade 2024-01-22T11:38:43Z command.go:185:                 ] [90m-> null[0m[0m
TestRunHAUpgrade 2024-01-22T11:38:43Z command.go:185:               [31m-[0m[0m type          = "system" [90m-> null[0m[0m
TestRunHAUpgrade 2024-01-22T11:38:43Z command.go:185:             }
TestRunHAUpgrade 2024-01-22T11:38:43Z command.go:185:         }
TestRunHAUpgrade 2024-01-22T11:38:43Z command.go:185:     }
TestRunHAUpgrade 2024-01-22T11:38:43Z command.go:185: 
TestRunHAUpgrade 2024-01-22T11:38:43Z command.go:185: [1m  # module.basic_vpc.ibm_is_vpc_address_prefix.subnet_prefix["cts-vpn-ha-upg-ucxuif-vpc-subnet-a"][0m must be [1m[31mreplaced[0m
TestRunHAUpgrade 2024-01-22T11:38:43Z command.go:185: [0m[31m-[0m/[32m+[0m[0m resource "ibm_is_vpc_address_prefix" "subnet_prefix" {
TestRunHAUpgrade 2024-01-22T11:38:43Z command.go:185:       [33m~[0m[0m address_prefix = "r050-74b13627-984f-4cdf-9a8e-fb07dd81724d" -> (known after apply)
TestRunHAUpgrade 2024-01-22T11:38:43Z command.go:185:       [33m~[0m[0m has_subnets    = true -> (known after apply)
TestRunHAUpgrade 2024-01-22T11:38:43Z command.go:185:       [33m~[0m[0m id             = "r050-df7cb3a8-b1c1-493e-a5d5-c3565018fafc/r050-74b13627-984f-4cdf-9a8e-fb07dd81724d" -> (known after apply)
TestRunHAUpgrade 2024-01-22T11:38:43Z command.go:185:         name           = "cts-vpn-ha-upg-ucxuif-vpc-subnet-a"
TestRunHAUpgrade 2024-01-22T11:38:43Z command.go:185:       [33m~[0m[0m related_crn    = "crn:v1:bluemix:public:is:eu-es:a/abac0df06b644a9cabc6e44f55b3880e::vpc:r050-df7cb3a8-b1c1-493e-a5d5-c3565018fafc" -> (known after apply)
TestRunHAUpgrade 2024-01-22T11:38:43Z command.go:185:       [33m~[0m[0m vpc            = "r050-df7cb3a8-b1c1-493e-a5d5-c3565018fafc" [31m# forces replacement[0m[0m -> (known after apply) [31m# forces replacement[0m[0m
TestRunHAUpgrade 2024-01-22T11:38:43Z command.go:185:         [90m# (3 unchanged attributes hidden)[0m[0m
TestRunHAUpgrade 2024-01-22T11:38:43Z command.go:185:     }
TestRunHAUpgrade 2024-01-22T11:38:43Z command.go:185: 
TestRunHAUpgrade 2024-01-22T11:38:43Z command.go:185: [1m  # module.basic_vpc.ibm_is_vpc_address_prefix.subnet_prefix["cts-vpn-ha-upg-ucxuif-vpc-subnet-b"][0m must be [1m[31mreplaced[0m
TestRunHAUpgrade 2024-01-22T11:38:43Z command.go:185: [0m[31m-[0m/[32m+[0m[0m resource "ibm_is_vpc_address_prefix" "subnet_prefix" {
TestRunHAUpgrade 2024-01-22T11:38:43Z command.go:185:       [33m~[0m[0m address_prefix = "r050-7bb16902-702f-4c16-be5a-979c3fcbaa5c" -> (known after apply)
TestRunHAUpgrade 2024-01-22T11:38:43Z command.go:185:       [33m~[0m[0m has_subnets    = true -> (known after apply)
TestRunHAUpgrade 2024-01-22T11:38:43Z command.go:185:       [33m~[0m[0m id             = "r050-df7cb3a8-b1c1-493e-a5d5-c3565018fafc/r050-7bb16902-702f-4c16-be5a-979c3fcbaa5c" -> (known after apply)
TestRunHAUpgrade 2024-01-22T11:38:43Z command.go:185:         name           = "cts-vpn-ha-upg-ucxuif-vpc-subnet-b"
TestRunHAUpgrade 2024-01-22T11:38:43Z command.go:185:       [33m~[0m[0m related_crn    = "crn:v1:bluemix:public:is:eu-es:a/abac0df06b644a9cabc6e44f55b3880e::vpc:r050-df7cb3a8-b1c1-493e-a5d5-c3565018fafc" -> (known after apply)
TestRunHAUpgrade 2024-01-22T11:38:43Z command.go:185:       [33m~[0m[0m vpc            = "r050-df7cb3a8-b1c1-493e-a5d5-c3565018fafc" [31m# forces replacement[0m[0m -> (known after apply) [31m# forces replacement[0m[0m
TestRunHAUpgrade 2024-01-22T11:38:43Z command.go:185:         [90m# (3 unchanged attributes hidden)[0m[0m
TestRunHAUpgrade 2024-01-22T11:38:43Z command.go:185:     }
TestRunHAUpgrade 2024-01-22T11:38:43Z command.go:185: 
TestRunHAUpgrade 2024-01-22T11:38:43Z command.go:185: [1m  # module.vpn.ibm_is_vpn_server.vpn[0m will be updated in-place
TestRunHAUpgrade 2024-01-22T11:38:43Z command.go:185: [0m  [33m~[0m[0m resource "ibm_is_vpn_server" "vpn" {
TestRunHAUpgrade 2024-01-22T11:38:43Z command.go:185:         id                         = "r050-f6fe3924-dd09-40f6-a9a8-302366bc3398"
TestRunHAUpgrade 2024-01-22T11:38:43Z command.go:185:         name                       = "cts-vpn-ha-upg-ucxuif-c2s-vpn"
TestRunHAUpgrade 2024-01-22T11:38:43Z command.go:185:       [33m~[0m[0m subnets                    = [
TestRunHAUpgrade 2024-01-22T11:38:43Z command.go:185:           [31m-[0m[0m "02w7-31850d2f-02f5-491b-b3e1-423e5f9ac3ed",
TestRunHAUpgrade 2024-01-22T11:38:43Z command.go:185:           [31m-[0m[0m "02x7-5efc78a5-4c53-4f99-981e-6b977d118128",
TestRunHAUpgrade 2024-01-22T11:38:43Z command.go:185:         ] -> (known after apply)
TestRunHAUpgrade 2024-01-22T11:38:43Z command.go:185:         [90m# (24 unchanged attributes hidden)[0m[0m
TestRunHAUpgrade 2024-01-22T11:38:43Z command.go:185: 
TestRunHAUpgrade 2024-01-22T11:38:43Z command.go:185:         [90m# (1 unchanged block hidden)[0m[0m
TestRunHAUpgrade 2024-01-22T11:38:43Z command.go:185:     }
TestRunHAUpgrade 2024-01-22T11:38:43Z command.go:185: 
TestRunHAUpgrade 2024-01-22T11:38:43Z command.go:185: [1mPlan:[0m 6 to add, 1 to change, 6 to destroy.
TestRunHAUpgrade 2024-01-22T11:38:43Z command.go:185: [0m[90m
TestRunHAUpgrade 2024-01-22T11:38:43Z command.go:185: ─────────────────────────────────────────────────────────────────────────────[0m
TestRunHAUpgrade 2024-01-22T11:38:43Z command.go:185: 
TestRunHAUpgrade 2024-01-22T11:38:43Z command.go:185: Saved the plan to:
TestRunHAUpgrade 2024-01-22T11:38:43Z command.go:185: /var/folders/ns/_tz6rxjj1ln5chxndw3b0j8c0000gn/T/terraform-pr-cts-vpn-ha-upg-ucxuif1106717319/examples/ha-complete/terratest-plan-file-1261353993
TestRunHAUpgrade 2024-01-22T11:38:43Z command.go:185: 
TestRunHAUpgrade 2024-01-22T11:38:43Z command.go:185: To perform exactly these actions, run the following command to apply:
TestRunHAUpgrade 2024-01-22T11:38:43Z command.go:185:     terraform apply "/var/folders/ns/_tz6rxjj1ln5chxndw3b0j8c0000gn/T/terraform-pr-cts-vpn-ha-upg-ucxuif1106717319/examples/ha-complete/terratest-plan-file-1261353993"
TestRunHAUpgrade 2024-01-22T11:38:43Z retry.go:91: terraform [output -no-color -json]
TestRunHAUpgrade 2024-01-22T11:38:43Z tests.go:350: START: Destroy
TestRunHAUpgrade 2024-01-22T11:38:43Z retry.go:91: terraform [destroy -auto-approve -input=false -var vpn_client_access_group_users=["GoldenEye.Operations@ibm.com"] -var existing_sm_instance_guid=79c6d411-c18f-4670-b009-b0044a238667 -var existing_sm_instance_region=us-south -var prefix=cts-vpn-ha-upg-ucxuif -var region=eu-es -var resource_tags=[] -var certificate_template_name=geretain-cert-template -lock=false]
TestRunHAUpgrade 2024-01-22T11:38:43Z command.go:100: Running command terraform with args [destroy -auto-approve -input=false -var vpn_client_access_group_users=["GoldenEye.Operations@ibm.com"] -var existing_sm_instance_guid=79c6d411-c18f-4670-b009-b0044a238667 -var existing_sm_instance_region=us-south -var prefix=cts-vpn-ha-upg-ucxuif -var region=eu-es -var resource_tags=[] -var certificate_template_name=geretain-cert-template -lock=false]
TestRunHAUpgrade 2024-01-22T11:38:45Z command.go:185: [0m[1mmodule.vpn.ibm_iam_access_group.cts_vpn_access_group[0]: Refreshing state... [id=AccessGroupId-6f956f67-1308-4d91-bf1c-278b463e0eae][0m
TestRunHAUpgrade 2024-01-22T11:38:45Z command.go:185: [0m[1mmodule.resource_group.ibm_resource_group.resource_group[0]: Refreshing state... [id=5e8ffcf79a7943cb912baf0969d08f5c][0m
TestRunHAUpgrade 2024-01-22T11:38:46Z command.go:185: [0m[1mmodule.basic_vpc.ibm_is_vpc.vpc[0]: Refreshing state... [id=r050-df7cb3a8-b1c1-493e-a5d5-c3565018fafc][0m
TestRunHAUpgrade 2024-01-22T11:38:46Z command.go:185: [0m[1mmodule.vpn.ibm_iam_access_group_members.cts_vpn_access_group_users[0]: Refreshing state... [id=AccessGroupId-6f956f67-1308-4d91-bf1c-278b463e0eae/2024-01-22 11:31:44.449571 +0000 UTC][0m
TestRunHAUpgrade 2024-01-22T11:38:46Z command.go:185: [0m[1mmodule.vpn.ibm_iam_access_group_policy.cts_vpn_access_group_policy[0]: Refreshing state... [id=AccessGroupId-6f956f67-1308-4d91-bf1c-278b463e0eae/8a264c99-5e71-407d-a3cc-f3a6d2d3be95][0m
TestRunHAUpgrade 2024-01-22T11:38:46Z command.go:185: [0m[1mmodule.secrets_manager_group.ibm_sm_secret_group.secret_group: Refreshing state... [id=us-south/79c6d411-c18f-4670-b009-b0044a238667/73ce2584-20ad-9030-8696-84b31c4ef01f][0m
TestRunHAUpgrade 2024-01-22T11:38:46Z command.go:185: [0m[1mmodule.vpn.ibm_iam_authorization_policy.policy[0]: Refreshing state... [id=e5d6161b-6422-4d88-8c8a-760d8a69cd31][0m
TestRunHAUpgrade 2024-01-22T11:38:47Z command.go:185: [0m[1mmodule.vpn.time_sleep.wait_for_authorization_policy: Refreshing state... [id=2024-01-22T11:32:15Z][0m
TestRunHAUpgrade 2024-01-22T11:38:47Z command.go:185: [0m[1mmodule.secrets_manager_private_certificate.ibm_sm_private_certificate.secrets_manager_private_certificate: Refreshing state... [id=us-south/79c6d411-c18f-4670-b009-b0044a238667/1dc25be3-ab8d-9549-d58b-3f145bfe9691][0m
TestRunHAUpgrade 2024-01-22T11:38:51Z command.go:185: [0m[1mmodule.basic_vpc.ibm_is_vpc_address_prefix.subnet_prefix["cts-vpn-ha-upg-ucxuif-vpc-subnet-b"]: Refreshing state... [id=r050-df7cb3a8-b1c1-493e-a5d5-c3565018fafc/r050-7bb16902-702f-4c16-be5a-979c3fcbaa5c][0m
TestRunHAUpgrade 2024-01-22T11:38:51Z command.go:185: [0m[1mmodule.basic_vpc.ibm_is_vpc_address_prefix.subnet_prefix["cts-vpn-ha-upg-ucxuif-vpc-subnet-a"]: Refreshing state... [id=r050-df7cb3a8-b1c1-493e-a5d5-c3565018fafc/r050-74b13627-984f-4cdf-9a8e-fb07dd81724d][0m
TestRunHAUpgrade 2024-01-22T11:38:54Z command.go:185: [0m[1mmodule.basic_vpc.ibm_is_network_acl.network_acl["vpc-acl"]: Refreshing state... [id=r050-3187be46-8a7c-4666-9b7b-faf6aec37f54][0m
TestRunHAUpgrade 2024-01-22T11:38:55Z command.go:185: [0m[1mmodule.basic_vpc.ibm_is_subnet.subnet["cts-vpn-ha-upg-ucxuif-vpc-subnet-a"]: Refreshing state... [id=02w7-31850d2f-02f5-491b-b3e1-423e5f9ac3ed][0m
TestRunHAUpgrade 2024-01-22T11:38:55Z command.go:185: [0m[1mmodule.basic_vpc.ibm_is_subnet.subnet["cts-vpn-ha-upg-ucxuif-vpc-subnet-b"]: Refreshing state... [id=02x7-5efc78a5-4c53-4f99-981e-6b977d118128][0m
TestRunHAUpgrade 2024-01-22T11:38:57Z command.go:185: [0m[1mmodule.vpn.ibm_is_vpn_server.vpn: Refreshing state... [id=r050-f6fe3924-dd09-40f6-a9a8-302366bc3398][0m
TestRunHAUpgrade 2024-01-22T11:39:01Z command.go:185: [0m[1mmodule.vpn.ibm_is_vpn_server_route.server_route["vpc-10"]: Refreshing state... [id=r050-f6fe3924-dd09-40f6-a9a8-302366bc3398/r050-8b6eb40d-7574-4ca6-97f5-dac60d9c7d77][0m
TestRunHAUpgrade 2024-01-22T11:39:03Z command.go:185: 
TestRunHAUpgrade 2024-01-22T11:39:03Z command.go:185: Terraform used the selected providers to generate the following execution
TestRunHAUpgrade 2024-01-22T11:39:03Z command.go:185: plan. Resource actions are indicated with the following symbols:
TestRunHAUpgrade 2024-01-22T11:39:03Z command.go:185:   [31m-[0m destroy[0m
TestRunHAUpgrade 2024-01-22T11:39:03Z command.go:185: 
TestRunHAUpgrade 2024-01-22T11:39:03Z command.go:185: Terraform will perform the following actions:
TestRunHAUpgrade 2024-01-22T11:39:03Z command.go:185: 
TestRunHAUpgrade 2024-01-22T11:39:03Z command.go:185: [1m  # module.basic_vpc.ibm_is_network_acl.network_acl["vpc-acl"][0m will be [1m[31mdestroyed[0m
TestRunHAUpgrade 2024-01-22T11:39:03Z command.go:185: [0m  [31m-[0m[0m resource "ibm_is_network_acl" "network_acl" {
TestRunHAUpgrade 2024-01-22T11:39:03Z command.go:185:       [31m-[0m[0m access_tags             = [] [90m-> null[0m[0m
TestRunHAUpgrade 2024-01-22T11:39:03Z command.go:185:       [31m-[0m[0m crn                     = "crn:v1:bluemix:public:is:eu-es:a/abac0df06b644a9cabc6e44f55b3880e::network-acl:r050-3187be46-8a7c-4666-9b7b-faf6aec37f54" [90m-> null[0m[0m
TestRunHAUpgrade 2024-01-22T11:39:03Z command.go:185:       [31m-[0m[0m id                      = "r050-3187be46-8a7c-4666-9b7b-faf6aec37f54" [90m-> null[0m[0m
TestRunHAUpgrade 2024-01-22T11:39:03Z command.go:185:       [31m-[0m[0m name                    = "cts-vpn-ha-upg-ucxuif-vpc-acl" [90m-> null[0m[0m
TestRunHAUpgrade 2024-01-22T11:39:03Z command.go:185:       [31m-[0m[0m resource_controller_url = "https://cloud.ibm.com/vpc-ext/network/acl" [90m-> null[0m[0m
TestRunHAUpgrade 2024-01-22T11:39:03Z command.go:185:       [31m-[0m[0m resource_group          = "5e8ffcf79a7943cb912baf0969d08f5c" [90m-> null[0m[0m
TestRunHAUpgrade 2024-01-22T11:39:03Z command.go:185:       [31m-[0m[0m resource_group_name     = "cts-vpn-ha-upg-ucxuif-resource-group" [90m-> null[0m[0m
TestRunHAUpgrade 2024-01-22T11:39:03Z command.go:185:       [31m-[0m[0m resource_name           = "cts-vpn-ha-upg-ucxuif-vpc-acl" [90m-> null[0m[0m
TestRunHAUpgrade 2024-01-22T11:39:03Z command.go:185:       [31m-[0m[0m tags                    = [] [90m-> null[0m[0m
TestRunHAUpgrade 2024-01-22T11:39:03Z command.go:185:       [31m-[0m[0m vpc                     = "r050-df7cb3a8-b1c1-493e-a5d5-c3565018fafc" [90m-> null[0m[0m
TestRunHAUpgrade 2024-01-22T11:39:03Z command.go:185: 
TestRunHAUpgrade 2024-01-22T11:39:03Z command.go:185:       [31m-[0m[0m rules {
TestRunHAUpgrade 2024-01-22T11:39:03Z command.go:185:           [31m-[0m[0m action      = "allow" [90m-> null[0m[0m
TestRunHAUpgrade 2024-01-22T11:39:03Z command.go:185:           [31m-[0m[0m destination = "161.26.0.0/16" [90m-> null[0m[0m
TestRunHAUpgrade 2024-01-22T11:39:03Z command.go:185:           [31m-[0m[0m direction   = "outbound" [90m-> null[0m[0m
TestRunHAUpgrade 2024-01-22T11:39:03Z command.go:185:           [31m-[0m[0m id          = "b178faa6-b166-4db9-8c97-155f08e9733d" [90m-> null[0m[0m
TestRunHAUpgrade 2024-01-22T11:39:03Z command.go:185:           [31m-[0m[0m ip_version  = "ipv4" [90m-> null[0m[0m
TestRunHAUpgrade 2024-01-22T11:39:03Z command.go:185:           [31m-[0m[0m name        = "ibmflow-iaas-outbound-0" [90m-> null[0m[0m
TestRunHAUpgrade 2024-01-22T11:39:03Z command.go:185:           [31m-[0m[0m source      = "10.0.0.0/8" [90m-> null[0m[0m
TestRunHAUpgrade 2024-01-22T11:39:03Z command.go:185:           [31m-[0m[0m subnets     = 2 [90m-> null[0m[0m
TestRunHAUpgrade 2024-01-22T11:39:03Z command.go:185:         }
TestRunHAUpgrade 2024-01-22T11:39:03Z command.go:185:       [31m-[0m[0m rules {
TestRunHAUpgrade 2024-01-22T11:39:03Z command.go:185:           [31m-[0m[0m action      = "allow" [90m-> null[0m[0m
TestRunHAUpgrade 2024-01-22T11:39:03Z command.go:185:           [31m-[0m[0m destination = "166.8.0.0/14" [90m-> null[0m[0m
TestRunHAUpgrade 2024-01-22T11:39:03Z command.go:185:           [31m-[0m[0m direction   = "outbound" [90m-> null[0m[0m
TestRunHAUpgrade 2024-01-22T11:39:03Z command.go:185:           [31m-[0m[0m id          = "4c1d4bc6-4e2c-4267-bd1b-9d06f0ab0aea" [90m-> null[0m[0m
TestRunHAUpgrade 2024-01-22T11:39:03Z command.go:185:           [31m-[0m[0m ip_version  = "ipv4" [90m-> null[0m[0m
TestRunHAUpgrade 2024-01-22T11:39:03Z command.go:185:           [31m-[0m[0m name        = "ibmflow-paas-outbound-0" [90m-> null[0m[0m
TestRunHAUpgrade 2024-01-22T11:39:03Z command.go:185:           [31m-[0m[0m source      = "10.0.0.0/8" [90m-> null[0m[0m
TestRunHAUpgrade 2024-01-22T11:39:03Z command.go:185:           [31m-[0m[0m subnets     = 2 [90m-> null[0m[0m
TestRunHAUpgrade 2024-01-22T11:39:03Z command.go:185:         }
TestRunHAUpgrade 2024-01-22T11:39:03Z command.go:185:       [31m-[0m[0m rules {
TestRunHAUpgrade 2024-01-22T11:39:03Z command.go:185:           [31m-[0m[0m action      = "allow" [90m-> null[0m[0m
TestRunHAUpgrade 2024-01-22T11:39:03Z command.go:185:           [31m-[0m[0m destination = "10.0.0.0/8" [90m-> null[0m[0m
TestRunHAUpgrade 2024-01-22T11:39:03Z command.go:185:           [31m-[0m[0m direction   = "inbound" [90m-> null[0m[0m
TestRunHAUpgrade 2024-01-22T11:39:03Z command.go:185:           [31m-[0m[0m id          = "6a7836b6-087a-4f7b-9796-ce5e7352b589" [90m-> null[0m[0m
TestRunHAUpgrade 2024-01-22T11:39:03Z command.go:185:           [31m-[0m[0m ip_version  = "ipv4" [90m-> null[0m[0m
TestRunHAUpgrade 2024-01-22T11:39:03Z command.go:185:           [31m-[0m[0m name        = "ibmflow-iaas-inbound-0" [90m-> null[0m[0m
TestRunHAUpgrade 2024-01-22T11:39:03Z command.go:185:           [31m-[0m[0m source      = "161.26.0.0/16" [90m-> null[0m[0m
TestRunHAUpgrade 2024-01-22T11:39:03Z command.go:185:           [31m-[0m[0m subnets     = 2 [90m-> null[0m[0m
TestRunHAUpgrade 2024-01-22T11:39:03Z command.go:185:         }
TestRunHAUpgrade 2024-01-22T11:39:03Z command.go:185:       [31m-[0m[0m rules {
TestRunHAUpgrade 2024-01-22T11:39:03Z command.go:185:           [31m-[0m[0m action      = "allow" [90m-> null[0m[0m
TestRunHAUpgrade 2024-01-22T11:39:03Z command.go:185:           [31m-[0m[0m destination = "10.0.0.0/8" [90m-> null[0m[0m
TestRunHAUpgrade 2024-01-22T11:39:03Z command.go:185:           [31m-[0m[0m direction   = "inbound" [90m-> null[0m[0m
TestRunHAUpgrade 2024-01-22T11:39:03Z command.go:185:           [31m-[0m[0m id          = "5da1fbe4-2db5-4a63-a04a-7b2231f8611f" [90m-> null[0m[0m
TestRunHAUpgrade 2024-01-22T11:39:03Z command.go:185:           [31m-[0m[0m ip_version  = "ipv4" [90m-> null[0m[0m
TestRunHAUpgrade 2024-01-22T11:39:03Z command.go:185:           [31m-[0m[0m name        = "ibmflow-paas-inbound-0" [90m-> null[0m[0m
TestRunHAUpgrade 2024-01-22T11:39:03Z command.go:185:           [31m-[0m[0m source      = "166.8.0.0/14" [90m-> null[0m[0m
TestRunHAUpgrade 2024-01-22T11:39:03Z command.go:185:           [31m-[0m[0m subnets     = 2 [90m-> null[0m[0m
TestRunHAUpgrade 2024-01-22T11:39:03Z command.go:185:         }
TestRunHAUpgrade 2024-01-22T11:39:03Z command.go:185:       [31m-[0m[0m rules {
TestRunHAUpgrade 2024-01-22T11:39:03Z command.go:185:           [31m-[0m[0m action      = "allow" [90m-> null[0m[0m
TestRunHAUpgrade 2024-01-22T11:39:03Z command.go:185:           [31m-[0m[0m destination = "10.0.0.0/8" [90m-> null[0m[0m
TestRunHAUpgrade 2024-01-22T11:39:03Z command.go:185:           [31m-[0m[0m direction   = "inbound" [90m-> null[0m[0m
TestRunHAUpgrade 2024-01-22T11:39:03Z command.go:185:           [31m-[0m[0m id          = "9a831e15-a026-42a2-a185-1a61e08d9a4b" [90m-> null[0m[0m
TestRunHAUpgrade 2024-01-22T11:39:03Z command.go:185:           [31m-[0m[0m ip_version  = "ipv4" [90m-> null[0m[0m
TestRunHAUpgrade 2024-01-22T11:39:03Z command.go:185:           [31m-[0m[0m name        = "ibmflow-allow-vpc-connectivity-inbound-6277-0" [90m-> null[0m[0m
TestRunHAUpgrade 2024-01-22T11:39:03Z command.go:185:           [31m-[0m[0m source      = "10.251.64.0/18" [90m-> null[0m[0m
TestRunHAUpgrade 2024-01-22T11:39:03Z command.go:185:           [31m-[0m[0m subnets     = 2 [90m-> null[0m[0m
TestRunHAUpgrade 2024-01-22T11:39:03Z command.go:185:         }
TestRunHAUpgrade 2024-01-22T11:39:03Z command.go:185:       [31m-[0m[0m rules {
TestRunHAUpgrade 2024-01-22T11:39:03Z command.go:185:           [31m-[0m[0m action      = "allow" [90m-> null[0m[0m
TestRunHAUpgrade 2024-01-22T11:39:03Z command.go:185:           [31m-[0m[0m destination = "10.0.0.0/8" [90m-> null[0m[0m
TestRunHAUpgrade 2024-01-22T11:39:03Z command.go:185:           [31m-[0m[0m direction   = "inbound" [90m-> null[0m[0m
TestRunHAUpgrade 2024-01-22T11:39:03Z command.go:185:           [31m-[0m[0m id          = "02d697b6-f8ce-49a3-94c7-67fab9de0415" [90m-> null[0m[0m
TestRunHAUpgrade 2024-01-22T11:39:03Z command.go:185:           [31m-[0m[0m ip_version  = "ipv4" [90m-> null[0m[0m
TestRunHAUpgrade 2024-01-22T11:39:03Z command.go:185:           [31m-[0m[0m name        = "ibmflow-allow-vpc-connectivity-inbound-7a87-0" [90m-> null[0m[0m
TestRunHAUpgrade 2024-01-22T11:39:03Z command.go:185:           [31m-[0m[0m source      = "10.251.128.0/18" [90m-> null[0m[0m
TestRunHAUpgrade 2024-01-22T11:39:03Z command.go:185:           [31m-[0m[0m subnets     = 2 [90m-> null[0m[0m
TestRunHAUpgrade 2024-01-22T11:39:03Z command.go:185:         }
TestRunHAUpgrade 2024-01-22T11:39:03Z command.go:185:       [31m-[0m[0m rules {
TestRunHAUpgrade 2024-01-22T11:39:03Z command.go:185:           [31m-[0m[0m action      = "allow" [90m-> null[0m[0m
TestRunHAUpgrade 2024-01-22T11:39:03Z command.go:185:           [31m-[0m[0m destination = "10.0.0.0/8" [90m-> null[0m[0m
TestRunHAUpgrade 2024-01-22T11:39:03Z command.go:185:           [31m-[0m[0m direction   = "inbound" [90m-> null[0m[0m
TestRunHAUpgrade 2024-01-22T11:39:03Z command.go:185:           [31m-[0m[0m id          = "dea360a0-25d1-4473-bb55-4b1af058c246" [90m-> null[0m[0m
TestRunHAUpgrade 2024-01-22T11:39:03Z command.go:185:           [31m-[0m[0m ip_version  = "ipv4" [90m-> null[0m[0m
TestRunHAUpgrade 2024-01-22T11:39:03Z command.go:185:           [31m-[0m[0m name        = "ibmflow-allow-vpc-connectivity-inbound-2f33-0" [90m-> null[0m[0m
TestRunHAUpgrade 2024-01-22T11:39:03Z command.go:185:           [31m-[0m[0m source      = "10.251.0.0/18" [90m-> null[0m[0m
TestRunHAUpgrade 2024-01-22T11:39:03Z command.go:185:           [31m-[0m[0m subnets     = 2 [90m-> null[0m[0m
TestRunHAUpgrade 2024-01-22T11:39:03Z command.go:185:         }
TestRunHAUpgrade 2024-01-22T11:39:03Z command.go:185:       [31m-[0m[0m rules {
TestRunHAUpgrade 2024-01-22T11:39:03Z command.go:185:           [31m-[0m[0m action      = "allow" [90m-> null[0m[0m
TestRunHAUpgrade 2024-01-22T11:39:03Z command.go:185:           [31m-[0m[0m destination = "10.0.0.0/8" [90m-> null[0m[0m
TestRunHAUpgrade 2024-01-22T11:39:03Z command.go:185:           [31m-[0m[0m direction   = "inbound" [90m-> null[0m[0m
TestRunHAUpgrade 2024-01-22T11:39:03Z command.go:185:           [31m-[0m[0m id          = "7dc33620-a8fe-442c-8f33-05684517a0de" [90m-> null[0m[0m
TestRunHAUpgrade 2024-01-22T11:39:03Z command.go:185:           [31m-[0m[0m ip_version  = "ipv4" [90m-> null[0m[0m
TestRunHAUpgrade 2024-01-22T11:39:03Z command.go:185:           [31m-[0m[0m name        = "ibmflow-allow-vpc-connectivity-inbound-724d-0" [90m-> null[0m[0m
TestRunHAUpgrade 2024-01-22T11:39:03Z command.go:185:           [31m-[0m[0m source      = "10.10.10.0/24" [90m-> null[0m[0m
TestRunHAUpgrade 2024-01-22T11:39:03Z command.go:185:           [31m-[0m[0m subnets     = 2 [90m-> null[0m[0m
TestRunHAUpgrade 2024-01-22T11:39:03Z command.go:185:         }
TestRunHAUpgrade 2024-01-22T11:39:03Z command.go:185:       [31m-[0m[0m rules {
TestRunHAUpgrade 2024-01-22T11:39:03Z command.go:185:           [31m-[0m[0m action      = "allow" [90m-> null[0m[0m
TestRunHAUpgrade 2024-01-22T11:39:03Z command.go:185:           [31m-[0m[0m destination = "10.0.0.0/8" [90m-> null[0m[0m
TestRunHAUpgrade 2024-01-22T11:39:03Z command.go:185:           [31m-[0m[0m direction   = "inbound" [90m-> null[0m[0m
TestRunHAUpgrade 2024-01-22T11:39:03Z command.go:185:           [31m-[0m[0m id          = "540764f9-da16-4fbc-9a28-e8ace509f073" [90m-> null[0m[0m
TestRunHAUpgrade 2024-01-22T11:39:03Z command.go:185:           [31m-[0m[0m ip_version  = "ipv4" [90m-> null[0m[0m
TestRunHAUpgrade 2024-01-22T11:39:03Z command.go:185:           [31m-[0m[0m name        = "ibmflow-allow-vpc-connectivity-inbound-aa5c-0" [90m-> null[0m[0m
TestRunHAUpgrade 2024-01-22T11:39:03Z command.go:185:           [31m-[0m[0m source      = "10.20.10.0/24" [90m-> null[0m[0m
TestRunHAUpgrade 2024-01-22T11:39:03Z command.go:185:           [31m-[0m[0m subnets     = 2 [90m-> null[0m[0m
TestRunHAUpgrade 2024-01-22T11:39:03Z command.go:185:         }
TestRunHAUpgrade 2024-01-22T11:39:03Z command.go:185:       [31m-[0m[0m rules {
TestRunHAUpgrade 2024-01-22T11:39:03Z command.go:185:           [31m-[0m[0m action      = "allow" [90m-> null[0m[0m
TestRunHAUpgrade 2024-01-22T11:39:03Z command.go:185:           [31m-[0m[0m destination = "10.251.64.0/18" [90m-> null[0m[0m
TestRunHAUpgrade 2024-01-22T11:39:03Z command.go:185:           [31m-[0m[0m direction   = "outbound" [90m-> null[0m[0m
TestRunHAUpgrade 2024-01-22T11:39:03Z command.go:185:           [31m-[0m[0m id          = "3753a59c-3eb2-4834-a9ec-fb8cc668592d" [90m-> null[0m[0m
TestRunHAUpgrade 2024-01-22T11:39:03Z command.go:185:           [31m-[0m[0m ip_version  = "ipv4" [90m-> null[0m[0m
TestRunHAUpgrade 2024-01-22T11:39:03Z command.go:185:           [31m-[0m[0m name        = "ibmflow-allow-vpc-connectivity-outbound-6277-0" [90m-> null[0m[0m
TestRunHAUpgrade 2024-01-22T11:39:03Z command.go:185:           [31m-[0m[0m source      = "10.0.0.0/8" [90m-> null[0m[0m
TestRunHAUpgrade 2024-01-22T11:39:03Z command.go:185:           [31m-[0m[0m subnets     = 2 [90m-> null[0m[0m
TestRunHAUpgrade 2024-01-22T11:39:03Z command.go:185:         }
TestRunHAUpgrade 2024-01-22T11:39:03Z command.go:185:       [31m-[0m[0m rules {
TestRunHAUpgrade 2024-01-22T11:39:03Z command.go:185:           [31m-[0m[0m action      = "allow" [90m-> null[0m[0m
TestRunHAUpgrade 2024-01-22T11:39:03Z command.go:185:           [31m-[0m[0m destination = "10.251.128.0/18" [90m-> null[0m[0m
TestRunHAUpgrade 2024-01-22T11:39:03Z command.go:185:           [31m-[0m[0m direction   = "outbound" [90m-> null[0m[0m
TestRunHAUpgrade 2024-01-22T11:39:03Z command.go:185:           [31m-[0m[0m id          = "323830f1-40f8-4353-aaee-07edb3b319d5" [90m-> null[0m[0m
TestRunHAUpgrade 2024-01-22T11:39:03Z command.go:185:           [31m-[0m[0m ip_version  = "ipv4" [90m-> null[0m[0m
TestRunHAUpgrade 2024-01-22T11:39:03Z command.go:185:           [31m-[0m[0m name        = "ibmflow-allow-vpc-connectivity-outbound-7a87-0" [90m-> null[0m[0m
TestRunHAUpgrade 2024-01-22T11:39:03Z command.go:185:           [31m-[0m[0m source      = "10.0.0.0/8" [90m-> null[0m[0m
TestRunHAUpgrade 2024-01-22T11:39:03Z command.go:185:           [31m-[0m[0m subnets     = 2 [90m-> null[0m[0m
TestRunHAUpgrade 2024-01-22T11:39:03Z command.go:185:         }
TestRunHAUpgrade 2024-01-22T11:39:03Z command.go:185:       [31m-[0m[0m rules {
TestRunHAUpgrade 2024-01-22T11:39:03Z command.go:185:           [31m-[0m[0m action      = "allow" [90m-> null[0m[0m
TestRunHAUpgrade 2024-01-22T11:39:03Z command.go:185:           [31m-[0m[0m destination = "10.251.0.0/18" [90m-> null[0m[0m
TestRunHAUpgrade 2024-01-22T11:39:03Z command.go:185:           [31m-[0m[0m direction   = "outbound" [90m-> null[0m[0m
TestRunHAUpgrade 2024-01-22T11:39:03Z command.go:185:           [31m-[0m[0m id          = "2e7ab5a0-32cf-4fe7-ab41-303d102ce992" [90m-> null[0m[0m
TestRunHAUpgrade 2024-01-22T11:39:03Z command.go:185:           [31m-[0m[0m ip_version  = "ipv4" [90m-> null[0m[0m
TestRunHAUpgrade 2024-01-22T11:39:03Z command.go:185:           [31m-[0m[0m name        = "ibmflow-allow-vpc-connectivity-outbound-2f33-0" [90m-> null[0m[0m
TestRunHAUpgrade 2024-01-22T11:39:03Z command.go:185:           [31m-[0m[0m source      = "10.0.0.0/8" [90m-> null[0m[0m
TestRunHAUpgrade 2024-01-22T11:39:03Z command.go:185:           [31m-[0m[0m subnets     = 2 [90m-> null[0m[0m
TestRunHAUpgrade 2024-01-22T11:39:03Z command.go:185:         }
TestRunHAUpgrade 2024-01-22T11:39:03Z command.go:185:       [31m-[0m[0m rules {
TestRunHAUpgrade 2024-01-22T11:39:03Z command.go:185:           [31m-[0m[0m action      = "allow" [90m-> null[0m[0m
TestRunHAUpgrade 2024-01-22T11:39:03Z command.go:185:           [31m-[0m[0m destination = "10.10.10.0/24" [90m-> null[0m[0m
TestRunHAUpgrade 2024-01-22T11:39:03Z command.go:185:           [31m-[0m[0m direction   = "outbound" [90m-> null[0m[0m
TestRunHAUpgrade 2024-01-22T11:39:03Z command.go:185:           [31m-[0m[0m id          = "6c2dae3b-1176-44b2-884c-ec4424b46de6" [90m-> null[0m[0m
TestRunHAUpgrade 2024-01-22T11:39:03Z command.go:185:           [31m-[0m[0m ip_version  = "ipv4" [90m-> null[0m[0m
TestRunHAUpgrade 2024-01-22T11:39:03Z command.go:185:           [31m-[0m[0m name        = "ibmflow-allow-vpc-connectivity-outbound-724d-0" [90m-> null[0m[0m
TestRunHAUpgrade 2024-01-22T11:39:03Z command.go:185:           [31m-[0m[0m source      = "10.0.0.0/8" [90m-> null[0m[0m
TestRunHAUpgrade 2024-01-22T11:39:03Z command.go:185:           [31m-[0m[0m subnets     = 2 [90m-> null[0m[0m
TestRunHAUpgrade 2024-01-22T11:39:03Z command.go:185:         }
TestRunHAUpgrade 2024-01-22T11:39:03Z command.go:185:       [31m-[0m[0m rules {
TestRunHAUpgrade 2024-01-22T11:39:03Z command.go:185:           [31m-[0m[0m action      = "allow" [90m-> null[0m[0m
TestRunHAUpgrade 2024-01-22T11:39:03Z command.go:185:           [31m-[0m[0m destination = "10.20.10.0/24" [90m-> null[0m[0m
TestRunHAUpgrade 2024-01-22T11:39:03Z command.go:185:           [31m-[0m[0m direction   = "outbound" [90m-> null[0m[0m
TestRunHAUpgrade 2024-01-22T11:39:03Z command.go:185:           [31m-[0m[0m id          = "84c3ce1d-f252-432c-a97a-22e22115534e" [90m-> null[0m[0m
TestRunHAUpgrade 2024-01-22T11:39:03Z command.go:185:           [31m-[0m[0m ip_version  = "ipv4" [90m-> null[0m[0m
TestRunHAUpgrade 2024-01-22T11:39:03Z command.go:185:           [31m-[0m[0m name        = "ibmflow-allow-vpc-connectivity-outbound-aa5c-0" [90m-> null[0m[0m
TestRunHAUpgrade 2024-01-22T11:39:03Z command.go:185:           [31m-[0m[0m source      = "10.0.0.0/8" [90m-> null[0m[0m
TestRunHAUpgrade 2024-01-22T11:39:03Z command.go:185:           [31m-[0m[0m subnets     = 2 [90m-> null[0m[0m
TestRunHAUpgrade 2024-01-22T11:39:03Z command.go:185:         }
TestRunHAUpgrade 2024-01-22T11:39:03Z command.go:185:       [31m-[0m[0m rules {
TestRunHAUpgrade 2024-01-22T11:39:03Z command.go:185:           [31m-[0m[0m action      = "deny" [90m-> null[0m[0m
TestRunHAUpgrade 2024-01-22T11:39:03Z command.go:185:           [31m-[0m[0m destination = "0.0.0.0/0" [90m-> null[0m[0m
TestRunHAUpgrade 2024-01-22T11:39:03Z command.go:185:           [31m-[0m[0m direction   = "inbound" [90m-> null[0m[0m
TestRunHAUpgrade 2024-01-22T11:39:03Z command.go:185:           [31m-[0m[0m id          = "56177961-e0dc-476d-a69b-eb0c50ba1f18" [90m-> null[0m[0m
TestRunHAUpgrade 2024-01-22T11:39:03Z command.go:185:           [31m-[0m[0m ip_version  = "ipv4" [90m-> null[0m[0m
TestRunHAUpgrade 2024-01-22T11:39:03Z command.go:185:           [31m-[0m[0m name        = "ibmflow-deny-all-inbound" [90m-> null[0m[0m
TestRunHAUpgrade 2024-01-22T11:39:03Z command.go:185:           [31m-[0m[0m source      = "0.0.0.0/0" [90m-> null[0m[0m
TestRunHAUpgrade 2024-01-22T11:39:03Z command.go:185:           [31m-[0m[0m subnets     = 2 [90m-> null[0m[0m
TestRunHAUpgrade 2024-01-22T11:39:03Z command.go:185:         }
TestRunHAUpgrade 2024-01-22T11:39:03Z command.go:185:       [31m-[0m[0m rules {
TestRunHAUpgrade 2024-01-22T11:39:03Z command.go:185:           [31m-[0m[0m action      = "deny" [90m-> null[0m[0m
TestRunHAUpgrade 2024-01-22T11:39:03Z command.go:185:           [31m-[0m[0m destination = "0.0.0.0/0" [90m-> null[0m[0m
TestRunHAUpgrade 2024-01-22T11:39:03Z command.go:185:           [31m-[0m[0m direction   = "outbound" [90m-> null[0m[0m
TestRunHAUpgrade 2024-01-22T11:39:03Z command.go:185:           [31m-[0m[0m id          = "56c50386-e10d-46ff-a0ef-6788979dece3" [90m-> null[0m[0m
TestRunHAUpgrade 2024-01-22T11:39:03Z command.go:185:           [31m-[0m[0m ip_version  = "ipv4" [90m-> null[0m[0m
TestRunHAUpgrade 2024-01-22T11:39:03Z command.go:185:           [31m-[0m[0m name        = "ibmflow-deny-all-outbound" [90m-> null[0m[0m
TestRunHAUpgrade 2024-01-22T11:39:03Z command.go:185:           [31m-[0m[0m source      = "0.0.0.0/0" [90m-> null[0m[0m
TestRunHAUpgrade 2024-01-22T11:39:03Z command.go:185:           [31m-[0m[0m subnets     = 2 [90m-> null[0m[0m
TestRunHAUpgrade 2024-01-22T11:39:03Z command.go:185:         }
TestRunHAUpgrade 2024-01-22T11:39:03Z command.go:185:     }
TestRunHAUpgrade 2024-01-22T11:39:03Z command.go:185: 
TestRunHAUpgrade 2024-01-22T11:39:03Z command.go:185: [1m  # module.basic_vpc.ibm_is_subnet.subnet["cts-vpn-ha-upg-ucxuif-vpc-subnet-a"][0m will be [1m[31mdestroyed[0m
TestRunHAUpgrade 2024-01-22T11:39:03Z command.go:185: [0m  [31m-[0m[0m resource "ibm_is_subnet" "subnet" {
TestRunHAUpgrade 2024-01-22T11:39:03Z command.go:185:       [31m-[0m[0m access_tags                  = [] [90m-> null[0m[0m
TestRunHAUpgrade 2024-01-22T11:39:03Z command.go:185:       [31m-[0m[0m available_ipv4_address_count = 250 [90m-> null[0m[0m
TestRunHAUpgrade 2024-01-22T11:39:03Z command.go:185:       [31m-[0m[0m crn                          = "crn:v1:bluemix:public:is:eu-es-1:a/abac0df06b644a9cabc6e44f55b3880e::subnet:02w7-31850d2f-02f5-491b-b3e1-423e5f9ac3ed" [90m-> null[0m[0m
TestRunHAUpgrade 2024-01-22T11:39:03Z command.go:185:       [31m-[0m[0m id                           = "02w7-31850d2f-02f5-491b-b3e1-423e5f9ac3ed" [90m-> null[0m[0m
TestRunHAUpgrade 2024-01-22T11:39:03Z command.go:185:       [31m-[0m[0m ip_version                   = "ipv4" [90m-> null[0m[0m
TestRunHAUpgrade 2024-01-22T11:39:03Z command.go:185:       [31m-[0m[0m ipv4_cidr_block              = "10.10.10.0/24" [90m-> null[0m[0m
TestRunHAUpgrade 2024-01-22T11:39:03Z command.go:185:       [31m-[0m[0m name                         = "cts-vpn-ha-upg-ucxuif-vpc-subnet-a" [90m-> null[0m[0m
TestRunHAUpgrade 2024-01-22T11:39:03Z command.go:185:       [31m-[0m[0m network_acl                  = "r050-3187be46-8a7c-4666-9b7b-faf6aec37f54" [90m-> null[0m[0m
TestRunHAUpgrade 2024-01-22T11:39:03Z command.go:185:       [31m-[0m[0m resource_controller_url      = "https://cloud.ibm.com/vpc-ext/network/subnets" [90m-> null[0m[0m
TestRunHAUpgrade 2024-01-22T11:39:03Z command.go:185:       [31m-[0m[0m resource_crn                 = "crn:v1:bluemix:public:is:eu-es-1:a/abac0df06b644a9cabc6e44f55b3880e::subnet:02w7-31850d2f-02f5-491b-b3e1-423e5f9ac3ed" [90m-> null[0m[0m
TestRunHAUpgrade 2024-01-22T11:39:03Z command.go:185:       [31m-[0m[0m resource_group               = "5e8ffcf79a7943cb912baf0969d08f5c" [90m-> null[0m[0m
TestRunHAUpgrade 2024-01-22T11:39:03Z command.go:185:       [31m-[0m[0m resource_group_name          = "cts-vpn-ha-upg-ucxuif-resource-group" [90m-> null[0m[0m
TestRunHAUpgrade 2024-01-22T11:39:03Z command.go:185:       [31m-[0m[0m resource_name                = "cts-vpn-ha-upg-ucxuif-vpc-subnet-a" [90m-> null[0m[0m
TestRunHAUpgrade 2024-01-22T11:39:03Z command.go:185:       [31m-[0m[0m resource_status              = "available" [90m-> null[0m[0m
TestRunHAUpgrade 2024-01-22T11:39:03Z command.go:185:       [31m-[0m[0m routing_table                = "r050-8e0be208-9ed5-43f7-94ca-e149e0b49f2d" [90m-> null[0m[0m
TestRunHAUpgrade 2024-01-22T11:39:03Z command.go:185:       [31m-[0m[0m status                       = "available" [90m-> null[0m[0m
TestRunHAUpgrade 2024-01-22T11:39:03Z command.go:185:       [31m-[0m[0m tags                         = [] [90m-> null[0m[0m
TestRunHAUpgrade 2024-01-22T11:39:03Z command.go:185:       [31m-[0m[0m total_ipv4_address_count     = 256 [90m-> null[0m[0m
TestRunHAUpgrade 2024-01-22T11:39:03Z command.go:185:       [31m-[0m[0m vpc                          = "r050-df7cb3a8-b1c1-493e-a5d5-c3565018fafc" [90m-> null[0m[0m
TestRunHAUpgrade 2024-01-22T11:39:03Z command.go:185:       [31m-[0m[0m zone                         = "eu-es-1" [90m-> null[0m[0m
TestRunHAUpgrade 2024-01-22T11:39:03Z command.go:185:     }
TestRunHAUpgrade 2024-01-22T11:39:03Z command.go:185: 
TestRunHAUpgrade 2024-01-22T11:39:03Z command.go:185: [1m  # module.basic_vpc.ibm_is_subnet.subnet["cts-vpn-ha-upg-ucxuif-vpc-subnet-b"][0m will be [1m[31mdestroyed[0m
TestRunHAUpgrade 2024-01-22T11:39:03Z command.go:185: [0m  [31m-[0m[0m resource "ibm_is_subnet" "subnet" {
TestRunHAUpgrade 2024-01-22T11:39:03Z command.go:185:       [31m-[0m[0m access_tags                  = [] [90m-> null[0m[0m
TestRunHAUpgrade 2024-01-22T11:39:03Z command.go:185:       [31m-[0m[0m available_ipv4_address_count = 249 [90m-> null[0m[0m
TestRunHAUpgrade 2024-01-22T11:39:03Z command.go:185:       [31m-[0m[0m crn                          = "crn:v1:bluemix:public:is:eu-es-2:a/abac0df06b644a9cabc6e44f55b3880e::subnet:02x7-5efc78a5-4c53-4f99-981e-6b977d118128" [90m-> null[0m[0m
TestRunHAUpgrade 2024-01-22T11:39:03Z command.go:185:       [31m-[0m[0m id                           = "02x7-5efc78a5-4c53-4f99-981e-6b977d118128" [90m-> null[0m[0m
TestRunHAUpgrade 2024-01-22T11:39:03Z command.go:185:       [31m-[0m[0m ip_version                   = "ipv4" [90m-> null[0m[0m
TestRunHAUpgrade 2024-01-22T11:39:03Z command.go:185:       [31m-[0m[0m ipv4_cidr_block              = "10.20.10.0/24" [90m-> null[0m[0m
TestRunHAUpgrade 2024-01-22T11:39:03Z command.go:185:       [31m-[0m[0m name                         = "cts-vpn-ha-upg-ucxuif-vpc-subnet-b" [90m-> null[0m[0m
TestRunHAUpgrade 2024-01-22T11:39:03Z command.go:185:       [31m-[0m[0m network_acl                  = "r050-3187be46-8a7c-4666-9b7b-faf6aec37f54" [90m-> null[0m[0m
TestRunHAUpgrade 2024-01-22T11:39:03Z command.go:185:       [31m-[0m[0m resource_controller_url      = "https://cloud.ibm.com/vpc-ext/network/subnets" [90m-> null[0m[0m
TestRunHAUpgrade 2024-01-22T11:39:03Z command.go:185:       [31m-[0m[0m resource_crn                 = "crn:v1:bluemix:public:is:eu-es-2:a/abac0df06b644a9cabc6e44f55b3880e::subnet:02x7-5efc78a5-4c53-4f99-981e-6b977d118128" [90m-> null[0m[0m
TestRunHAUpgrade 2024-01-22T11:39:03Z command.go:185:       [31m-[0m[0m resource_group               = "5e8ffcf79a7943cb912baf0969d08f5c" [90m-> null[0m[0m
TestRunHAUpgrade 2024-01-22T11:39:03Z command.go:185:       [31m-[0m[0m resource_group_name          = "cts-vpn-ha-upg-ucxuif-resource-group" [90m-> null[0m[0m
TestRunHAUpgrade 2024-01-22T11:39:03Z command.go:185:       [31m-[0m[0m resource_name                = "cts-vpn-ha-upg-ucxuif-vpc-subnet-b" [90m-> null[0m[0m
TestRunHAUpgrade 2024-01-22T11:39:03Z command.go:185:       [31m-[0m[0m resource_status              = "available" [90m-> null[0m[0m
TestRunHAUpgrade 2024-01-22T11:39:03Z command.go:185:       [31m-[0m[0m routing_table                = "r050-8e0be208-9ed5-43f7-94ca-e149e0b49f2d" [90m-> null[0m[0m
TestRunHAUpgrade 2024-01-22T11:39:03Z command.go:185:       [31m-[0m[0m status                       = "available" [90m-> null[0m[0m
TestRunHAUpgrade 2024-01-22T11:39:03Z command.go:185:       [31m-[0m[0m tags                         = [] [90m-> null[0m[0m
TestRunHAUpgrade 2024-01-22T11:39:03Z command.go:185:       [31m-[0m[0m total_ipv4_address_count     = 256 [90m-> null[0m[0m
TestRunHAUpgrade 2024-01-22T11:39:03Z command.go:185:       [31m-[0m[0m vpc                          = "r050-df7cb3a8-b1c1-493e-a5d5-c3565018fafc" [90m-> null[0m[0m
TestRunHAUpgrade 2024-01-22T11:39:03Z command.go:185:       [31m-[0m[0m zone                         = "eu-es-2" [90m-> null[0m[0m
TestRunHAUpgrade 2024-01-22T11:39:03Z command.go:185:     }
TestRunHAUpgrade 2024-01-22T11:39:03Z command.go:185: 
TestRunHAUpgrade 2024-01-22T11:39:03Z command.go:185: [1m  # module.basic_vpc.ibm_is_vpc.vpc[0][0m will be [1m[31mdestroyed[0m
TestRunHAUpgrade 2024-01-22T11:39:03Z command.go:185: [0m  [31m-[0m[0m resource "ibm_is_vpc" "vpc" {
TestRunHAUpgrade 2024-01-22T11:39:03Z command.go:185:       [31m-[0m[0m access_tags                 = [] [90m-> null[0m[0m
TestRunHAUpgrade 2024-01-22T11:39:03Z command.go:185:       [31m-[0m[0m address_prefix_management   = "auto" [90m-> null[0m[0m
TestRunHAUpgrade 2024-01-22T11:39:03Z command.go:185:       [31m-[0m[0m classic_access              = false [90m-> null[0m[0m
TestRunHAUpgrade 2024-01-22T11:39:03Z command.go:185:       [31m-[0m[0m crn                         = "crn:v1:bluemix:public:is:eu-es:a/abac0df06b644a9cabc6e44f55b3880e::vpc:r050-df7cb3a8-b1c1-493e-a5d5-c3565018fafc" [90m-> null[0m[0m
TestRunHAUpgrade 2024-01-22T11:39:03Z command.go:185:       [31m-[0m[0m cse_source_addresses        = [
TestRunHAUpgrade 2024-01-22T11:39:03Z command.go:185:           [31m-[0m[0m {
TestRunHAUpgrade 2024-01-22T11:39:03Z command.go:185:               [31m-[0m[0m address   = "10.22.174.57"
TestRunHAUpgrade 2024-01-22T11:39:03Z command.go:185:               [31m-[0m[0m zone_name = "eu-es-1"
TestRunHAUpgrade 2024-01-22T11:39:03Z command.go:185:             },
TestRunHAUpgrade 2024-01-22T11:39:03Z command.go:185:           [31m-[0m[0m {
TestRunHAUpgrade 2024-01-22T11:39:03Z command.go:185:               [31m-[0m[0m address   = "10.22.195.74"
TestRunHAUpgrade 2024-01-22T11:39:03Z command.go:185:               [31m-[0m[0m zone_name = "eu-es-2"
TestRunHAUpgrade 2024-01-22T11:39:03Z command.go:185:             },
TestRunHAUpgrade 2024-01-22T11:39:03Z command.go:185:           [31m-[0m[0m {
TestRunHAUpgrade 2024-01-22T11:39:03Z command.go:185:               [31m-[0m[0m address   = "10.22.201.116"
TestRunHAUpgrade 2024-01-22T11:39:03Z command.go:185:               [31m-[0m[0m zone_name = "eu-es-3"
TestRunHAUpgrade 2024-01-22T11:39:03Z command.go:185:             },
TestRunHAUpgrade 2024-01-22T11:39:03Z command.go:185:         ] [90m-> null[0m[0m
TestRunHAUpgrade 2024-01-22T11:39:03Z command.go:185:       [31m-[0m[0m default_network_acl         = "r050-abcd057e-50b7-4627-88fa-bcfaeb7c53d9" [90m-> null[0m[0m
TestRunHAUpgrade 2024-01-22T11:39:03Z command.go:185:       [31m-[0m[0m default_network_acl_crn     = "crn:v1:bluemix:public:is:eu-es:a/abac0df06b644a9cabc6e44f55b3880e::network-acl:r050-abcd057e-50b7-4627-88fa-bcfaeb7c53d9" [90m-> null[0m[0m
TestRunHAUpgrade 2024-01-22T11:39:03Z command.go:185:       [31m-[0m[0m default_network_acl_name    = "enviable-calibrate-unifier-coziness" [90m-> null[0m[0m
TestRunHAUpgrade 2024-01-22T11:39:03Z command.go:185:       [31m-[0m[0m default_routing_table       = "r050-8e0be208-9ed5-43f7-94ca-e149e0b49f2d" [90m-> null[0m[0m
TestRunHAUpgrade 2024-01-22T11:39:03Z command.go:185:       [31m-[0m[0m default_routing_table_name  = "improve-balmy-acrobat-backlight" [90m-> null[0m[0m
TestRunHAUpgrade 2024-01-22T11:39:03Z command.go:185:       [31m-[0m[0m default_security_group      = "r050-e4d92cb6-c2e6-44ae-b88b-5cb3cbdd15c1" [90m-> null[0m[0m
TestRunHAUpgrade 2024-01-22T11:39:03Z command.go:185:       [31m-[0m[0m default_security_group_crn  = "crn:v1:bluemix:public:is:eu-es:a/abac0df06b644a9cabc6e44f55b3880e::security-group:r050-e4d92cb6-c2e6-44ae-b88b-5cb3cbdd15c1" [90m-> null[0m[0m
TestRunHAUpgrade 2024-01-22T11:39:03Z command.go:185:       [31m-[0m[0m default_security_group_name = "alternate-thesaurus-generous-fabricable" [90m-> null[0m[0m
TestRunHAUpgrade 2024-01-22T11:39:03Z command.go:185:       [31m-[0m[0m health_reasons              = [] [90m-> null[0m[0m
TestRunHAUpgrade 2024-01-22T11:39:03Z command.go:185:       [31m-[0m[0m health_state                = "ok" [90m-> null[0m[0m
TestRunHAUpgrade 2024-01-22T11:39:03Z command.go:185:       [31m-[0m[0m id                          = "r050-df7cb3a8-b1c1-493e-a5d5-c3565018fafc" [90m-> null[0m[0m
TestRunHAUpgrade 2024-01-22T11:39:03Z command.go:185:       [31m-[0m[0m name                        = "cts-vpn-ha-upg-ucxuif-vpc-vpc" [90m-> null[0m[0m
TestRunHAUpgrade 2024-01-22T11:39:03Z command.go:185:       [31m-[0m[0m no_sg_acl_rules             = false [90m-> null[0m[0m
TestRunHAUpgrade 2024-01-22T11:39:03Z command.go:185:       [31m-[0m[0m resource_controller_url     = "https://cloud.ibm.com/vpc-ext/network/vpcs" [90m-> null[0m[0m
TestRunHAUpgrade 2024-01-22T11:39:03Z command.go:185:       [31m-[0m[0m resource_crn                = "crn:v1:bluemix:public:is:eu-es:a/abac0df06b644a9cabc6e44f55b3880e::vpc:r050-df7cb3a8-b1c1-493e-a5d5-c3565018fafc" [90m-> null[0m[0m
TestRunHAUpgrade 2024-01-22T11:39:03Z command.go:185:       [31m-[0m[0m resource_group              = "5e8ffcf79a7943cb912baf0969d08f5c" [90m-> null[0m[0m
TestRunHAUpgrade 2024-01-22T11:39:03Z command.go:185:       [31m-[0m[0m resource_group_name         = "cts-vpn-ha-upg-ucxuif-resource-group" [90m-> null[0m[0m
TestRunHAUpgrade 2024-01-22T11:39:03Z command.go:185:       [31m-[0m[0m resource_name               = "cts-vpn-ha-upg-ucxuif-vpc-vpc" [90m-> null[0m[0m
TestRunHAUpgrade 2024-01-22T11:39:03Z command.go:185:       [31m-[0m[0m resource_status             = "available" [90m-> null[0m[0m
TestRunHAUpgrade 2024-01-22T11:39:03Z command.go:185:       [31m-[0m[0m security_group              = [
TestRunHAUpgrade 2024-01-22T11:39:03Z command.go:185:           [31m-[0m[0m {
TestRunHAUpgrade 2024-01-22T11:39:03Z command.go:185:               [31m-[0m[0m group_id   = "r050-e4d92cb6-c2e6-44ae-b88b-5cb3cbdd15c1"
TestRunHAUpgrade 2024-01-22T11:39:03Z command.go:185:               [31m-[0m[0m group_name = "alternate-thesaurus-generous-fabricable"
TestRunHAUpgrade 2024-01-22T11:39:03Z command.go:185:               [31m-[0m[0m rules      = [
TestRunHAUpgrade 2024-01-22T11:39:03Z command.go:185:                   [31m-[0m[0m {
TestRunHAUpgrade 2024-01-22T11:39:03Z command.go:185:                       [31m-[0m[0m code       = 0
TestRunHAUpgrade 2024-01-22T11:39:03Z command.go:185:                       [31m-[0m[0m direction  = "outbound"
TestRunHAUpgrade 2024-01-22T11:39:03Z command.go:185:                       [31m-[0m[0m ip_version = "ipv4"
TestRunHAUpgrade 2024-01-22T11:39:03Z command.go:185:                       [31m-[0m[0m port_max   = 0
TestRunHAUpgrade 2024-01-22T11:39:03Z command.go:185:                       [31m-[0m[0m port_min   = 0
TestRunHAUpgrade 2024-01-22T11:39:03Z command.go:185:                       [31m-[0m[0m protocol   = "all"
TestRunHAUpgrade 2024-01-22T11:39:03Z command.go:185:                       [31m-[0m[0m remote     = "0.0.0.0/0"
TestRunHAUpgrade 2024-01-22T11:39:03Z command.go:185:                       [31m-[0m[0m rule_id    = "r050-2a1ca062-e567-4a25-a162-0e89a7392fd3"
TestRunHAUpgrade 2024-01-22T11:39:03Z command.go:185:                       [31m-[0m[0m type       = 0
TestRunHAUpgrade 2024-01-22T11:39:03Z command.go:185:                     },
TestRunHAUpgrade 2024-01-22T11:39:03Z command.go:185:                   [31m-[0m[0m {
TestRunHAUpgrade 2024-01-22T11:39:03Z command.go:185:                       [31m-[0m[0m code       = 0
TestRunHAUpgrade 2024-01-22T11:39:03Z command.go:185:                       [31m-[0m[0m direction  = "inbound"
TestRunHAUpgrade 2024-01-22T11:39:03Z command.go:185:                       [31m-[0m[0m ip_version = "ipv4"
TestRunHAUpgrade 2024-01-22T11:39:03Z command.go:185:                       [31m-[0m[0m port_max   = 0
TestRunHAUpgrade 2024-01-22T11:39:03Z command.go:185:                       [31m-[0m[0m port_min   = 0
TestRunHAUpgrade 2024-01-22T11:39:03Z command.go:185:                       [31m-[0m[0m protocol   = "all"
TestRunHAUpgrade 2024-01-22T11:39:03Z command.go:185:                       [31m-[0m[0m remote     = "r050-e4d92cb6-c2e6-44ae-b88b-5cb3cbdd15c1"
TestRunHAUpgrade 2024-01-22T11:39:03Z command.go:185:                       [31m-[0m[0m rule_id    = "r050-b5b6eba2-7fa1-4c09-a5fe-2b277a6faeaa"
TestRunHAUpgrade 2024-01-22T11:39:03Z command.go:185:                       [31m-[0m[0m type       = 0
TestRunHAUpgrade 2024-01-22T11:39:03Z command.go:185:                     },
TestRunHAUpgrade 2024-01-22T11:39:03Z command.go:185:                 ]
TestRunHAUpgrade 2024-01-22T11:39:03Z command.go:185:             },
TestRunHAUpgrade 2024-01-22T11:39:03Z command.go:185:         ] [90m-> null[0m[0m
TestRunHAUpgrade 2024-01-22T11:39:03Z command.go:185:       [31m-[0m[0m status                      = "available" [90m-> null[0m[0m
TestRunHAUpgrade 2024-01-22T11:39:03Z command.go:185:       [31m-[0m[0m subnets                     = [
TestRunHAUpgrade 2024-01-22T11:39:03Z command.go:185:           [31m-[0m[0m {
TestRunHAUpgrade 2024-01-22T11:39:03Z command.go:185:               [31m-[0m[0m available_ipv4_address_count = 250
TestRunHAUpgrade 2024-01-22T11:39:03Z command.go:185:               [31m-[0m[0m id                           = "02w7-31850d2f-02f5-491b-b3e1-423e5f9ac3ed"
TestRunHAUpgrade 2024-01-22T11:39:03Z command.go:185:               [31m-[0m[0m name                         = "cts-vpn-ha-upg-ucxuif-vpc-subnet-a"
TestRunHAUpgrade 2024-01-22T11:39:03Z command.go:185:               [31m-[0m[0m status                       = "available"
TestRunHAUpgrade 2024-01-22T11:39:03Z command.go:185:               [31m-[0m[0m total_ipv4_address_count     = 256
TestRunHAUpgrade 2024-01-22T11:39:03Z command.go:185:               [31m-[0m[0m zone                         = "eu-es-1"
TestRunHAUpgrade 2024-01-22T11:39:03Z command.go:185:             },
TestRunHAUpgrade 2024-01-22T11:39:03Z command.go:185:           [31m-[0m[0m {
TestRunHAUpgrade 2024-01-22T11:39:03Z command.go:185:               [31m-[0m[0m available_ipv4_address_count = 249
TestRunHAUpgrade 2024-01-22T11:39:03Z command.go:185:               [31m-[0m[0m id                           = "02x7-5efc78a5-4c53-4f99-981e-6b977d118128"
TestRunHAUpgrade 2024-01-22T11:39:03Z command.go:185:               [31m-[0m[0m name                         = "cts-vpn-ha-upg-ucxuif-vpc-subnet-b"
TestRunHAUpgrade 2024-01-22T11:39:03Z command.go:185:               [31m-[0m[0m status                       = "available"
TestRunHAUpgrade 2024-01-22T11:39:03Z command.go:185:               [31m-[0m[0m total_ipv4_address_count     = 256
TestRunHAUpgrade 2024-01-22T11:39:03Z command.go:185:               [31m-[0m[0m zone                         = "eu-es-2"
TestRunHAUpgrade 2024-01-22T11:39:03Z command.go:185:             },
TestRunHAUpgrade 2024-01-22T11:39:03Z command.go:185:         ] [90m-> null[0m[0m
TestRunHAUpgrade 2024-01-22T11:39:03Z command.go:185:       [31m-[0m[0m tags                        = [] [90m-> null[0m[0m
TestRunHAUpgrade 2024-01-22T11:39:03Z command.go:185: 
TestRunHAUpgrade 2024-01-22T11:39:03Z command.go:185:       [31m-[0m[0m dns {
TestRunHAUpgrade 2024-01-22T11:39:03Z command.go:185:           [31m-[0m[0m enable_hub               = false [90m-> null[0m[0m
TestRunHAUpgrade 2024-01-22T11:39:03Z command.go:185:           [31m-[0m[0m resolution_binding_count = 0 [90m-> null[0m[0m
TestRunHAUpgrade 2024-01-22T11:39:03Z command.go:185: 
TestRunHAUpgrade 2024-01-22T11:39:03Z command.go:185:           [31m-[0m[0m resolver {
TestRunHAUpgrade 2024-01-22T11:39:03Z command.go:185:               [31m-[0m[0m configuration = "default" [90m-> null[0m[0m
TestRunHAUpgrade 2024-01-22T11:39:03Z command.go:185:               [31m-[0m[0m servers       = [
TestRunHAUpgrade 2024-01-22T11:39:03Z command.go:185:                   [31m-[0m[0m {
TestRunHAUpgrade 2024-01-22T11:39:03Z command.go:185:                       [31m-[0m[0m address       = "161.26.0.10"
TestRunHAUpgrade 2024-01-22T11:39:03Z command.go:185:                       [31m-[0m[0m zone_affinity = ""
TestRunHAUpgrade 2024-01-22T11:39:03Z command.go:185:                     },
TestRunHAUpgrade 2024-01-22T11:39:03Z command.go:185:                   [31m-[0m[0m {
TestRunHAUpgrade 2024-01-22T11:39:03Z command.go:185:                       [31m-[0m[0m address       = "161.26.0.11"
TestRunHAUpgrade 2024-01-22T11:39:03Z command.go:185:                       [31m-[0m[0m zone_affinity = ""
TestRunHAUpgrade 2024-01-22T11:39:03Z command.go:185:                     },
TestRunHAUpgrade 2024-01-22T11:39:03Z command.go:185:                 ] [90m-> null[0m[0m
TestRunHAUpgrade 2024-01-22T11:39:03Z command.go:185:               [31m-[0m[0m type          = "system" [90m-> null[0m[0m
TestRunHAUpgrade 2024-01-22T11:39:03Z command.go:185:             }
TestRunHAUpgrade 2024-01-22T11:39:03Z command.go:185:         }
TestRunHAUpgrade 2024-01-22T11:39:03Z command.go:185:     }
TestRunHAUpgrade 2024-01-22T11:39:03Z command.go:185: 
TestRunHAUpgrade 2024-01-22T11:39:03Z command.go:185: [1m  # module.basic_vpc.ibm_is_vpc_address_prefix.subnet_prefix["cts-vpn-ha-upg-ucxuif-vpc-subnet-a"][0m will be [1m[31mdestroyed[0m
TestRunHAUpgrade 2024-01-22T11:39:03Z command.go:185: [0m  [31m-[0m[0m resource "ibm_is_vpc_address_prefix" "subnet_prefix" {
TestRunHAUpgrade 2024-01-22T11:39:03Z command.go:185:       [31m-[0m[0m address_prefix = "r050-74b13627-984f-4cdf-9a8e-fb07dd81724d" [90m-> null[0m[0m
TestRunHAUpgrade 2024-01-22T11:39:03Z command.go:185:       [31m-[0m[0m cidr           = "10.10.10.0/24" [90m-> null[0m[0m
TestRunHAUpgrade 2024-01-22T11:39:03Z command.go:185:       [31m-[0m[0m has_subnets    = true [90m-> null[0m[0m
TestRunHAUpgrade 2024-01-22T11:39:03Z command.go:185:       [31m-[0m[0m id             = "r050-df7cb3a8-b1c1-493e-a5d5-c3565018fafc/r050-74b13627-984f-4cdf-9a8e-fb07dd81724d" [90m-> null[0m[0m
TestRunHAUpgrade 2024-01-22T11:39:03Z command.go:185:       [31m-[0m[0m is_default     = false [90m-> null[0m[0m
TestRunHAUpgrade 2024-01-22T11:39:03Z command.go:185:       [31m-[0m[0m name           = "cts-vpn-ha-upg-ucxuif-vpc-subnet-a" [90m-> null[0m[0m
TestRunHAUpgrade 2024-01-22T11:39:03Z command.go:185:       [31m-[0m[0m related_crn    = "crn:v1:bluemix:public:is:eu-es:a/abac0df06b644a9cabc6e44f55b3880e::vpc:r050-df7cb3a8-b1c1-493e-a5d5-c3565018fafc" [90m-> null[0m[0m
TestRunHAUpgrade 2024-01-22T11:39:03Z command.go:185:       [31m-[0m[0m vpc            = "r050-df7cb3a8-b1c1-493e-a5d5-c3565018fafc" [90m-> null[0m[0m
TestRunHAUpgrade 2024-01-22T11:39:03Z command.go:185:       [31m-[0m[0m zone           = "eu-es-1" [90m-> null[0m[0m
TestRunHAUpgrade 2024-01-22T11:39:03Z command.go:185:     }
TestRunHAUpgrade 2024-01-22T11:39:03Z command.go:185: 
TestRunHAUpgrade 2024-01-22T11:39:03Z command.go:185: [1m  # module.basic_vpc.ibm_is_vpc_address_prefix.subnet_prefix["cts-vpn-ha-upg-ucxuif-vpc-subnet-b"][0m will be [1m[31mdestroyed[0m
TestRunHAUpgrade 2024-01-22T11:39:03Z command.go:185: [0m  [31m-[0m[0m resource "ibm_is_vpc_address_prefix" "subnet_prefix" {
TestRunHAUpgrade 2024-01-22T11:39:03Z command.go:185:       [31m-[0m[0m address_prefix = "r050-7bb16902-702f-4c16-be5a-979c3fcbaa5c" [90m-> null[0m[0m
TestRunHAUpgrade 2024-01-22T11:39:03Z command.go:185:       [31m-[0m[0m cidr           = "10.20.10.0/24" [90m-> null[0m[0m
TestRunHAUpgrade 2024-01-22T11:39:03Z command.go:185:       [31m-[0m[0m has_subnets    = true [90m-> null[0m[0m
TestRunHAUpgrade 2024-01-22T11:39:03Z command.go:185:       [31m-[0m[0m id             = "r050-df7cb3a8-b1c1-493e-a5d5-c3565018fafc/r050-7bb16902-702f-4c16-be5a-979c3fcbaa5c" [90m-> null[0m[0m
TestRunHAUpgrade 2024-01-22T11:39:03Z command.go:185:       [31m-[0m[0m is_default     = false [90m-> null[0m[0m
TestRunHAUpgrade 2024-01-22T11:39:03Z command.go:185:       [31m-[0m[0m name           = "cts-vpn-ha-upg-ucxuif-vpc-subnet-b" [90m-> null[0m[0m
TestRunHAUpgrade 2024-01-22T11:39:03Z command.go:185:       [31m-[0m[0m related_crn    = "crn:v1:bluemix:public:is:eu-es:a/abac0df06b644a9cabc6e44f55b3880e::vpc:r050-df7cb3a8-b1c1-493e-a5d5-c3565018fafc" [90m-> null[0m[0m
TestRunHAUpgrade 2024-01-22T11:39:03Z command.go:185:       [31m-[0m[0m vpc            = "r050-df7cb3a8-b1c1-493e-a5d5-c3565018fafc" [90m-> null[0m[0m
TestRunHAUpgrade 2024-01-22T11:39:03Z command.go:185:       [31m-[0m[0m zone           = "eu-es-2" [90m-> null[0m[0m
TestRunHAUpgrade 2024-01-22T11:39:03Z command.go:185:     }
TestRunHAUpgrade 2024-01-22T11:39:03Z command.go:185: 
TestRunHAUpgrade 2024-01-22T11:39:03Z command.go:185: [1m  # module.resource_group.ibm_resource_group.resource_group[0][0m will be [1m[31mdestroyed[0m
TestRunHAUpgrade 2024-01-22T11:39:03Z command.go:185: [0m  [31m-[0m[0m resource "ibm_resource_group" "resource_group" {
TestRunHAUpgrade 2024-01-22T11:39:03Z command.go:185:       [31m-[0m[0m created_at        = "2024-01-22T11:31:43.169Z" [90m-> null[0m[0m
TestRunHAUpgrade 2024-01-22T11:39:03Z command.go:185:       [31m-[0m[0m crn               = "crn:v1:bluemix:public:resource-controller::a/abac0df06b644a9cabc6e44f55b3880e::resource-group:5e8ffcf79a7943cb912baf0969d08f5c" [90m-> null[0m[0m
TestRunHAUpgrade 2024-01-22T11:39:03Z command.go:185:       [31m-[0m[0m default           = false [90m-> null[0m[0m
TestRunHAUpgrade 2024-01-22T11:39:03Z command.go:185:       [31m-[0m[0m id                = "5e8ffcf79a7943cb912baf0969d08f5c" [90m-> null[0m[0m
TestRunHAUpgrade 2024-01-22T11:39:03Z command.go:185:       [31m-[0m[0m name              = "cts-vpn-ha-upg-ucxuif-resource-group" [90m-> null[0m[0m
TestRunHAUpgrade 2024-01-22T11:39:03Z command.go:185:       [31m-[0m[0m quota_id          = "a3d7b8d01e261c24677937c29ab33f3c" [90m-> null[0m[0m
TestRunHAUpgrade 2024-01-22T11:39:03Z command.go:185:       [31m-[0m[0m quota_url         = "/v2/quota_definitions/a3d7b8d01e261c24677937c29ab33f3c" [90m-> null[0m[0m
TestRunHAUpgrade 2024-01-22T11:39:03Z command.go:185:       [31m-[0m[0m resource_linkages = [] [90m-> null[0m[0m
TestRunHAUpgrade 2024-01-22T11:39:03Z command.go:185:       [31m-[0m[0m state             = "ACTIVE" [90m-> null[0m[0m
TestRunHAUpgrade 2024-01-22T11:39:03Z command.go:185:       [31m-[0m[0m updated_at        = "2024-01-22T11:31:43.169Z" [90m-> null[0m[0m
TestRunHAUpgrade 2024-01-22T11:39:03Z command.go:185:     }
TestRunHAUpgrade 2024-01-22T11:39:03Z command.go:185: 
TestRunHAUpgrade 2024-01-22T11:39:03Z command.go:185: [1m  # module.secrets_manager_group.ibm_sm_secret_group.secret_group[0m will be [1m[31mdestroyed[0m
TestRunHAUpgrade 2024-01-22T11:39:03Z command.go:185: [0m  [31m-[0m[0m resource "ibm_sm_secret_group" "secret_group" {
TestRunHAUpgrade 2024-01-22T11:39:03Z command.go:185:       [31m-[0m[0m created_at      = "2024-01-22T11:31:44Z" [90m-> null[0m[0m
TestRunHAUpgrade 2024-01-22T11:39:03Z command.go:185:       [31m-[0m[0m description     = "A secret group to store private certs" [90m-> null[0m[0m
TestRunHAUpgrade 2024-01-22T11:39:03Z command.go:185:       [31m-[0m[0m id              = "us-south/79c6d411-c18f-4670-b009-b0044a238667/73ce2584-20ad-9030-8696-84b31c4ef01f" [90m-> null[0m[0m
TestRunHAUpgrade 2024-01-22T11:39:03Z command.go:185:       [31m-[0m[0m instance_id     = "79c6d411-c18f-4670-b009-b0044a238667" [90m-> null[0m[0m
TestRunHAUpgrade 2024-01-22T11:39:03Z command.go:185:       [31m-[0m[0m name            = "cts-vpn-ha-upg-ucxuif-certs" [90m-> null[0m[0m
TestRunHAUpgrade 2024-01-22T11:39:03Z command.go:185:       [31m-[0m[0m region          = "us-south" [90m-> null[0m[0m
TestRunHAUpgrade 2024-01-22T11:39:03Z command.go:185:       [31m-[0m[0m secret_group_id = "73ce2584-20ad-9030-8696-84b31c4ef01f" [90m-> null[0m[0m
TestRunHAUpgrade 2024-01-22T11:39:03Z command.go:185:       [31m-[0m[0m updated_at      = "2024-01-22T11:31:44Z" [90m-> null[0m[0m
TestRunHAUpgrade 2024-01-22T11:39:03Z command.go:185:     }
TestRunHAUpgrade 2024-01-22T11:39:03Z command.go:185: 
TestRunHAUpgrade 2024-01-22T11:39:03Z command.go:185: [1m  # module.secrets_manager_private_certificate.ibm_sm_private_certificate.secrets_manager_private_certificate[0m will be [1m[31mdestroyed[0m
TestRunHAUpgrade 2024-01-22T11:39:03Z command.go:185: [0m  [31m-[0m[0m resource "ibm_sm_private_certificate" "secrets_manager_private_certificate" {
TestRunHAUpgrade 2024-01-22T11:39:03Z command.go:185:       [31m-[0m[0m alt_names               = [
TestRunHAUpgrade 2024-01-22T11:39:03Z command.go:185:           [31m-[0m[0m "example.com",
TestRunHAUpgrade 2024-01-22T11:39:03Z command.go:185:         ] [90m-> null[0m[0m
TestRunHAUpgrade 2024-01-22T11:39:03Z command.go:185:       [31m-[0m[0m ca_chain                = (sensitive value) [90m-> null[0m[0m
TestRunHAUpgrade 2024-01-22T11:39:03Z command.go:185:       [31m-[0m[0m certificate             = (sensitive value) [90m-> null[0m[0m
TestRunHAUpgrade 2024-01-22T11:39:03Z command.go:185:       [31m-[0m[0m certificate_authority   = "geretain-intermediate-ca" [90m-> null[0m[0m
TestRunHAUpgrade 2024-01-22T11:39:03Z command.go:185:       [31m-[0m[0m certificate_template    = "geretain-cert-template" [90m-> null[0m[0m
TestRunHAUpgrade 2024-01-22T11:39:03Z command.go:185:       [31m-[0m[0m common_name             = "example.com" [90m-> null[0m[0m
TestRunHAUpgrade 2024-01-22T11:39:03Z command.go:185:       [31m-[0m[0m created_at              = "2024-01-22T11:31:15Z" [90m-> null[0m[0m
TestRunHAUpgrade 2024-01-22T11:39:03Z command.go:185:       [31m-[0m[0m created_by              = "IBMid-060001PU50" [90m-> null[0m[0m
TestRunHAUpgrade 2024-01-22T11:39:03Z command.go:185:       [31m-[0m[0m crn                     = "crn:v1:bluemix:public:secrets-manager:us-south:a/abac0df06b644a9cabc6e44f55b3880e:79c6d411-c18f-4670-b009-b0044a238667:secret:1dc25be3-ab8d-9549-d58b-3f145bfe9691" [90m-> null[0m[0m
TestRunHAUpgrade 2024-01-22T11:39:03Z command.go:185:       [31m-[0m[0m custom_metadata         = {
TestRunHAUpgrade 2024-01-22T11:39:03Z command.go:185:           [31m-[0m[0m "collection_total" = "1"
TestRunHAUpgrade 2024-01-22T11:39:03Z command.go:185:           [31m-[0m[0m "collection_type"  = "application/vnd.ibm.secrets-manager.secret+json"
TestRunHAUpgrade 2024-01-22T11:39:03Z command.go:185:         } [90m-> null[0m[0m
TestRunHAUpgrade 2024-01-22T11:39:03Z command.go:185:       [31m-[0m[0m description             = "an example private cert" [90m-> null[0m[0m
TestRunHAUpgrade 2024-01-22T11:39:03Z command.go:185:       [31m-[0m[0m downloaded              = true [90m-> null[0m[0m
TestRunHAUpgrade 2024-01-22T11:39:03Z command.go:185:       [31m-[0m[0m endpoint_type           = "public" [90m-> null[0m[0m
TestRunHAUpgrade 2024-01-22T11:39:03Z command.go:185:       [31m-[0m[0m exclude_cn_from_sans    = false [90m-> null[0m[0m
TestRunHAUpgrade 2024-01-22T11:39:03Z command.go:185:       [31m-[0m[0m expiration_date         = "2024-02-23T11:31:45Z" [90m-> null[0m[0m
TestRunHAUpgrade 2024-01-22T11:39:03Z command.go:185:       [31m-[0m[0m format                  = "pem" [90m-> null[0m[0m
TestRunHAUpgrade 2024-01-22T11:39:03Z command.go:185:       [31m-[0m[0m id                      = "us-south/79c6d411-c18f-4670-b009-b0044a238667/1dc25be3-ab8d-9549-d58b-3f145bfe9691" [90m-> null[0m[0m
TestRunHAUpgrade 2024-01-22T11:39:03Z command.go:185:       [31m-[0m[0m instance_id             = "79c6d411-c18f-4670-b009-b0044a238667" [90m-> null[0m[0m
TestRunHAUpgrade 2024-01-22T11:39:03Z command.go:185:       [31m-[0m[0m issuer                  = "cloud.ibm.com" [90m-> null[0m[0m
TestRunHAUpgrade 2024-01-22T11:39:03Z command.go:185:       [31m-[0m[0m issuing_ca              = (sensitive value) [90m-> null[0m[0m
TestRunHAUpgrade 2024-01-22T11:39:03Z command.go:185:       [31m-[0m[0m key_algorithm           = "RSA2048" [90m-> null[0m[0m
TestRunHAUpgrade 2024-01-22T11:39:03Z command.go:185:       [31m-[0m[0m labels                  = [] [90m-> null[0m[0m
TestRunHAUpgrade 2024-01-22T11:39:03Z command.go:185:       [31m-[0m[0m locks_total             = 0 [90m-> null[0m[0m
TestRunHAUpgrade 2024-01-22T11:39:03Z command.go:185:       [31m-[0m[0m name                    = "cts-vpn-ha-upg-ucxuif-cts-vpn-private-cert" [90m-> null[0m[0m
TestRunHAUpgrade 2024-01-22T11:39:03Z command.go:185:       [31m-[0m[0m next_rotation_date      = "2024-02-21T11:31:45Z" [90m-> null[0m[0m
TestRunHAUpgrade 2024-01-22T11:39:03Z command.go:185:       [31m-[0m[0m other_sans              = [] [90m-> null[0m[0m
TestRunHAUpgrade 2024-01-22T11:39:03Z command.go:185:       [31m-[0m[0m private_key             = (sensitive value) [90m-> null[0m[0m
TestRunHAUpgrade 2024-01-22T11:39:03Z command.go:185:       [31m-[0m[0m private_key_format      = "der" [90m-> null[0m[0m
TestRunHAUpgrade 2024-01-22T11:39:03Z command.go:185:       [31m-[0m[0m region                  = "us-south" [90m-> null[0m[0m
TestRunHAUpgrade 2024-01-22T11:39:03Z command.go:185:       [31m-[0m[0m revocation_time_seconds = 0 [90m-> null[0m[0m
TestRunHAUpgrade 2024-01-22T11:39:03Z command.go:185:       [31m-[0m[0m secret_group_id         = "73ce2584-20ad-9030-8696-84b31c4ef01f" [90m-> null[0m[0m
TestRunHAUpgrade 2024-01-22T11:39:03Z command.go:185:       [31m-[0m[0m secret_id               = "1dc25be3-ab8d-9549-d58b-3f145bfe9691" [90m-> null[0m[0m
TestRunHAUpgrade 2024-01-22T11:39:03Z command.go:185:       [31m-[0m[0m secret_type             = "private_cert" [90m-> null[0m[0m
TestRunHAUpgrade 2024-01-22T11:39:03Z command.go:185:       [31m-[0m[0m serial_number           = "7d:b5:96:8c:cd:6b:b7:ba:06:e8:d1:62:47:0d:91:62:7c:3c:ea:c3" [90m-> null[0m[0m
TestRunHAUpgrade 2024-01-22T11:39:03Z command.go:185:       [31m-[0m[0m signing_algorithm       = "SHA256-RSA" [90m-> null[0m[0m
TestRunHAUpgrade 2024-01-22T11:39:03Z command.go:185:       [31m-[0m[0m state                   = 1 [90m-> null[0m[0m
TestRunHAUpgrade 2024-01-22T11:39:03Z command.go:185:       [31m-[0m[0m state_description       = "active" [90m-> null[0m[0m
TestRunHAUpgrade 2024-01-22T11:39:03Z command.go:185:       [31m-[0m[0m updated_at              = "2024-01-22T11:31:45Z" [90m-> null[0m[0m
TestRunHAUpgrade 2024-01-22T11:39:03Z command.go:185:       [31m-[0m[0m validity                = [
TestRunHAUpgrade 2024-01-22T11:39:03Z command.go:185:           [31m-[0m[0m {
TestRunHAUpgrade 2024-01-22T11:39:03Z command.go:185:               [31m-[0m[0m not_after  = "2024-02-23T11:31:45.000Z"
TestRunHAUpgrade 2024-01-22T11:39:03Z command.go:185:               [31m-[0m[0m not_before = "2024-01-22T11:31:15.000Z"
TestRunHAUpgrade 2024-01-22T11:39:03Z command.go:185:             },
TestRunHAUpgrade 2024-01-22T11:39:03Z command.go:185:         ] [90m-> null[0m[0m
TestRunHAUpgrade 2024-01-22T11:39:03Z command.go:185:       [31m-[0m[0m versions_total          = 1 [90m-> null[0m[0m
TestRunHAUpgrade 2024-01-22T11:39:03Z command.go:185: 
TestRunHAUpgrade 2024-01-22T11:39:03Z command.go:185:       [31m-[0m[0m rotation {
TestRunHAUpgrade 2024-01-22T11:39:03Z command.go:185:           [31m-[0m[0m auto_rotate = true [90m-> null[0m[0m
TestRunHAUpgrade 2024-01-22T11:39:03Z command.go:185:           [31m-[0m[0m interval    = 1 [90m-> null[0m[0m
TestRunHAUpgrade 2024-01-22T11:39:03Z command.go:185:           [31m-[0m[0m unit        = "month" [90m-> null[0m[0m
TestRunHAUpgrade 2024-01-22T11:39:03Z command.go:185:         }
TestRunHAUpgrade 2024-01-22T11:39:03Z command.go:185:     }
TestRunHAUpgrade 2024-01-22T11:39:03Z command.go:185: 
TestRunHAUpgrade 2024-01-22T11:39:03Z command.go:185: [1m  # module.vpn.ibm_iam_access_group.cts_vpn_access_group[0][0m will be [1m[31mdestroyed[0m
TestRunHAUpgrade 2024-01-22T11:39:03Z command.go:185: [0m  [31m-[0m[0m resource "ibm_iam_access_group" "cts_vpn_access_group" {
TestRunHAUpgrade 2024-01-22T11:39:03Z command.go:185:       [31m-[0m[0m description = "Access group for the Client to Site VPN" [90m-> null[0m[0m
TestRunHAUpgrade 2024-01-22T11:39:03Z command.go:185:       [31m-[0m[0m id          = "AccessGroupId-6f956f67-1308-4d91-bf1c-278b463e0eae" [90m-> null[0m[0m
TestRunHAUpgrade 2024-01-22T11:39:03Z command.go:185:       [31m-[0m[0m name        = "cts-vpn-ha-upg-ucxuif-client-to-site-vpn-access-group" [90m-> null[0m[0m
TestRunHAUpgrade 2024-01-22T11:39:03Z command.go:185:       [31m-[0m[0m version     = "1-ed4e0ab5a78e220b570533ad8a3bf0d4" [90m-> null[0m[0m
TestRunHAUpgrade 2024-01-22T11:39:03Z command.go:185:     }
TestRunHAUpgrade 2024-01-22T11:39:03Z command.go:185: 
TestRunHAUpgrade 2024-01-22T11:39:03Z command.go:185: [1m  # module.vpn.ibm_iam_access_group_members.cts_vpn_access_group_users[0][0m will be [1m[31mdestroyed[0m
TestRunHAUpgrade 2024-01-22T11:39:03Z command.go:185: [0m  [31m-[0m[0m resource "ibm_iam_access_group_members" "cts_vpn_access_group_users" {
TestRunHAUpgrade 2024-01-22T11:39:03Z command.go:185:       [31m-[0m[0m access_group_id = "AccessGroupId-6f956f67-1308-4d91-bf1c-278b463e0eae" [90m-> null[0m[0m
TestRunHAUpgrade 2024-01-22T11:39:03Z command.go:185:       [31m-[0m[0m ibm_ids         = [
TestRunHAUpgrade 2024-01-22T11:39:03Z command.go:185:           [31m-[0m[0m "GoldenEye.Operations@ibm.com",
TestRunHAUpgrade 2024-01-22T11:39:03Z command.go:185:         ] [90m-> null[0m[0m
TestRunHAUpgrade 2024-01-22T11:39:03Z command.go:185:       [31m-[0m[0m id              = "AccessGroupId-6f956f67-1308-4d91-bf1c-278b463e0eae/2024-01-22 11:31:44.449571 +0000 UTC" [90m-> null[0m[0m
TestRunHAUpgrade 2024-01-22T11:39:03Z command.go:185:       [31m-[0m[0m members         = [
TestRunHAUpgrade 2024-01-22T11:39:03Z command.go:185:           [31m-[0m[0m {
TestRunHAUpgrade 2024-01-22T11:39:03Z command.go:185:               [31m-[0m[0m iam_id = "GoldenEye.Operations@ibm.com"
TestRunHAUpgrade 2024-01-22T11:39:03Z command.go:185:               [31m-[0m[0m type   = "user"
TestRunHAUpgrade 2024-01-22T11:39:03Z command.go:185:             },
TestRunHAUpgrade 2024-01-22T11:39:03Z command.go:185:         ] [90m-> null[0m[0m
TestRunHAUpgrade 2024-01-22T11:39:03Z command.go:185:     }
TestRunHAUpgrade 2024-01-22T11:39:03Z command.go:185: 
TestRunHAUpgrade 2024-01-22T11:39:03Z command.go:185: [1m  # module.vpn.ibm_iam_access_group_policy.cts_vpn_access_group_policy[0][0m will be [1m[31mdestroyed[0m
TestRunHAUpgrade 2024-01-22T11:39:03Z command.go:185: [0m  [31m-[0m[0m resource "ibm_iam_access_group_policy" "cts_vpn_access_group_policy" {
TestRunHAUpgrade 2024-01-22T11:39:03Z command.go:185:       [31m-[0m[0m access_group_id    = "AccessGroupId-6f956f67-1308-4d91-bf1c-278b463e0eae" [90m-> null[0m[0m
TestRunHAUpgrade 2024-01-22T11:39:03Z command.go:185:       [31m-[0m[0m account_management = false [90m-> null[0m[0m
TestRunHAUpgrade 2024-01-22T11:39:03Z command.go:185:       [31m-[0m[0m id                 = "AccessGroupId-6f956f67-1308-4d91-bf1c-278b463e0eae/8a264c99-5e71-407d-a3cc-f3a6d2d3be95" [90m-> null[0m[0m
TestRunHAUpgrade 2024-01-22T11:39:03Z command.go:185:       [31m-[0m[0m roles              = [
TestRunHAUpgrade 2024-01-22T11:39:03Z command.go:185:           [31m-[0m[0m "VPN Client",
TestRunHAUpgrade 2024-01-22T11:39:03Z command.go:185:         ] [90m-> null[0m[0m
TestRunHAUpgrade 2024-01-22T11:39:03Z command.go:185:       [31m-[0m[0m transaction_id     = "da6e9162cdf54e69aa261d772ea2b55b" [90m-> null[0m[0m
TestRunHAUpgrade 2024-01-22T11:39:03Z command.go:185:       [31m-[0m[0m version            = "1-41898a4f5a6e18dca41c37245822a3c4" [90m-> null[0m[0m
TestRunHAUpgrade 2024-01-22T11:39:03Z command.go:185: 
TestRunHAUpgrade 2024-01-22T11:39:03Z command.go:185:       [31m-[0m[0m resources {
TestRunHAUpgrade 2024-01-22T11:39:03Z command.go:185:           [31m-[0m[0m attributes = {} [90m-> null[0m[0m
TestRunHAUpgrade 2024-01-22T11:39:03Z command.go:185:           [31m-[0m[0m service    = "is" [90m-> null[0m[0m
TestRunHAUpgrade 2024-01-22T11:39:03Z command.go:185:         }
TestRunHAUpgrade 2024-01-22T11:39:03Z command.go:185:     }
TestRunHAUpgrade 2024-01-22T11:39:03Z command.go:185: 
TestRunHAUpgrade 2024-01-22T11:39:03Z command.go:185: [1m  # module.vpn.ibm_iam_authorization_policy.policy[0][0m will be [1m[31mdestroyed[0m
TestRunHAUpgrade 2024-01-22T11:39:03Z command.go:185: [0m  [31m-[0m[0m resource "ibm_iam_authorization_policy" "policy" {
TestRunHAUpgrade 2024-01-22T11:39:03Z command.go:185:       [31m-[0m[0m description                 = "Allow all VPN server instances in the resource group 5e8ffcf79a7943cb912baf0969d08f5c to read from the Secrets Manager instance with ID 79c6d411-c18f-4670-b009-b0044a238667" [90m-> null[0m[0m
TestRunHAUpgrade 2024-01-22T11:39:03Z command.go:185:       [31m-[0m[0m id                          = "e5d6161b-6422-4d88-8c8a-760d8a69cd31" [90m-> null[0m[0m
TestRunHAUpgrade 2024-01-22T11:39:03Z command.go:185:       [31m-[0m[0m roles                       = [
TestRunHAUpgrade 2024-01-22T11:39:03Z command.go:185:           [31m-[0m[0m "SecretsReader",
TestRunHAUpgrade 2024-01-22T11:39:03Z command.go:185:         ] [90m-> null[0m[0m
TestRunHAUpgrade 2024-01-22T11:39:03Z command.go:185:       [31m-[0m[0m source_resource_group_id    = "5e8ffcf79a7943cb912baf0969d08f5c" [90m-> null[0m[0m
TestRunHAUpgrade 2024-01-22T11:39:03Z command.go:185:       [31m-[0m[0m source_resource_type        = "vpn-server" [90m-> null[0m[0m
TestRunHAUpgrade 2024-01-22T11:39:03Z command.go:185:       [31m-[0m[0m source_service_account      = "abac0df06b644a9cabc6e44f55b3880e" [90m-> null[0m[0m
TestRunHAUpgrade 2024-01-22T11:39:03Z command.go:185:       [31m-[0m[0m source_service_name         = "is" [90m-> null[0m[0m
TestRunHAUpgrade 2024-01-22T11:39:03Z command.go:185:       [31m-[0m[0m target_resource_instance_id = "79c6d411-c18f-4670-b009-b0044a238667" [90m-> null[0m[0m
TestRunHAUpgrade 2024-01-22T11:39:03Z command.go:185:       [31m-[0m[0m target_service_name         = "secrets-manager" [90m-> null[0m[0m
TestRunHAUpgrade 2024-01-22T11:39:03Z command.go:185:       [31m-[0m[0m transaction_id              = "84b4d451c9374d0fbca797d65e6cd62b" [90m-> null[0m[0m
TestRunHAUpgrade 2024-01-22T11:39:03Z command.go:185: 
TestRunHAUpgrade 2024-01-22T11:39:03Z command.go:185:       [31m-[0m[0m resource_attributes {
TestRunHAUpgrade 2024-01-22T11:39:03Z command.go:185:           [31m-[0m[0m name     = "accountId" [90m-> null[0m[0m
TestRunHAUpgrade 2024-01-22T11:39:03Z command.go:185:           [31m-[0m[0m operator = "stringEquals" [90m-> null[0m[0m
TestRunHAUpgrade 2024-01-22T11:39:03Z command.go:185:           [31m-[0m[0m value    = "abac0df06b644a9cabc6e44f55b3880e" [90m-> null[0m[0m
TestRunHAUpgrade 2024-01-22T11:39:03Z command.go:185:         }
TestRunHAUpgrade 2024-01-22T11:39:03Z command.go:185:       [31m-[0m[0m resource_attributes {
TestRunHAUpgrade 2024-01-22T11:39:03Z command.go:185:           [31m-[0m[0m name     = "serviceInstance" [90m-> null[0m[0m
TestRunHAUpgrade 2024-01-22T11:39:03Z command.go:185:           [31m-[0m[0m operator = "stringEquals" [90m-> null[0m[0m
TestRunHAUpgrade 2024-01-22T11:39:03Z command.go:185:           [31m-[0m[0m value    = "79c6d411-c18f-4670-b009-b0044a238667" [90m-> null[0m[0m
TestRunHAUpgrade 2024-01-22T11:39:03Z command.go:185:         }
TestRunHAUpgrade 2024-01-22T11:39:03Z command.go:185:       [31m-[0m[0m resource_attributes {
TestRunHAUpgrade 2024-01-22T11:39:03Z command.go:185:           [31m-[0m[0m name     = "serviceName" [90m-> null[0m[0m
TestRunHAUpgrade 2024-01-22T11:39:03Z command.go:185:           [31m-[0m[0m operator = "stringEquals" [90m-> null[0m[0m
TestRunHAUpgrade 2024-01-22T11:39:03Z command.go:185:           [31m-[0m[0m value    = "secrets-manager" [90m-> null[0m[0m
TestRunHAUpgrade 2024-01-22T11:39:03Z command.go:185:         }
TestRunHAUpgrade 2024-01-22T11:39:03Z command.go:185: 
TestRunHAUpgrade 2024-01-22T11:39:03Z command.go:185:       [31m-[0m[0m subject_attributes {
TestRunHAUpgrade 2024-01-22T11:39:03Z command.go:185:           [31m-[0m[0m name  = "accountId" [90m-> null[0m[0m
TestRunHAUpgrade 2024-01-22T11:39:03Z command.go:185:           [31m-[0m[0m value = "abac0df06b644a9cabc6e44f55b3880e" [90m-> null[0m[0m
TestRunHAUpgrade 2024-01-22T11:39:03Z command.go:185:         }
TestRunHAUpgrade 2024-01-22T11:39:03Z command.go:185:       [31m-[0m[0m subject_attributes {
TestRunHAUpgrade 2024-01-22T11:39:03Z command.go:185:           [31m-[0m[0m name  = "resourceGroupId" [90m-> null[0m[0m
TestRunHAUpgrade 2024-01-22T11:39:03Z command.go:185:           [31m-[0m[0m value = "5e8ffcf79a7943cb912baf0969d08f5c" [90m-> null[0m[0m
TestRunHAUpgrade 2024-01-22T11:39:03Z command.go:185:         }
TestRunHAUpgrade 2024-01-22T11:39:03Z command.go:185:       [31m-[0m[0m subject_attributes {
TestRunHAUpgrade 2024-01-22T11:39:03Z command.go:185:           [31m-[0m[0m name  = "resourceType" [90m-> null[0m[0m
TestRunHAUpgrade 2024-01-22T11:39:03Z command.go:185:           [31m-[0m[0m value = "vpn-server" [90m-> null[0m[0m
TestRunHAUpgrade 2024-01-22T11:39:03Z command.go:185:         }
TestRunHAUpgrade 2024-01-22T11:39:03Z command.go:185:       [31m-[0m[0m subject_attributes {
TestRunHAUpgrade 2024-01-22T11:39:03Z command.go:185:           [31m-[0m[0m name  = "serviceName" [90m-> null[0m[0m
TestRunHAUpgrade 2024-01-22T11:39:03Z command.go:185:           [31m-[0m[0m value = "is" [90m-> null[0m[0m
TestRunHAUpgrade 2024-01-22T11:39:03Z command.go:185:         }
TestRunHAUpgrade 2024-01-22T11:39:03Z command.go:185:     }
TestRunHAUpgrade 2024-01-22T11:39:03Z command.go:185: 
TestRunHAUpgrade 2024-01-22T11:39:03Z command.go:185: [1m  # module.vpn.ibm_is_vpn_server.vpn[0m will be [1m[31mdestroyed[0m
TestRunHAUpgrade 2024-01-22T11:39:03Z command.go:185: [0m  [31m-[0m[0m resource "ibm_is_vpn_server" "vpn" {
TestRunHAUpgrade 2024-01-22T11:39:03Z command.go:185:       [31m-[0m[0m access_tags                = [] [90m-> null[0m[0m
TestRunHAUpgrade 2024-01-22T11:39:03Z command.go:185:       [31m-[0m[0m certificate_crn            = "crn:v1:bluemix:public:secrets-manager:us-south:a/abac0df06b644a9cabc6e44f55b3880e:79c6d411-c18f-4670-b009-b0044a238667:secret:1dc25be3-ab8d-9549-d58b-3f145bfe9691" [90m-> null[0m[0m
TestRunHAUpgrade 2024-01-22T11:39:03Z command.go:185:       [31m-[0m[0m client_auto_delete         = true [90m-> null[0m[0m
TestRunHAUpgrade 2024-01-22T11:39:03Z command.go:185:       [31m-[0m[0m client_auto_delete_timeout = 1 [90m-> null[0m[0m
TestRunHAUpgrade 2024-01-22T11:39:03Z command.go:185:       [31m-[0m[0m client_dns_server_ips      = [] [90m-> null[0m[0m
TestRunHAUpgrade 2024-01-22T11:39:03Z command.go:185:       [31m-[0m[0m client_idle_timeout        = 1800 [90m-> null[0m[0m
TestRunHAUpgrade 2024-01-22T11:39:03Z command.go:185:       [31m-[0m[0m client_ip_pool             = "10.0.0.0/20" [90m-> null[0m[0m
TestRunHAUpgrade 2024-01-22T11:39:03Z command.go:185:       [31m-[0m[0m created_at                 = "2024-01-22T11:32:37.791Z" [90m-> null[0m[0m
TestRunHAUpgrade 2024-01-22T11:39:03Z command.go:185:       [31m-[0m[0m crn                        = "crn:v1:bluemix:public:is:eu-es:a/abac0df06b644a9cabc6e44f55b3880e::vpn-server:r050-f6fe3924-dd09-40f6-a9a8-302366bc3398" [90m-> null[0m[0m
TestRunHAUpgrade 2024-01-22T11:39:03Z command.go:185:       [31m-[0m[0m enable_split_tunneling     = true [90m-> null[0m[0m
TestRunHAUpgrade 2024-01-22T11:39:03Z command.go:185:       [31m-[0m[0m health_reasons             = [] [90m-> null[0m[0m
TestRunHAUpgrade 2024-01-22T11:39:03Z command.go:185:       [31m-[0m[0m health_state               = "ok" [90m-> null[0m[0m
TestRunHAUpgrade 2024-01-22T11:39:03Z command.go:185:       [31m-[0m[0m hostname                   = "f6fe3924dd09.eu-es.vpn-server.appdomain.cloud" [90m-> null[0m[0m
TestRunHAUpgrade 2024-01-22T11:39:03Z command.go:185:       [31m-[0m[0m href                       = "https://eu-es.iaas.cloud.ibm.com/v1/vpn_servers/r050-f6fe3924-dd09-40f6-a9a8-302366bc3398" [90m-> null[0m[0m
TestRunHAUpgrade 2024-01-22T11:39:03Z command.go:185:       [31m-[0m[0m id                         = "r050-f6fe3924-dd09-40f6-a9a8-302366bc3398" [90m-> null[0m[0m
TestRunHAUpgrade 2024-01-22T11:39:03Z command.go:185:       [31m-[0m[0m lifecycle_reasons          = [] [90m-> null[0m[0m
TestRunHAUpgrade 2024-01-22T11:39:03Z command.go:185:       [31m-[0m[0m lifecycle_state            = "stable" [90m-> null[0m[0m
TestRunHAUpgrade 2024-01-22T11:39:03Z command.go:185:       [31m-[0m[0m name                       = "cts-vpn-ha-upg-ucxuif-c2s-vpn" [90m-> null[0m[0m
TestRunHAUpgrade 2024-01-22T11:39:03Z command.go:185:       [31m-[0m[0m port                       = 443 [90m-> null[0m[0m
TestRunHAUpgrade 2024-01-22T11:39:03Z command.go:185:       [31m-[0m[0m private_ips                = [
TestRunHAUpgrade 2024-01-22T11:39:03Z command.go:185:           [31m-[0m[0m {
TestRunHAUpgrade 2024-01-22T11:39:03Z command.go:185:               [31m-[0m[0m address       = "10.10.10.4"
TestRunHAUpgrade 2024-01-22T11:39:03Z command.go:185:               [31m-[0m[0m deleted       = []
TestRunHAUpgrade 2024-01-22T11:39:03Z command.go:185:               [31m-[0m[0m href          = "https://eu-es.iaas.cloud.ibm.com/v1/subnets/02w7-31850d2f-02f5-491b-b3e1-423e5f9ac3ed/reserved_ips/02w7-df0b167d-baa8-4f50-8eb9-af81b84ff85c"
TestRunHAUpgrade 2024-01-22T11:39:03Z command.go:185:               [31m-[0m[0m id            = "02w7-df0b167d-baa8-4f50-8eb9-af81b84ff85c"
TestRunHAUpgrade 2024-01-22T11:39:03Z command.go:185:               [31m-[0m[0m name          = "vagueness-auspicious-unbeaten-clumsily"
TestRunHAUpgrade 2024-01-22T11:39:03Z command.go:185:               [31m-[0m[0m resource_type = "subnet_reserved_ip"
TestRunHAUpgrade 2024-01-22T11:39:03Z command.go:185:             },
TestRunHAUpgrade 2024-01-22T11:39:03Z command.go:185:           [31m-[0m[0m {
TestRunHAUpgrade 2024-01-22T11:39:03Z command.go:185:               [31m-[0m[0m address       = "10.20.10.4"
TestRunHAUpgrade 2024-01-22T11:39:03Z command.go:185:               [31m-[0m[0m deleted       = []
TestRunHAUpgrade 2024-01-22T11:39:03Z command.go:185:               [31m-[0m[0m href          = "https://eu-es.iaas.cloud.ibm.com/v1/subnets/02x7-5efc78a5-4c53-4f99-981e-6b977d118128/reserved_ips/02x7-bfa6f17c-d912-43f1-a587-a5d1338ff027"
TestRunHAUpgrade 2024-01-22T11:39:03Z command.go:185:               [31m-[0m[0m id            = "02x7-bfa6f17c-d912-43f1-a587-a5d1338ff027"
TestRunHAUpgrade 2024-01-22T11:39:03Z command.go:185:               [31m-[0m[0m name          = "scorebook-comment-worse-imputing"
TestRunHAUpgrade 2024-01-22T11:39:03Z command.go:185:               [31m-[0m[0m resource_type = "subnet_reserved_ip"
TestRunHAUpgrade 2024-01-22T11:39:03Z command.go:185:             },
TestRunHAUpgrade 2024-01-22T11:39:03Z command.go:185:         ] [90m-> null[0m[0m
TestRunHAUpgrade 2024-01-22T11:39:03Z command.go:185:       [31m-[0m[0m protocol                   = "udp" [90m-> null[0m[0m
TestRunHAUpgrade 2024-01-22T11:39:03Z command.go:185:       [31m-[0m[0m resource_group             = "5e8ffcf79a7943cb912baf0969d08f5c" [90m-> null[0m[0m
TestRunHAUpgrade 2024-01-22T11:39:03Z command.go:185:       [31m-[0m[0m resource_type              = "vpn_server" [90m-> null[0m[0m
TestRunHAUpgrade 2024-01-22T11:39:03Z command.go:185:       [31m-[0m[0m security_groups            = [
TestRunHAUpgrade 2024-01-22T11:39:03Z command.go:185:           [31m-[0m[0m "r050-e4d92cb6-c2e6-44ae-b88b-5cb3cbdd15c1",
TestRunHAUpgrade 2024-01-22T11:39:03Z command.go:185:         ] [90m-> null[0m[0m
TestRunHAUpgrade 2024-01-22T11:39:03Z command.go:185:       [31m-[0m[0m subnets                    = [
TestRunHAUpgrade 2024-01-22T11:39:03Z command.go:185:           [31m-[0m[0m "02w7-31850d2f-02f5-491b-b3e1-423e5f9ac3ed",
TestRunHAUpgrade 2024-01-22T11:39:03Z command.go:185:           [31m-[0m[0m "02x7-5efc78a5-4c53-4f99-981e-6b977d118128",
TestRunHAUpgrade 2024-01-22T11:39:03Z command.go:185:         ] [90m-> null[0m[0m
TestRunHAUpgrade 2024-01-22T11:39:03Z command.go:185:       [31m-[0m[0m vpc                        = [
TestRunHAUpgrade 2024-01-22T11:39:03Z command.go:185:           [31m-[0m[0m {
TestRunHAUpgrade 2024-01-22T11:39:03Z command.go:185:               [31m-[0m[0m crn     = "crn:v1:bluemix:public:is:eu-es:a/abac0df06b644a9cabc6e44f55b3880e::vpc:r050-df7cb3a8-b1c1-493e-a5d5-c3565018fafc"
TestRunHAUpgrade 2024-01-22T11:39:03Z command.go:185:               [31m-[0m[0m deleted = []
TestRunHAUpgrade 2024-01-22T11:39:03Z command.go:185:               [31m-[0m[0m href    = "https://eu-es.iaas.cloud.ibm.com/v1/vpcs/r050-df7cb3a8-b1c1-493e-a5d5-c3565018fafc"
TestRunHAUpgrade 2024-01-22T11:39:03Z command.go:185:               [31m-[0m[0m id      = "r050-df7cb3a8-b1c1-493e-a5d5-c3565018fafc"
TestRunHAUpgrade 2024-01-22T11:39:03Z command.go:185:               [31m-[0m[0m name    = "cts-vpn-ha-upg-ucxuif-vpc-vpc"
TestRunHAUpgrade 2024-01-22T11:39:03Z command.go:185:             },
TestRunHAUpgrade 2024-01-22T11:39:03Z command.go:185:         ] [90m-> null[0m[0m
TestRunHAUpgrade 2024-01-22T11:39:03Z command.go:185:       [31m-[0m[0m vpn_server                 = "r050-f6fe3924-dd09-40f6-a9a8-302366bc3398" [90m-> null[0m[0m
TestRunHAUpgrade 2024-01-22T11:39:03Z command.go:185: 
TestRunHAUpgrade 2024-01-22T11:39:03Z command.go:185:       [31m-[0m[0m client_authentication {
TestRunHAUpgrade 2024-01-22T11:39:03Z command.go:185:           [31m-[0m[0m identity_provider = "iam" [90m-> null[0m[0m
TestRunHAUpgrade 2024-01-22T11:39:03Z command.go:185:           [31m-[0m[0m method            = "username" [90m-> null[0m[0m
TestRunHAUpgrade 2024-01-22T11:39:03Z command.go:185:         }
TestRunHAUpgrade 2024-01-22T11:39:03Z command.go:185:     }
TestRunHAUpgrade 2024-01-22T11:39:03Z command.go:185: 
TestRunHAUpgrade 2024-01-22T11:39:03Z command.go:185: [1m  # module.vpn.ibm_is_vpn_server_route.server_route["vpc-10"][0m will be [1m[31mdestroyed[0m
TestRunHAUpgrade 2024-01-22T11:39:03Z command.go:185: [0m  [31m-[0m[0m resource "ibm_is_vpn_server_route" "server_route" {
TestRunHAUpgrade 2024-01-22T11:39:03Z command.go:185:       [31m-[0m[0m action            = "deliver" [90m-> null[0m[0m
TestRunHAUpgrade 2024-01-22T11:39:03Z command.go:185:       [31m-[0m[0m created_at        = "2024-01-22T11:36:46.606Z" [90m-> null[0m[0m
TestRunHAUpgrade 2024-01-22T11:39:03Z command.go:185:       [31m-[0m[0m destination       = "10.0.0.0/8" [90m-> null[0m[0m
TestRunHAUpgrade 2024-01-22T11:39:03Z command.go:185:       [31m-[0m[0m health_reasons    = [] [90m-> null[0m[0m
TestRunHAUpgrade 2024-01-22T11:39:03Z command.go:185:       [31m-[0m[0m health_state      = "ok" [90m-> null[0m[0m
TestRunHAUpgrade 2024-01-22T11:39:03Z command.go:185:       [31m-[0m[0m href              = "https://eu-es.iaas.cloud.ibm.com/v1/vpn_servers/r050-f6fe3924-dd09-40f6-a9a8-302366bc3398/routes/r050-8b6eb40d-7574-4ca6-97f5-dac60d9c7d77" [90m-> null[0m[0m
TestRunHAUpgrade 2024-01-22T11:39:03Z command.go:185:       [31m-[0m[0m id                = "r050-f6fe3924-dd09-40f6-a9a8-302366bc3398/r050-8b6eb40d-7574-4ca6-97f5-dac60d9c7d77" [90m-> null[0m[0m
TestRunHAUpgrade 2024-01-22T11:39:03Z command.go:185:       [31m-[0m[0m lifecycle_reasons = [] [90m-> null[0m[0m
TestRunHAUpgrade 2024-01-22T11:39:03Z command.go:185:       [31m-[0m[0m lifecycle_state   = "stable" [90m-> null[0m[0m
TestRunHAUpgrade 2024-01-22T11:39:03Z command.go:185:       [31m-[0m[0m name              = "vpc-10" [90m-> null[0m[0m
TestRunHAUpgrade 2024-01-22T11:39:03Z command.go:185:       [31m-[0m[0m resource_type     = "vpn_server_route" [90m-> null[0m[0m
TestRunHAUpgrade 2024-01-22T11:39:03Z command.go:185:       [31m-[0m[0m vpn_route         = "r050-8b6eb40d-7574-4ca6-97f5-dac60d9c7d77" [90m-> null[0m[0m
TestRunHAUpgrade 2024-01-22T11:39:03Z command.go:185:       [31m-[0m[0m vpn_server        = "r050-f6fe3924-dd09-40f6-a9a8-302366bc3398" [90m-> null[0m[0m
TestRunHAUpgrade 2024-01-22T11:39:03Z command.go:185:     }
TestRunHAUpgrade 2024-01-22T11:39:03Z command.go:185: 
TestRunHAUpgrade 2024-01-22T11:39:03Z command.go:185: [1m  # module.vpn.time_sleep.wait_for_authorization_policy[0m will be [1m[31mdestroyed[0m
TestRunHAUpgrade 2024-01-22T11:39:03Z command.go:185: [0m  [31m-[0m[0m resource "time_sleep" "wait_for_authorization_policy" {
TestRunHAUpgrade 2024-01-22T11:39:03Z command.go:185:       [31m-[0m[0m create_duration = "30s" [90m-> null[0m[0m
TestRunHAUpgrade 2024-01-22T11:39:03Z command.go:185:       [31m-[0m[0m id              = "2024-01-22T11:32:15Z" [90m-> null[0m[0m
TestRunHAUpgrade 2024-01-22T11:39:03Z command.go:185:     }
TestRunHAUpgrade 2024-01-22T11:39:03Z command.go:185: 
TestRunHAUpgrade 2024-01-22T11:39:03Z command.go:185: [1mPlan:[0m 0 to add, 0 to change, 16 to destroy.
TestRunHAUpgrade 2024-01-22T11:39:03Z command.go:185: [0m
TestRunHAUpgrade 2024-01-22T11:39:03Z command.go:185: Changes to Outputs:
TestRunHAUpgrade 2024-01-22T11:39:03Z command.go:185:   [31m-[0m[0m resource_group_id                 = "5e8ffcf79a7943cb912baf0969d08f5c" [90m-> null[0m[0m
TestRunHAUpgrade 2024-01-22T11:39:03Z command.go:185:   [31m-[0m[0m resource_group_name               = "cts-vpn-ha-upg-ucxuif-resource-group" [90m-> null[0m[0m
TestRunHAUpgrade 2024-01-22T11:39:03Z command.go:185:   [31m-[0m[0m server_cert_id                    = "us-south/79c6d411-c18f-4670-b009-b0044a238667/1dc25be3-ab8d-9549-d58b-3f145bfe9691" [90m-> null[0m[0m
TestRunHAUpgrade 2024-01-22T11:39:03Z command.go:185:   [31m-[0m[0m vpn_id                            = "r050-f6fe3924-dd09-40f6-a9a8-302366bc3398" [90m-> null[0m[0m
TestRunHAUpgrade 2024-01-22T11:39:03Z command.go:185:   [31m-[0m[0m vpn_server_certificate_secret_crn = "crn:v1:bluemix:public:secrets-manager:us-south:a/abac0df06b644a9cabc6e44f55b3880e:79c6d411-c18f-4670-b009-b0044a238667:secret:1dc25be3-ab8d-9549-d58b-3f145bfe9691" [90m-> null[0m[0m
TestRunHAUpgrade 2024-01-22T11:39:04Z command.go:185: [0m[1mmodule.vpn.time_sleep.wait_for_authorization_policy: Destroying... [id=2024-01-22T11:32:15Z][0m[0m
TestRunHAUpgrade 2024-01-22T11:39:04Z command.go:185: [0m[1mmodule.vpn.time_sleep.wait_for_authorization_policy: Destruction complete after 0s[0m
TestRunHAUpgrade 2024-01-22T11:39:04Z command.go:185: [0m[1mmodule.vpn.ibm_iam_access_group_members.cts_vpn_access_group_users[0]: Destroying... [id=AccessGroupId-6f956f67-1308-4d91-bf1c-278b463e0eae/2024-01-22 11:31:44.449571 +0000 UTC][0m[0m
TestRunHAUpgrade 2024-01-22T11:39:04Z command.go:185: [0m[1mmodule.vpn.ibm_is_vpn_server_route.server_route["vpc-10"]: Destroying... [id=r050-f6fe3924-dd09-40f6-a9a8-302366bc3398/r050-8b6eb40d-7574-4ca6-97f5-dac60d9c7d77][0m[0m
TestRunHAUpgrade 2024-01-22T11:39:04Z command.go:185: [0m[1mmodule.vpn.ibm_iam_access_group_policy.cts_vpn_access_group_policy[0]: Destroying... [id=AccessGroupId-6f956f67-1308-4d91-bf1c-278b463e0eae/8a264c99-5e71-407d-a3cc-f3a6d2d3be95][0m[0m
TestRunHAUpgrade 2024-01-22T11:39:05Z command.go:185: [0m[1mmodule.vpn.ibm_iam_access_group_policy.cts_vpn_access_group_policy[0]: Destruction complete after 1s[0m
TestRunHAUpgrade 2024-01-22T11:39:05Z command.go:185: [0m[1mmodule.vpn.ibm_iam_access_group_members.cts_vpn_access_group_users[0]: Destruction complete after 2s[0m
TestRunHAUpgrade 2024-01-22T11:39:05Z command.go:185: [0m[1mmodule.vpn.ibm_iam_access_group.cts_vpn_access_group[0]: Destroying... [id=AccessGroupId-6f956f67-1308-4d91-bf1c-278b463e0eae][0m[0m
TestRunHAUpgrade 2024-01-22T11:39:06Z command.go:185: [0m[1mmodule.vpn.ibm_iam_access_group.cts_vpn_access_group[0]: Destruction complete after 0s[0m
TestRunHAUpgrade 2024-01-22T11:39:14Z command.go:185: [0m[1mmodule.vpn.ibm_is_vpn_server_route.server_route["vpc-10"]: Still destroying... [id=r050-f6fe3924-dd09-40f6-a9a8-302366bc33...0-8b6eb40d-7574-4ca6-97f5-dac60d9c7d77, 10s elapsed][0m[0m
TestRunHAUpgrade 2024-01-22T11:39:24Z command.go:185: [0m[1mmodule.vpn.ibm_is_vpn_server_route.server_route["vpc-10"]: Still destroying... [id=r050-f6fe3924-dd09-40f6-a9a8-302366bc33...0-8b6eb40d-7574-4ca6-97f5-dac60d9c7d77, 20s elapsed][0m[0m
TestRunHAUpgrade 2024-01-22T11:39:34Z command.go:185: [0m[1mmodule.vpn.ibm_is_vpn_server_route.server_route["vpc-10"]: Still destroying... [id=r050-f6fe3924-dd09-40f6-a9a8-302366bc33...0-8b6eb40d-7574-4ca6-97f5-dac60d9c7d77, 30s elapsed][0m[0m
TestRunHAUpgrade 2024-01-22T11:39:44Z command.go:185: [0m[1mmodule.vpn.ibm_is_vpn_server_route.server_route["vpc-10"]: Still destroying... [id=r050-f6fe3924-dd09-40f6-a9a8-302366bc33...0-8b6eb40d-7574-4ca6-97f5-dac60d9c7d77, 40s elapsed][0m[0m
TestRunHAUpgrade 2024-01-22T11:39:54Z command.go:185: [0m[1mmodule.vpn.ibm_is_vpn_server_route.server_route["vpc-10"]: Still destroying... [id=r050-f6fe3924-dd09-40f6-a9a8-302366bc33...0-8b6eb40d-7574-4ca6-97f5-dac60d9c7d77, 50s elapsed][0m[0m
TestRunHAUpgrade 2024-01-22T11:40:04Z command.go:185: [0m[1mmodule.vpn.ibm_is_vpn_server_route.server_route["vpc-10"]: Still destroying... [id=r050-f6fe3924-dd09-40f6-a9a8-302366bc33...0-8b6eb40d-7574-4ca6-97f5-dac60d9c7d77, 1m0s elapsed][0m[0m
TestRunHAUpgrade 2024-01-22T11:40:14Z command.go:185: [0m[1mmodule.vpn.ibm_is_vpn_server_route.server_route["vpc-10"]: Still destroying... [id=r050-f6fe3924-dd09-40f6-a9a8-302366bc33...0-8b6eb40d-7574-4ca6-97f5-dac60d9c7d77, 1m10s elapsed][0m[0m
TestRunHAUpgrade 2024-01-22T11:40:24Z command.go:185: [0m[1mmodule.vpn.ibm_is_vpn_server_route.server_route["vpc-10"]: Still destroying... [id=r050-f6fe3924-dd09-40f6-a9a8-302366bc33...0-8b6eb40d-7574-4ca6-97f5-dac60d9c7d77, 1m20s elapsed][0m[0m
TestRunHAUpgrade 2024-01-22T11:40:33Z command.go:185: [0m[1mmodule.vpn.ibm_is_vpn_server_route.server_route["vpc-10"]: Destruction complete after 1m30s[0m
TestRunHAUpgrade 2024-01-22T11:40:33Z command.go:185: [0m[1mmodule.vpn.ibm_is_vpn_server.vpn: Destroying... [id=r050-f6fe3924-dd09-40f6-a9a8-302366bc3398][0m[0m
TestRunHAUpgrade 2024-01-22T11:40:33Z command.go:185: [0m[1mmodule.vpn.ibm_iam_authorization_policy.policy[0]: Destroying... [id=e5d6161b-6422-4d88-8c8a-760d8a69cd31][0m[0m
TestRunHAUpgrade 2024-01-22T11:40:33Z command.go:185: [0m[1mmodule.vpn.ibm_iam_authorization_policy.policy[0]: Destruction complete after 0s[0m
TestRunHAUpgrade 2024-01-22T11:40:43Z command.go:185: [0m[1mmodule.vpn.ibm_is_vpn_server.vpn: Still destroying... [id=r050-f6fe3924-dd09-40f6-a9a8-302366bc3398, 10s elapsed][0m[0m
TestRunHAUpgrade 2024-01-22T11:40:53Z command.go:185: [0m[1mmodule.vpn.ibm_is_vpn_server.vpn: Still destroying... [id=r050-f6fe3924-dd09-40f6-a9a8-302366bc3398, 20s elapsed][0m[0m
TestRunHAUpgrade 2024-01-22T11:41:03Z command.go:185: [0m[1mmodule.vpn.ibm_is_vpn_server.vpn: Still destroying... [id=r050-f6fe3924-dd09-40f6-a9a8-302366bc3398, 30s elapsed][0m[0m
TestRunHAUpgrade 2024-01-22T11:41:13Z command.go:185: [0m[1mmodule.vpn.ibm_is_vpn_server.vpn: Still destroying... [id=r050-f6fe3924-dd09-40f6-a9a8-302366bc3398, 40s elapsed][0m[0m
TestRunHAUpgrade 2024-01-22T11:41:23Z command.go:185: [0m[1mmodule.vpn.ibm_is_vpn_server.vpn: Still destroying... [id=r050-f6fe3924-dd09-40f6-a9a8-302366bc3398, 50s elapsed][0m[0m
TestRunHAUpgrade 2024-01-22T11:41:31Z command.go:185: [0m[1mmodule.vpn.ibm_is_vpn_server.vpn: Destruction complete after 57s[0m
TestRunHAUpgrade 2024-01-22T11:41:31Z command.go:185: [0m[1mmodule.basic_vpc.ibm_is_subnet.subnet["cts-vpn-ha-upg-ucxuif-vpc-subnet-b"]: Destroying... [id=02x7-5efc78a5-4c53-4f99-981e-6b977d118128][0m[0m
TestRunHAUpgrade 2024-01-22T11:41:31Z command.go:185: [0m[1mmodule.basic_vpc.ibm_is_subnet.subnet["cts-vpn-ha-upg-ucxuif-vpc-subnet-a"]: Destroying... [id=02w7-31850d2f-02f5-491b-b3e1-423e5f9ac3ed][0m[0m
TestRunHAUpgrade 2024-01-22T11:41:31Z command.go:185: [0m[1mmodule.secrets_manager_private_certificate.ibm_sm_private_certificate.secrets_manager_private_certificate: Destroying... [id=us-south/79c6d411-c18f-4670-b009-b0044a238667/1dc25be3-ab8d-9549-d58b-3f145bfe9691][0m[0m
TestRunHAUpgrade 2024-01-22T11:41:33Z command.go:185: [0m[1mmodule.secrets_manager_private_certificate.ibm_sm_private_certificate.secrets_manager_private_certificate: Destruction complete after 3s[0m
TestRunHAUpgrade 2024-01-22T11:41:33Z command.go:185: [0m[1mmodule.secrets_manager_group.ibm_sm_secret_group.secret_group: Destroying... [id=us-south/79c6d411-c18f-4670-b009-b0044a238667/73ce2584-20ad-9030-8696-84b31c4ef01f][0m[0m
TestRunHAUpgrade 2024-01-22T11:41:35Z command.go:185: [0m[1mmodule.secrets_manager_group.ibm_sm_secret_group.secret_group: Destruction complete after 1s[0m
TestRunHAUpgrade 2024-01-22T11:41:41Z command.go:185: [0m[1mmodule.basic_vpc.ibm_is_subnet.subnet["cts-vpn-ha-upg-ucxuif-vpc-subnet-b"]: Still destroying... [id=02x7-5efc78a5-4c53-4f99-981e-6b977d118128, 10s elapsed][0m[0m
TestRunHAUpgrade 2024-01-22T11:41:41Z command.go:185: [0m[1mmodule.basic_vpc.ibm_is_subnet.subnet["cts-vpn-ha-upg-ucxuif-vpc-subnet-a"]: Still destroying... [id=02w7-31850d2f-02f5-491b-b3e1-423e5f9ac3ed, 10s elapsed][0m[0m
TestRunHAUpgrade 2024-01-22T11:41:45Z command.go:185: [0m[1mmodule.basic_vpc.ibm_is_subnet.subnet["cts-vpn-ha-upg-ucxuif-vpc-subnet-b"]: Destruction complete after 14s[0m
TestRunHAUpgrade 2024-01-22T11:41:45Z command.go:185: [0m[1mmodule.basic_vpc.ibm_is_subnet.subnet["cts-vpn-ha-upg-ucxuif-vpc-subnet-a"]: Destruction complete after 15s[0m
TestRunHAUpgrade 2024-01-22T11:41:45Z command.go:185: [0m[1mmodule.basic_vpc.ibm_is_network_acl.network_acl["vpc-acl"]: Destroying... [id=r050-3187be46-8a7c-4666-9b7b-faf6aec37f54][0m[0m
TestRunHAUpgrade 2024-01-22T11:41:48Z command.go:185: [0m[1mmodule.basic_vpc.ibm_is_network_acl.network_acl["vpc-acl"]: Destruction complete after 2s[0m
TestRunHAUpgrade 2024-01-22T11:41:48Z command.go:185: [0m[1mmodule.basic_vpc.ibm_is_vpc_address_prefix.subnet_prefix["cts-vpn-ha-upg-ucxuif-vpc-subnet-b"]: Destroying... [id=r050-df7cb3a8-b1c1-493e-a5d5-c3565018fafc/r050-7bb16902-702f-4c16-be5a-979c3fcbaa5c][0m[0m
TestRunHAUpgrade 2024-01-22T11:41:48Z command.go:185: [0m[1mmodule.basic_vpc.ibm_is_vpc_address_prefix.subnet_prefix["cts-vpn-ha-upg-ucxuif-vpc-subnet-a"]: Destroying... [id=r050-df7cb3a8-b1c1-493e-a5d5-c3565018fafc/r050-74b13627-984f-4cdf-9a8e-fb07dd81724d][0m[0m
TestRunHAUpgrade 2024-01-22T11:41:49Z command.go:185: [0m[1mmodule.basic_vpc.ibm_is_vpc_address_prefix.subnet_prefix["cts-vpn-ha-upg-ucxuif-vpc-subnet-a"]: Destruction complete after 2s[0m
TestRunHAUpgrade 2024-01-22T11:41:50Z command.go:185: [0m[1mmodule.basic_vpc.ibm_is_vpc_address_prefix.subnet_prefix["cts-vpn-ha-upg-ucxuif-vpc-subnet-b"]: Destruction complete after 2s[0m
TestRunHAUpgrade 2024-01-22T11:41:50Z command.go:185: [0m[1mmodule.basic_vpc.ibm_is_vpc.vpc[0]: Destroying... [id=r050-df7cb3a8-b1c1-493e-a5d5-c3565018fafc][0m[0m
TestRunHAUpgrade 2024-01-22T11:42:00Z command.go:185: [0m[1mmodule.basic_vpc.ibm_is_vpc.vpc[0]: Still destroying... [id=r050-df7cb3a8-b1c1-493e-a5d5-c3565018fafc, 10s elapsed][0m[0m
TestRunHAUpgrade 2024-01-22T11:42:00Z command.go:185: [0m[1mmodule.basic_vpc.ibm_is_vpc.vpc[0]: Destruction complete after 10s[0m
TestRunHAUpgrade 2024-01-22T11:42:00Z command.go:185: [0m[1mmodule.resource_group.ibm_resource_group.resource_group[0]: Destroying... [id=5e8ffcf79a7943cb912baf0969d08f5c][0m[0m
TestRunHAUpgrade 2024-01-22T11:42:02Z command.go:185: [0m[1mmodule.resource_group.ibm_resource_group.resource_group[0]: Destruction complete after 1s[0m
TestRunHAUpgrade 2024-01-22T11:42:02Z command.go:185: [0m[1m[32m
TestRunHAUpgrade 2024-01-22T11:42:02Z command.go:185: Destroy complete! Resources: 16 destroyed.
TestRunHAUpgrade 2024-01-22T11:42:02Z command.go:185: [0m
TestRunHAUpgrade 2024-01-22T11:42:02Z tests.go:355: END: Destroy
TestRunHAUpgrade 2024-01-22T11:42:03Z tests.go:439: Restoring UseTerraformWorkspace and WorkspacePath to original values: false 
--- FAIL: TestRunHAUpgrade (679.81s)
FAIL
exit status 1
FAIL	github.com/terraform-ibm-modules/terraform-ibm-client-to-site-vpn	681.430s
make: *** [run-tests-local] Error 1
